// !$*UTF8*$!
{
	archiveVersion = 1;
	classes = {
	};
	objectVersion = 77;
	objects = {

/* Begin PBXBuildFile section */
		FB1BED682E528AD900041053 /* TapScaleEffect.swift in Sources */ = {isa = PBXBuildFile; fileRef = FB1BED672E528AC900041053 /* TapScaleEffect.swift */; };
		FB1BED6A2E528D9400041053 /* View+TapScaleEffect.swift in Sources */ = {isa = PBXBuildFile; fileRef = FB1BED692E528D8A00041053 /* View+TapScaleEffect.swift */; };
		FB1BED6E2E53416C00041053 /* ManagementTabView.swift in Sources */ = {isa = PBXBuildFile; fileRef = FB1BED6D2E53416C00041053 /* ManagementTabView.swift */; };
		FB1BED722E535A4D00041053 /* AppTextField.swift in Sources */ = {isa = PBXBuildFile; fileRef = FB1BED712E535A4D00041053 /* AppTextField.swift */; };
		FB1BED752E53743000041053 /* Shimmer in Frameworks */ = {isa = PBXBuildFile; productRef = FB1BED742E53743000041053 /* Shimmer */; };
		FB1BED772E537AB900041053 /* AnalyticsView.swift in Sources */ = {isa = PBXBuildFile; fileRef = FB1BED762E537AB900041053 /* AnalyticsView.swift */; };
		FB1BED792E537AD000041053 /* HistoryListView.swift in Sources */ = {isa = PBXBuildFile; fileRef = FB1BED782E537AD000041053 /* HistoryListView.swift */; };
		FB1BED7B2E537AE000041053 /* InterviewInfoFormView.swift in Sources */ = {isa = PBXBuildFile; fileRef = FB1BED7A2E537AE000041053 /* InterviewInfoFormView.swift */; };
		FB1BED812E54AD2100041053 /* GoogleService-Info.plist in Resources */ = {isa = PBXBuildFile; fileRef = FB1BED802E54AD2100041053 /* GoogleService-Info.plist */; };
		FB1BED842E54B21400041053 /* FirebaseAuth in Frameworks */ = {isa = PBXBuildFile; productRef = FB1BED832E54B21400041053 /* FirebaseAuth */; };
		FB1BED882E54B21400041053 /* FirebaseFirestore in Frameworks */ = {isa = PBXBuildFile; productRef = FB1BED872E54B21400041053 /* FirebaseFirestore */; };
		FB2724B42E50CFB90092408E /* FirstStepToCareerApp.swift in Sources */ = {isa = PBXBuildFile; fileRef = FB2724A52E50CFB90092408E /* FirstStepToCareerApp.swift */; };
		FB2724B52E50CFB90092408E /* Color+Initializer.swift in Sources */ = {isa = PBXBuildFile; fileRef = FB2724A72E50CFB90092408E /* Color+Initializer.swift */; };
		FB2724B92E50CFB90092408E /* AppTabBarView.swift in Sources */ = {isa = PBXBuildFile; fileRef = FB2724AF2E50CFB90092408E /* AppTabBarView.swift */; };
		FB2724BA2E50CFB90092408E /* RootView.swift in Sources */ = {isa = PBXBuildFile; fileRef = FB2724B02E50CFB90092408E /* RootView.swift */; };
		FB2724BB2E50CFB90092408E /* SplashView.swift in Sources */ = {isa = PBXBuildFile; fileRef = FB2724B12E50CFB90092408E /* SplashView.swift */; };
		FB2724BC2E50CFB90092408E /* Assets.xcassets in Resources */ = {isa = PBXBuildFile; fileRef = FB2724AD2E50CFB90092408E /* Assets.xcassets */; };
		FB2724C42E50DAD40092408E /* ScheduleTabView.swift in Sources */ = {isa = PBXBuildFile; fileRef = FB2724C32E50DAD40092408E /* ScheduleTabView.swift */; };
		FB2724D62E50DC190092408E /* SettingsTabView.swift in Sources */ = {isa = PBXBuildFile; fileRef = FB2724D52E50DC190092408E /* SettingsTabView.swift */; };
		FB2724E22E50E5200092408E /* NotoSansJP-Regular.ttf in Resources */ = {isa = PBXBuildFile; fileRef = FB2724DF2E50E5200092408E /* NotoSansJP-Regular.ttf */; };
		FB2724E32E50E5200092408E /* NotoSansJP-Bold.ttf in Resources */ = {isa = PBXBuildFile; fileRef = FB2724DA2E50E5200092408E /* NotoSansJP-Bold.ttf */; };
		FB2724E42E50E5200092408E /* NotoSansJP-ExtraBold.ttf in Resources */ = {isa = PBXBuildFile; fileRef = FB2724DB2E50E5200092408E /* NotoSansJP-ExtraBold.ttf */; };
		FB2724E52E50E5200092408E /* NotoSansJP-Black.ttf in Resources */ = {isa = PBXBuildFile; fileRef = FB2724D92E50E5200092408E /* NotoSansJP-Black.ttf */; };
		FB2724E62E50E5200092408E /* NotoSansJP-SemiBold.ttf in Resources */ = {isa = PBXBuildFile; fileRef = FB2724E02E50E5200092408E /* NotoSansJP-SemiBold.ttf */; };
		FB2724E72E50E5200092408E /* NotoSansJP-Light.ttf in Resources */ = {isa = PBXBuildFile; fileRef = FB2724DD2E50E5200092408E /* NotoSansJP-Light.ttf */; };
		FB2724E82E50E5200092408E /* NotoSansJP-Medium.ttf in Resources */ = {isa = PBXBuildFile; fileRef = FB2724DE2E50E5200092408E /* NotoSansJP-Medium.ttf */; };
		FB2724E92E50E5200092408E /* NotoSansJP-Thin.ttf in Resources */ = {isa = PBXBuildFile; fileRef = FB2724E12E50E5200092408E /* NotoSansJP-Thin.ttf */; };
		FB2724EA2E50E5200092408E /* NotoSansJP-ExtraLight.ttf in Resources */ = {isa = PBXBuildFile; fileRef = FB2724DC2E50E5200092408E /* NotoSansJP-ExtraLight.ttf */; };
		FB2724F72E50F9050092408E /* ProgressRing.swift in Sources */ = {isa = PBXBuildFile; fileRef = FB2724F62E50F9050092408E /* ProgressRing.swift */; };
		FB2724F92E51179D0092408E /* KeyboardPrewarmView.swift in Sources */ = {isa = PBXBuildFile; fileRef = FB2724F82E51179D0092408E /* KeyboardPrewarmView.swift */; };
		FB2724FD2E511B660092408E /* FocusTarget.swift in Sources */ = {isa = PBXBuildFile; fileRef = FB2724FC2E511B610092408E /* FocusTarget.swift */; };
		FB2725022E511B9F0092408E /* NavigationController.swift in Sources */ = {isa = PBXBuildFile; fileRef = FB2725002E511B9F0092408E /* NavigationController.swift */; };
		FB2725052E511B9F0092408E /* AppTab.swift in Sources */ = {isa = PBXBuildFile; fileRef = FB2725032E511B9F0092408E /* AppTab.swift */; };
		FB2725072E5124110092408E /* InterviewTabViewModel.swift in Sources */ = {isa = PBXBuildFile; fileRef = FB2725062E5124110092408E /* InterviewTabViewModel.swift */; };
		FB27251D2E5201F10092408E /* TabViewHeader.swift in Sources */ = {isa = PBXBuildFile; fileRef = FB27251C2E5201F00092408E /* TabViewHeader.swift */; };
		FB27251F2E52103C0092408E /* String+CustomFunctions.swift in Sources */ = {isa = PBXBuildFile; fileRef = FB27251E2E5210250092408E /* String+CustomFunctions.swift */; };
		FB2725212E5213450092408E /* AppCaptionStyle.swift in Sources */ = {isa = PBXBuildFile; fileRef = FB2725202E5213390092408E /* AppCaptionStyle.swift */; };
		FB2725232E52139A0092408E /* View+AppStyles.swift in Sources */ = {isa = PBXBuildFile; fileRef = FB2725222E52138E0092408E /* View+AppStyles.swift */; };
		FB27252D2E52239F0092408E /* CompanyTypeListView.swift in Sources */ = {isa = PBXBuildFile; fileRef = FB27252C2E52239F0092408E /* CompanyTypeListView.swift */; };
		FB27252F2E5229380092408E /* CareerTypeListView.swift in Sources */ = {isa = PBXBuildFile; fileRef = FB27252E2E5229380092408E /* CareerTypeListView.swift */; };
		FB2BD6322E572C3600A790E6 /* InterviewTabView.swift in Sources */ = {isa = PBXBuildFile; fileRef = FB2BD6302E572C3600A790E6 /* InterviewTabView.swift */; };
		FB2BD64D2E573D5500A790E6 /* ResumeView.swift in Sources */ = {isa = PBXBuildFile; fileRef = FB2BD64C2E573D5500A790E6 /* ResumeView.swift */; };
		FB2BD64F2E574C6E00A790E6 /* AppSection.swift in Sources */ = {isa = PBXBuildFile; fileRef = FB2BD64E2E574C6E00A790E6 /* AppSection.swift */; };
		FB2BD6512E574CF400A790E6 /* AppSectionHeader.swift in Sources */ = {isa = PBXBuildFile; fileRef = FB2BD6502E574CF400A790E6 /* AppSectionHeader.swift */; };
		FB2BD6532E574F7E00A790E6 /* InterviewActionRow.swift in Sources */ = {isa = PBXBuildFile; fileRef = FB2BD6522E574F7E00A790E6 /* InterviewActionRow.swift */; };
		FB2BD6552E574FF300A790E6 /* GradientRowButton.swift in Sources */ = {isa = PBXBuildFile; fileRef = FB2BD6542E574FF300A790E6 /* GradientRowButton.swift */; };
		FB2BD6572E57503F00A790E6 /* InterviewNoDataRow.swift in Sources */ = {isa = PBXBuildFile; fileRef = FB2BD6562E57503F00A790E6 /* InterviewNoDataRow.swift */; };
		FB2BD65D2E57571E00A790E6 /* AnalyticsPreviewMetric.swift in Sources */ = {isa = PBXBuildFile; fileRef = FB2BD65B2E57571E00A790E6 /* AnalyticsPreviewMetric.swift */; };
		FB2BD6612E57575300A790E6 /* InterviewMetricRing.swift in Sources */ = {isa = PBXBuildFile; fileRef = FB2BD6602E57575300A790E6 /* InterviewMetricRing.swift */; };
		FB2BD6632E575C7E00A790E6 /* InterviewPreviewAnalyzer.swift in Sources */ = {isa = PBXBuildFile; fileRef = FB2BD6622E575C7E00A790E6 /* InterviewPreviewAnalyzer.swift */; };
		FB2BD6662E576B1800A790E6 /* Lottie in Frameworks */ = {isa = PBXBuildFile; productRef = FB2BD6652E576B1800A790E6 /* Lottie */; };
		FB2BD6742E57710500A790E6 /* SigninView.swift in Sources */ = {isa = PBXBuildFile; fileRef = FB2BD6732E57710500A790E6 /* SigninView.swift */; };
		FB2BD6862E58903D00A790E6 /* InterviewInfoFormViewModel.swift in Sources */ = {isa = PBXBuildFile; fileRef = FB2BD6852E58903D00A790E6 /* InterviewInfoFormViewModel.swift */; };
		FB2BD68E2E58C3B700A790E6 /* Route.swift in Sources */ = {isa = PBXBuildFile; fileRef = FB2BD68C2E58C3B700A790E6 /* Route.swift */; };
		FB2BD6A42E58E10000A790E6 /* LottieCircleCheckGreen.json in Resources */ = {isa = PBXBuildFile; fileRef = FB2BD6A32E58E10000A790E6 /* LottieCircleCheckGreen.json */; };
		FB7755E22E59B65B00A70F66 /* InterviewView.swift in Sources */ = {isa = PBXBuildFile; fileRef = FB7755E12E59B65B00A70F66 /* InterviewView.swift */; };
		FB7755E42E59B6BF00A70F66 /* InterviewViewModel.swift in Sources */ = {isa = PBXBuildFile; fileRef = FB7755E32E59B6BF00A70F66 /* InterviewViewModel.swift */; };
		FB7755E62E59BC6100A70F66 /* CameraService.swift in Sources */ = {isa = PBXBuildFile; fileRef = FB7755E52E59BC6100A70F66 /* CameraService.swift */; };
		FB7755E82E59BCB700A70F66 /* CameraPreview.swift in Sources */ = {isa = PBXBuildFile; fileRef = FB7755E72E59BCAE00A70F66 /* CameraPreview.swift */; };
		FB7755EE2E59EA9E00A70F66 /* ACLayout.swift in Sources */ = {isa = PBXBuildFile; fileRef = FB7755ED2E59EA9E00A70F66 /* ACLayout.swift */; };
		FB7755F02E59ED3F00A70F66 /* ACFont.swift in Sources */ = {isa = PBXBuildFile; fileRef = FB7755EF2E59ED3F00A70F66 /* ACFont.swift */; };
		FB7755F22E59EED300A70F66 /* ACColor.swift in Sources */ = {isa = PBXBuildFile; fileRef = FB7755F12E59EED300A70F66 /* ACColor.swift */; };
		FB7755F42E59F12800A70F66 /* ACIcon.swift in Sources */ = {isa = PBXBuildFile; fileRef = FB7755F32E59F12100A70F66 /* ACIcon.swift */; };
		FB77562D2E5A072800A70F66 /* ACLottie.swift in Sources */ = {isa = PBXBuildFile; fileRef = FB77562C2E5A072100A70F66 /* ACLottie.swift */; };
		FB7756302E5A076200A70F66 /* LottieView.swift in Sources */ = {isa = PBXBuildFile; fileRef = FB77562E2E5A076200A70F66 /* LottieView.swift */; };
		FB7756322E5A07C300A70F66 /* SignupView.swift in Sources */ = {isa = PBXBuildFile; fileRef = FB7756312E5A07C300A70F66 /* SignupView.swift */; };
		FB77563E2E5A0AE200A70F66 /* CareerType.swift in Sources */ = {isa = PBXBuildFile; fileRef = FB7756392E5A0AE200A70F66 /* CareerType.swift */; };
		FB77563F2E5A0AE200A70F66 /* CompanyType.swift in Sources */ = {isa = PBXBuildFile; fileRef = FB77563A2E5A0AE200A70F66 /* CompanyType.swift */; };
		FB7756402E5A0AE200A70F66 /* InterviewInfo.swift in Sources */ = {isa = PBXBuildFile; fileRef = FB77563B2E5A0AE200A70F66 /* InterviewInfo.swift */; };
		FB7756412E5A0AE200A70F66 /* RecruitType.swift in Sources */ = {isa = PBXBuildFile; fileRef = FB77563C2E5A0AE200A70F66 /* RecruitType.swift */; };
		FB77565F2E5A0B4000A70F66 /* ExpressionMetric.swift in Sources */ = {isa = PBXBuildFile; fileRef = FB7756542E5A0B4000A70F66 /* ExpressionMetric.swift */; };
		FB7756602E5A0B4000A70F66 /* ExpressionSample.swift in Sources */ = {isa = PBXBuildFile; fileRef = FB7756552E5A0B4000A70F66 /* ExpressionSample.swift */; };
		FB7756612E5A0B4000A70F66 /* GazeMetric.swift in Sources */ = {isa = PBXBuildFile; fileRef = FB7756562E5A0B4000A70F66 /* GazeMetric.swift */; };
		FB7756622E5A0B4000A70F66 /* HeadDirectionMetric.swift in Sources */ = {isa = PBXBuildFile; fileRef = FB7756572E5A0B4000A70F66 /* HeadDirectionMetric.swift */; };
		FB7756632E5A0B4000A70F66 /* OverallMetrics.swift in Sources */ = {isa = PBXBuildFile; fileRef = FB7756582E5A0B4000A70F66 /* OverallMetrics.swift */; };
		FB7756642E5A0B4000A70F66 /* SlienceMetric.swift in Sources */ = {isa = PBXBuildFile; fileRef = FB7756592E5A0B4000A70F66 /* SlienceMetric.swift */; };
		FB7756652E5A0B4000A70F66 /* SpeechSpeedMetric.swift in Sources */ = {isa = PBXBuildFile; fileRef = FB77565A2E5A0B4000A70F66 /* SpeechSpeedMetric.swift */; };
		FB7756662E5A0B4000A70F66 /* InterviewResult.swift in Sources */ = {isa = PBXBuildFile; fileRef = FB77565C2E5A0B4000A70F66 /* InterviewResult.swift */; };
		FB7756672E5A0B4000A70F66 /* InterviewTurn.swift in Sources */ = {isa = PBXBuildFile; fileRef = FB77565D2E5A0B4000A70F66 /* InterviewTurn.swift */; };
		FB77566B2E5A0BFC00A70F66 /* InterviewMockDataGenerator.swift in Sources */ = {isa = PBXBuildFile; fileRef = FB7756692E5A0BFC00A70F66 /* InterviewMockDataGenerator.swift */; };
		FB77566D2E5A0D0400A70F66 /* RootViewModel.swift in Sources */ = {isa = PBXBuildFile; fileRef = FB77566C2E5A0D0400A70F66 /* RootViewModel.swift */; };
		FB77566F2E5A13B100A70F66 /* AppTabBarViewModel.swift in Sources */ = {isa = PBXBuildFile; fileRef = FB77566E2E5A13B100A70F66 /* AppTabBarViewModel.swift */; };
		FB7756732E5A1BEC00A70F66 /* NavigationBarDismiss.swift in Sources */ = {isa = PBXBuildFile; fileRef = FB7756722E5A1BEC00A70F66 /* NavigationBarDismiss.swift */; };
		FB7756772E5A2AD500A70F66 /* View+Frames.swift in Sources */ = {isa = PBXBuildFile; fileRef = FB7756762E5A2AD500A70F66 /* View+Frames.swift */; };
		FB7756792E5A35B700A70F66 /* RecruitTypeButton.swift in Sources */ = {isa = PBXBuildFile; fileRef = FB7756782E5A35B700A70F66 /* RecruitTypeButton.swift */; };
		FB77567B2E5A3A2C00A70F66 /* InterviewInfoTypeNavigationLink.swift in Sources */ = {isa = PBXBuildFile; fileRef = FB77567A2E5A3A2C00A70F66 /* InterviewInfoTypeNavigationLink.swift */; };
		FB77567D2E5A3D0E00A70F66 /* InterviewInfoFormHeaderCaption.swift in Sources */ = {isa = PBXBuildFile; fileRef = FB77567C2E5A3D0E00A70F66 /* InterviewInfoFormHeaderCaption.swift */; };
		FB77567F2E5A42CB00A70F66 /* InterviewEngine.swift in Sources */ = {isa = PBXBuildFile; fileRef = FB77567E2E5A42CB00A70F66 /* InterviewEngine.swift */; };
		FB7756822E5A470700A70F66 /* AlertToast in Frameworks */ = {isa = PBXBuildFile; productRef = FB7756812E5A470700A70F66 /* AlertToast */; };
		FB7756882E5AC6F200A70F66 /* InterviewHistoryRow.swift in Sources */ = {isa = PBXBuildFile; fileRef = FB7756872E5AC6F200A70F66 /* InterviewHistoryRow.swift */; };
		FB77568A2E5ADB8A00A70F66 /* ScheduleTabViewModel.swift in Sources */ = {isa = PBXBuildFile; fileRef = FB7756892E5ADB8A00A70F66 /* ScheduleTabViewModel.swift */; };
		FB77568C2E5ADBC400A70F66 /* ManagementTabViewModel.swift in Sources */ = {isa = PBXBuildFile; fileRef = FB77568B2E5ADBC400A70F66 /* ManagementTabViewModel.swift */; };
		FB77568E2E5ADBE800A70F66 /* SettingsTabViewModel.swift in Sources */ = {isa = PBXBuildFile; fileRef = FB77568D2E5ADBE800A70F66 /* SettingsTabViewModel.swift */; };
		FB7756902E5AE0AD00A70F66 /* CameraConfig.swift in Sources */ = {isa = PBXBuildFile; fileRef = FB77568F2E5AE0AD00A70F66 /* CameraConfig.swift */; };
		FB7756982E5AF8F300A70F66 /* CameraPreviewView.swift in Sources */ = {isa = PBXBuildFile; fileRef = FB7756972E5AF8F300A70F66 /* CameraPreviewView.swift */; };
		FB77569B2E5B05E100A70F66 /* SwiftEntryKit in Frameworks */ = {isa = PBXBuildFile; productRef = FB77569A2E5B05E100A70F66 /* SwiftEntryKit */; };
		FB7756A62E5B1FEE00A70F66 /* EntryKitPresenter.swift in Sources */ = {isa = PBXBuildFile; fileRef = FB7756A32E5B1FEE00A70F66 /* EntryKitPresenter.swift */; };
		FB7756A72E5B1FEE00A70F66 /* ShowFinishInterviewPopUp.swift in Sources */ = {isa = PBXBuildFile; fileRef = FB7756A42E5B1FEE00A70F66 /* ShowFinishInterviewPopUp.swift */; };
		FB7756A92E5B2CFA00A70F66 /* InterviewViewTopBarExitButton.swift in Sources */ = {isa = PBXBuildFile; fileRef = FB7756A82E5B2CFA00A70F66 /* InterviewViewTopBarExitButton.swift */; };
		FB7756AB2E5B447D00A70F66 /* AppDelegate.swift in Sources */ = {isa = PBXBuildFile; fileRef = FB7756AA2E5B447500A70F66 /* AppDelegate.swift */; };
		FB7756B02E5C962700A70F66 /* AppPermissionStatus.swift in Sources */ = {isa = PBXBuildFile; fileRef = FB7756AD2E5C962700A70F66 /* AppPermissionStatus.swift */; };
		FB7756B12E5C962700A70F66 /* PermissionService.swift in Sources */ = {isa = PBXBuildFile; fileRef = FB7756AE2E5C962700A70F66 /* PermissionService.swift */; };
		FB7756B32E5C995600A70F66 /* CameraServicing.swift in Sources */ = {isa = PBXBuildFile; fileRef = FB7756B22E5C995600A70F66 /* CameraServicing.swift */; };
		FB7756BD2E5C9F1D00A70F66 /* STTService.swift in Sources */ = {isa = PBXBuildFile; fileRef = FB7756BA2E5C9F1D00A70F66 /* STTService.swift */; };
		FB7756BE2E5C9F1D00A70F66 /* STTServicing.swift in Sources */ = {isa = PBXBuildFile; fileRef = FB7756BB2E5C9F1D00A70F66 /* STTServicing.swift */; };
		FB7756C02E5CA71200A70F66 /* LottieCircleCheckWhite.json in Resources */ = {isa = PBXBuildFile; fileRef = FB7756BF2E5CA71200A70F66 /* LottieCircleCheckWhite.json */; };
		FB7756C42E5CAD6B00A70F66 /* InterviewViewPreparingHeader.swift in Sources */ = {isa = PBXBuildFile; fileRef = FB7756C32E5CAD6B00A70F66 /* InterviewViewPreparingHeader.swift */; };
/* End PBXBuildFile section */

/* Begin PBXFileReference section */
		FB1BED672E528AC900041053 /* TapScaleEffect.swift */ = {isa = PBXFileReference; lastKnownFileType = sourcecode.swift; path = TapScaleEffect.swift; sourceTree = "<group>"; };
		FB1BED692E528D8A00041053 /* View+TapScaleEffect.swift */ = {isa = PBXFileReference; lastKnownFileType = sourcecode.swift; path = "View+TapScaleEffect.swift"; sourceTree = "<group>"; };
		FB1BED6D2E53416C00041053 /* ManagementTabView.swift */ = {isa = PBXFileReference; lastKnownFileType = sourcecode.swift; path = ManagementTabView.swift; sourceTree = "<group>"; };
		FB1BED712E535A4D00041053 /* AppTextField.swift */ = {isa = PBXFileReference; lastKnownFileType = sourcecode.swift; path = AppTextField.swift; sourceTree = "<group>"; };
		FB1BED762E537AB900041053 /* AnalyticsView.swift */ = {isa = PBXFileReference; lastKnownFileType = sourcecode.swift; path = AnalyticsView.swift; sourceTree = "<group>"; };
		FB1BED782E537AD000041053 /* HistoryListView.swift */ = {isa = PBXFileReference; lastKnownFileType = sourcecode.swift; path = HistoryListView.swift; sourceTree = "<group>"; };
		FB1BED7A2E537AE000041053 /* InterviewInfoFormView.swift */ = {isa = PBXFileReference; lastKnownFileType = sourcecode.swift; path = InterviewInfoFormView.swift; sourceTree = "<group>"; };
		FB1BED802E54AD2100041053 /* GoogleService-Info.plist */ = {isa = PBXFileReference; lastKnownFileType = text.plist.xml; path = "GoogleService-Info.plist"; sourceTree = "<group>"; };
		FB2724502E50B3CF0092408E /* FirstStepToCareer.app */ = {isa = PBXFileReference; explicitFileType = wrapper.application; includeInIndex = 0; path = FirstStepToCareer.app; sourceTree = BUILT_PRODUCTS_DIR; };
		FB2724A52E50CFB90092408E /* FirstStepToCareerApp.swift */ = {isa = PBXFileReference; lastKnownFileType = sourcecode.swift; path = FirstStepToCareerApp.swift; sourceTree = "<group>"; };
		FB2724A72E50CFB90092408E /* Color+Initializer.swift */ = {isa = PBXFileReference; lastKnownFileType = sourcecode.swift; path = "Color+Initializer.swift"; sourceTree = "<group>"; };
		FB2724AD2E50CFB90092408E /* Assets.xcassets */ = {isa = PBXFileReference; lastKnownFileType = folder.assetcatalog; path = Assets.xcassets; sourceTree = "<group>"; };
		FB2724AF2E50CFB90092408E /* AppTabBarView.swift */ = {isa = PBXFileReference; lastKnownFileType = sourcecode.swift; path = AppTabBarView.swift; sourceTree = "<group>"; };
		FB2724B02E50CFB90092408E /* RootView.swift */ = {isa = PBXFileReference; lastKnownFileType = sourcecode.swift; path = RootView.swift; sourceTree = "<group>"; };
		FB2724B12E50CFB90092408E /* SplashView.swift */ = {isa = PBXFileReference; lastKnownFileType = sourcecode.swift; path = SplashView.swift; sourceTree = "<group>"; };
		FB2724C32E50DAD40092408E /* ScheduleTabView.swift */ = {isa = PBXFileReference; lastKnownFileType = sourcecode.swift; path = ScheduleTabView.swift; sourceTree = "<group>"; };
		FB2724D52E50DC190092408E /* SettingsTabView.swift */ = {isa = PBXFileReference; lastKnownFileType = sourcecode.swift; path = SettingsTabView.swift; sourceTree = "<group>"; };
		FB2724D92E50E5200092408E /* NotoSansJP-Black.ttf */ = {isa = PBXFileReference; lastKnownFileType = file; path = "NotoSansJP-Black.ttf"; sourceTree = "<group>"; };
		FB2724DA2E50E5200092408E /* NotoSansJP-Bold.ttf */ = {isa = PBXFileReference; lastKnownFileType = file; path = "NotoSansJP-Bold.ttf"; sourceTree = "<group>"; };
		FB2724DB2E50E5200092408E /* NotoSansJP-ExtraBold.ttf */ = {isa = PBXFileReference; lastKnownFileType = file; path = "NotoSansJP-ExtraBold.ttf"; sourceTree = "<group>"; };
		FB2724DC2E50E5200092408E /* NotoSansJP-ExtraLight.ttf */ = {isa = PBXFileReference; lastKnownFileType = file; path = "NotoSansJP-ExtraLight.ttf"; sourceTree = "<group>"; };
		FB2724DD2E50E5200092408E /* NotoSansJP-Light.ttf */ = {isa = PBXFileReference; lastKnownFileType = file; path = "NotoSansJP-Light.ttf"; sourceTree = "<group>"; };
		FB2724DE2E50E5200092408E /* NotoSansJP-Medium.ttf */ = {isa = PBXFileReference; lastKnownFileType = file; path = "NotoSansJP-Medium.ttf"; sourceTree = "<group>"; };
		FB2724DF2E50E5200092408E /* NotoSansJP-Regular.ttf */ = {isa = PBXFileReference; lastKnownFileType = file; path = "NotoSansJP-Regular.ttf"; sourceTree = "<group>"; };
		FB2724E02E50E5200092408E /* NotoSansJP-SemiBold.ttf */ = {isa = PBXFileReference; lastKnownFileType = file; path = "NotoSansJP-SemiBold.ttf"; sourceTree = "<group>"; };
		FB2724E12E50E5200092408E /* NotoSansJP-Thin.ttf */ = {isa = PBXFileReference; lastKnownFileType = file; path = "NotoSansJP-Thin.ttf"; sourceTree = "<group>"; };
		FB2724EB2E50E5330092408E /* Info.plist */ = {isa = PBXFileReference; lastKnownFileType = text.plist.xml; path = Info.plist; sourceTree = "<group>"; };
		FB2724F62E50F9050092408E /* ProgressRing.swift */ = {isa = PBXFileReference; lastKnownFileType = sourcecode.swift; path = ProgressRing.swift; sourceTree = "<group>"; };
		FB2724F82E51179D0092408E /* KeyboardPrewarmView.swift */ = {isa = PBXFileReference; lastKnownFileType = sourcecode.swift; path = KeyboardPrewarmView.swift; sourceTree = "<group>"; };
		FB2724FC2E511B610092408E /* FocusTarget.swift */ = {isa = PBXFileReference; lastKnownFileType = sourcecode.swift; path = FocusTarget.swift; sourceTree = "<group>"; };
		FB2725002E511B9F0092408E /* NavigationController.swift */ = {isa = PBXFileReference; lastKnownFileType = sourcecode.swift; path = NavigationController.swift; sourceTree = "<group>"; };
		FB2725032E511B9F0092408E /* AppTab.swift */ = {isa = PBXFileReference; lastKnownFileType = sourcecode.swift; path = AppTab.swift; sourceTree = "<group>"; };
		FB2725062E5124110092408E /* InterviewTabViewModel.swift */ = {isa = PBXFileReference; lastKnownFileType = sourcecode.swift; path = InterviewTabViewModel.swift; sourceTree = "<group>"; };
		FB27251C2E5201F00092408E /* TabViewHeader.swift */ = {isa = PBXFileReference; lastKnownFileType = sourcecode.swift; path = TabViewHeader.swift; sourceTree = "<group>"; };
		FB27251E2E5210250092408E /* String+CustomFunctions.swift */ = {isa = PBXFileReference; lastKnownFileType = sourcecode.swift; path = "String+CustomFunctions.swift"; sourceTree = "<group>"; };
		FB2725202E5213390092408E /* AppCaptionStyle.swift */ = {isa = PBXFileReference; lastKnownFileType = sourcecode.swift; path = AppCaptionStyle.swift; sourceTree = "<group>"; };
		FB2725222E52138E0092408E /* View+AppStyles.swift */ = {isa = PBXFileReference; lastKnownFileType = sourcecode.swift; path = "View+AppStyles.swift"; sourceTree = "<group>"; };
		FB27252C2E52239F0092408E /* CompanyTypeListView.swift */ = {isa = PBXFileReference; lastKnownFileType = sourcecode.swift; path = CompanyTypeListView.swift; sourceTree = "<group>"; };
		FB27252E2E5229380092408E /* CareerTypeListView.swift */ = {isa = PBXFileReference; lastKnownFileType = sourcecode.swift; path = CareerTypeListView.swift; sourceTree = "<group>"; };
		FB2BD6302E572C3600A790E6 /* InterviewTabView.swift */ = {isa = PBXFileReference; lastKnownFileType = sourcecode.swift; path = InterviewTabView.swift; sourceTree = "<group>"; };
		FB2BD64C2E573D5500A790E6 /* ResumeView.swift */ = {isa = PBXFileReference; lastKnownFileType = sourcecode.swift; path = ResumeView.swift; sourceTree = "<group>"; };
		FB2BD64E2E574C6E00A790E6 /* AppSection.swift */ = {isa = PBXFileReference; lastKnownFileType = sourcecode.swift; path = AppSection.swift; sourceTree = "<group>"; };
		FB2BD6502E574CF400A790E6 /* AppSectionHeader.swift */ = {isa = PBXFileReference; lastKnownFileType = sourcecode.swift; path = AppSectionHeader.swift; sourceTree = "<group>"; };
		FB2BD6522E574F7E00A790E6 /* InterviewActionRow.swift */ = {isa = PBXFileReference; lastKnownFileType = sourcecode.swift; path = InterviewActionRow.swift; sourceTree = "<group>"; };
		FB2BD6542E574FF300A790E6 /* GradientRowButton.swift */ = {isa = PBXFileReference; lastKnownFileType = sourcecode.swift; path = GradientRowButton.swift; sourceTree = "<group>"; };
		FB2BD6562E57503F00A790E6 /* InterviewNoDataRow.swift */ = {isa = PBXFileReference; lastKnownFileType = sourcecode.swift; path = InterviewNoDataRow.swift; sourceTree = "<group>"; };
		FB2BD65B2E57571E00A790E6 /* AnalyticsPreviewMetric.swift */ = {isa = PBXFileReference; lastKnownFileType = sourcecode.swift; path = AnalyticsPreviewMetric.swift; sourceTree = "<group>"; };
		FB2BD6602E57575300A790E6 /* InterviewMetricRing.swift */ = {isa = PBXFileReference; lastKnownFileType = sourcecode.swift; path = InterviewMetricRing.swift; sourceTree = "<group>"; };
		FB2BD6622E575C7E00A790E6 /* InterviewPreviewAnalyzer.swift */ = {isa = PBXFileReference; lastKnownFileType = sourcecode.swift; path = InterviewPreviewAnalyzer.swift; sourceTree = "<group>"; };
		FB2BD6732E57710500A790E6 /* SigninView.swift */ = {isa = PBXFileReference; lastKnownFileType = sourcecode.swift; path = SigninView.swift; sourceTree = "<group>"; };
		FB2BD6852E58903D00A790E6 /* InterviewInfoFormViewModel.swift */ = {isa = PBXFileReference; lastKnownFileType = sourcecode.swift; path = InterviewInfoFormViewModel.swift; sourceTree = "<group>"; };
		FB2BD68C2E58C3B700A790E6 /* Route.swift */ = {isa = PBXFileReference; lastKnownFileType = sourcecode.swift; path = Route.swift; sourceTree = "<group>"; };
		FB2BD6A32E58E10000A790E6 /* LottieCircleCheckGreen.json */ = {isa = PBXFileReference; lastKnownFileType = text.json; path = LottieCircleCheckGreen.json; sourceTree = "<group>"; };
		FB7755E12E59B65B00A70F66 /* InterviewView.swift */ = {isa = PBXFileReference; lastKnownFileType = sourcecode.swift; path = InterviewView.swift; sourceTree = "<group>"; };
		FB7755E32E59B6BF00A70F66 /* InterviewViewModel.swift */ = {isa = PBXFileReference; lastKnownFileType = sourcecode.swift; path = InterviewViewModel.swift; sourceTree = "<group>"; };
		FB7755E52E59BC6100A70F66 /* CameraService.swift */ = {isa = PBXFileReference; lastKnownFileType = sourcecode.swift; path = CameraService.swift; sourceTree = "<group>"; };
		FB7755E72E59BCAE00A70F66 /* CameraPreview.swift */ = {isa = PBXFileReference; lastKnownFileType = sourcecode.swift; path = CameraPreview.swift; sourceTree = "<group>"; };
		FB7755ED2E59EA9E00A70F66 /* ACLayout.swift */ = {isa = PBXFileReference; lastKnownFileType = sourcecode.swift; path = ACLayout.swift; sourceTree = "<group>"; };
		FB7755EF2E59ED3F00A70F66 /* ACFont.swift */ = {isa = PBXFileReference; lastKnownFileType = sourcecode.swift; path = ACFont.swift; sourceTree = "<group>"; };
		FB7755F12E59EED300A70F66 /* ACColor.swift */ = {isa = PBXFileReference; lastKnownFileType = sourcecode.swift; path = ACColor.swift; sourceTree = "<group>"; };
		FB7755F32E59F12100A70F66 /* ACIcon.swift */ = {isa = PBXFileReference; lastKnownFileType = sourcecode.swift; path = ACIcon.swift; sourceTree = "<group>"; };
		FB77562C2E5A072100A70F66 /* ACLottie.swift */ = {isa = PBXFileReference; lastKnownFileType = sourcecode.swift; path = ACLottie.swift; sourceTree = "<group>"; };
		FB77562E2E5A076200A70F66 /* LottieView.swift */ = {isa = PBXFileReference; lastKnownFileType = sourcecode.swift; path = LottieView.swift; sourceTree = "<group>"; };
		FB7756312E5A07C300A70F66 /* SignupView.swift */ = {isa = PBXFileReference; lastKnownFileType = sourcecode.swift; path = SignupView.swift; sourceTree = "<group>"; };
		FB7756392E5A0AE200A70F66 /* CareerType.swift */ = {isa = PBXFileReference; lastKnownFileType = sourcecode.swift; path = CareerType.swift; sourceTree = "<group>"; };
		FB77563A2E5A0AE200A70F66 /* CompanyType.swift */ = {isa = PBXFileReference; lastKnownFileType = sourcecode.swift; path = CompanyType.swift; sourceTree = "<group>"; };
		FB77563B2E5A0AE200A70F66 /* InterviewInfo.swift */ = {isa = PBXFileReference; lastKnownFileType = sourcecode.swift; path = InterviewInfo.swift; sourceTree = "<group>"; };
		FB77563C2E5A0AE200A70F66 /* RecruitType.swift */ = {isa = PBXFileReference; lastKnownFileType = sourcecode.swift; path = RecruitType.swift; sourceTree = "<group>"; };
		FB7756542E5A0B4000A70F66 /* ExpressionMetric.swift */ = {isa = PBXFileReference; lastKnownFileType = sourcecode.swift; path = ExpressionMetric.swift; sourceTree = "<group>"; };
		FB7756552E5A0B4000A70F66 /* ExpressionSample.swift */ = {isa = PBXFileReference; lastKnownFileType = sourcecode.swift; path = ExpressionSample.swift; sourceTree = "<group>"; };
		FB7756562E5A0B4000A70F66 /* GazeMetric.swift */ = {isa = PBXFileReference; lastKnownFileType = sourcecode.swift; path = GazeMetric.swift; sourceTree = "<group>"; };
		FB7756572E5A0B4000A70F66 /* HeadDirectionMetric.swift */ = {isa = PBXFileReference; lastKnownFileType = sourcecode.swift; path = HeadDirectionMetric.swift; sourceTree = "<group>"; };
		FB7756582E5A0B4000A70F66 /* OverallMetrics.swift */ = {isa = PBXFileReference; lastKnownFileType = sourcecode.swift; path = OverallMetrics.swift; sourceTree = "<group>"; };
		FB7756592E5A0B4000A70F66 /* SlienceMetric.swift */ = {isa = PBXFileReference; lastKnownFileType = sourcecode.swift; path = SlienceMetric.swift; sourceTree = "<group>"; };
		FB77565A2E5A0B4000A70F66 /* SpeechSpeedMetric.swift */ = {isa = PBXFileReference; lastKnownFileType = sourcecode.swift; path = SpeechSpeedMetric.swift; sourceTree = "<group>"; };
		FB77565C2E5A0B4000A70F66 /* InterviewResult.swift */ = {isa = PBXFileReference; lastKnownFileType = sourcecode.swift; path = InterviewResult.swift; sourceTree = "<group>"; };
		FB77565D2E5A0B4000A70F66 /* InterviewTurn.swift */ = {isa = PBXFileReference; lastKnownFileType = sourcecode.swift; path = InterviewTurn.swift; sourceTree = "<group>"; };
		FB7756692E5A0BFC00A70F66 /* InterviewMockDataGenerator.swift */ = {isa = PBXFileReference; lastKnownFileType = sourcecode.swift; path = InterviewMockDataGenerator.swift; sourceTree = "<group>"; };
		FB77566C2E5A0D0400A70F66 /* RootViewModel.swift */ = {isa = PBXFileReference; lastKnownFileType = sourcecode.swift; path = RootViewModel.swift; sourceTree = "<group>"; };
		FB77566E2E5A13B100A70F66 /* AppTabBarViewModel.swift */ = {isa = PBXFileReference; lastKnownFileType = sourcecode.swift; path = AppTabBarViewModel.swift; sourceTree = "<group>"; };
		FB7756722E5A1BEC00A70F66 /* NavigationBarDismiss.swift */ = {isa = PBXFileReference; lastKnownFileType = sourcecode.swift; path = NavigationBarDismiss.swift; sourceTree = "<group>"; };
		FB7756762E5A2AD500A70F66 /* View+Frames.swift */ = {isa = PBXFileReference; lastKnownFileType = sourcecode.swift; path = "View+Frames.swift"; sourceTree = "<group>"; };
		FB7756782E5A35B700A70F66 /* RecruitTypeButton.swift */ = {isa = PBXFileReference; lastKnownFileType = sourcecode.swift; path = RecruitTypeButton.swift; sourceTree = "<group>"; };
		FB77567A2E5A3A2C00A70F66 /* InterviewInfoTypeNavigationLink.swift */ = {isa = PBXFileReference; lastKnownFileType = sourcecode.swift; path = InterviewInfoTypeNavigationLink.swift; sourceTree = "<group>"; };
		FB77567C2E5A3D0E00A70F66 /* InterviewInfoFormHeaderCaption.swift */ = {isa = PBXFileReference; lastKnownFileType = sourcecode.swift; path = InterviewInfoFormHeaderCaption.swift; sourceTree = "<group>"; };
		FB77567E2E5A42CB00A70F66 /* InterviewEngine.swift */ = {isa = PBXFileReference; lastKnownFileType = sourcecode.swift; path = InterviewEngine.swift; sourceTree = "<group>"; };
		FB7756872E5AC6F200A70F66 /* InterviewHistoryRow.swift */ = {isa = PBXFileReference; lastKnownFileType = sourcecode.swift; path = InterviewHistoryRow.swift; sourceTree = "<group>"; };
		FB7756892E5ADB8A00A70F66 /* ScheduleTabViewModel.swift */ = {isa = PBXFileReference; lastKnownFileType = sourcecode.swift; path = ScheduleTabViewModel.swift; sourceTree = "<group>"; };
		FB77568B2E5ADBC400A70F66 /* ManagementTabViewModel.swift */ = {isa = PBXFileReference; lastKnownFileType = sourcecode.swift; path = ManagementTabViewModel.swift; sourceTree = "<group>"; };
		FB77568D2E5ADBE800A70F66 /* SettingsTabViewModel.swift */ = {isa = PBXFileReference; lastKnownFileType = sourcecode.swift; path = SettingsTabViewModel.swift; sourceTree = "<group>"; };
		FB77568F2E5AE0AD00A70F66 /* CameraConfig.swift */ = {isa = PBXFileReference; lastKnownFileType = sourcecode.swift; path = CameraConfig.swift; sourceTree = "<group>"; };
		FB7756972E5AF8F300A70F66 /* CameraPreviewView.swift */ = {isa = PBXFileReference; lastKnownFileType = sourcecode.swift; path = CameraPreviewView.swift; sourceTree = "<group>"; };
		FB7756A32E5B1FEE00A70F66 /* EntryKitPresenter.swift */ = {isa = PBXFileReference; lastKnownFileType = sourcecode.swift; path = EntryKitPresenter.swift; sourceTree = "<group>"; };
		FB7756A42E5B1FEE00A70F66 /* ShowFinishInterviewPopUp.swift */ = {isa = PBXFileReference; lastKnownFileType = sourcecode.swift; path = ShowFinishInterviewPopUp.swift; sourceTree = "<group>"; };
		FB7756A82E5B2CFA00A70F66 /* InterviewViewTopBarExitButton.swift */ = {isa = PBXFileReference; lastKnownFileType = sourcecode.swift; path = InterviewViewTopBarExitButton.swift; sourceTree = "<group>"; };
		FB7756AA2E5B447500A70F66 /* AppDelegate.swift */ = {isa = PBXFileReference; lastKnownFileType = sourcecode.swift; path = AppDelegate.swift; sourceTree = "<group>"; };
		FB7756AD2E5C962700A70F66 /* AppPermissionStatus.swift */ = {isa = PBXFileReference; lastKnownFileType = sourcecode.swift; path = AppPermissionStatus.swift; sourceTree = "<group>"; };
		FB7756AE2E5C962700A70F66 /* PermissionService.swift */ = {isa = PBXFileReference; lastKnownFileType = sourcecode.swift; path = PermissionService.swift; sourceTree = "<group>"; };
		FB7756B22E5C995600A70F66 /* CameraServicing.swift */ = {isa = PBXFileReference; lastKnownFileType = sourcecode.swift; path = CameraServicing.swift; sourceTree = "<group>"; };
		FB7756BA2E5C9F1D00A70F66 /* STTService.swift */ = {isa = PBXFileReference; lastKnownFileType = sourcecode.swift; path = STTService.swift; sourceTree = "<group>"; };
		FB7756BB2E5C9F1D00A70F66 /* STTServicing.swift */ = {isa = PBXFileReference; lastKnownFileType = sourcecode.swift; path = STTServicing.swift; sourceTree = "<group>"; };
		FB7756BF2E5CA71200A70F66 /* LottieCircleCheckWhite.json */ = {isa = PBXFileReference; lastKnownFileType = text.json; path = LottieCircleCheckWhite.json; sourceTree = "<group>"; };
		FB7756C32E5CAD6B00A70F66 /* InterviewViewPreparingHeader.swift */ = {isa = PBXFileReference; lastKnownFileType = sourcecode.swift; path = InterviewViewPreparingHeader.swift; sourceTree = "<group>"; };
/* End PBXFileReference section */

/* Begin PBXFrameworksBuildPhase section */
		FB27244D2E50B3CF0092408E /* Frameworks */ = {
			isa = PBXFrameworksBuildPhase;
			buildActionMask = 2147483647;
			files = (
				FB1BED752E53743000041053 /* Shimmer in Frameworks */,
				FB7756822E5A470700A70F66 /* AlertToast in Frameworks */,
				FB77569B2E5B05E100A70F66 /* SwiftEntryKit in Frameworks */,
				FB1BED882E54B21400041053 /* FirebaseFirestore in Frameworks */,
				FB1BED842E54B21400041053 /* FirebaseAuth in Frameworks */,
				FB2BD6662E576B1800A790E6 /* Lottie in Frameworks */,
			);
			runOnlyForDeploymentPostprocessing = 0;
		};
/* End PBXFrameworksBuildPhase section */

/* Begin PBXGroup section */
		FB2724472E50B3CF0092408E = {
			isa = PBXGroup;
			children = (
				FB2724B32E50CFB90092408E /* FirstStepToCareer */,
				FB2724512E50B3CF0092408E /* Products */,
			);
			sourceTree = "<group>";
		};
		FB2724512E50B3CF0092408E /* Products */ = {
			isa = PBXGroup;
			children = (
				FB2724502E50B3CF0092408E /* FirstStepToCareer.app */,
			);
			name = Products;
			sourceTree = "<group>";
		};
		FB2724A62E50CFB90092408E /* Application */ = {
			isa = PBXGroup;
			children = (
				FB2724A52E50CFB90092408E /* FirstStepToCareerApp.swift */,
				FB7756AA2E5B447500A70F66 /* AppDelegate.swift */,
				FB7756072E5A041E00A70F66 /* Root */,
				FB7756342E5A081800A70F66 /* Main */,
				FB7756092E5A050B00A70F66 /* Navigation */,
			);
			path = Application;
			sourceTree = "<group>";
		};
		FB2724A82E50CFB90092408E /* Extensions */ = {
			isa = PBXGroup;
			children = (
				FB1BED692E528D8A00041053 /* View+TapScaleEffect.swift */,
				FB2725222E52138E0092408E /* View+AppStyles.swift */,
				FB7756762E5A2AD500A70F66 /* View+Frames.swift */,
				FB27251E2E5210250092408E /* String+CustomFunctions.swift */,
				FB2724A72E50CFB90092408E /* Color+Initializer.swift */,
			);
			path = Extensions;
			sourceTree = "<group>";
		};
		FB2724AE2E50CFB90092408E /* Resource */ = {
			isa = PBXGroup;
			children = (
				FB2BD6992E58D7B600A790E6 /* Lottie */,
				FB2724D82E50E51E0092408E /* Font */,
				FB2724AD2E50CFB90092408E /* Assets.xcassets */,
			);
			path = Resource;
			sourceTree = "<group>";
		};
		FB2724B32E50CFB90092408E /* FirstStepToCareer */ = {
			isa = PBXGroup;
			children = (
				FB2724EB2E50E5330092408E /* Info.plist */,
				FB1BED802E54AD2100041053 /* GoogleService-Info.plist */,
				FB2724A62E50CFB90092408E /* Application */,
				FB7755F82E5A029C00A70F66 /* Features */,
				FB7755FB2E5A02BF00A70F66 /* Core */,
				FB2724AE2E50CFB90092408E /* Resource */,
				FB77566A2E5A0BFC00A70F66 /* TestDataGenerator */,
			);
			path = FirstStepToCareer;
			sourceTree = "<group>";
		};
		FB2724D82E50E51E0092408E /* Font */ = {
			isa = PBXGroup;
			children = (
				FB2724D92E50E5200092408E /* NotoSansJP-Black.ttf */,
				FB2724DA2E50E5200092408E /* NotoSansJP-Bold.ttf */,
				FB2724DB2E50E5200092408E /* NotoSansJP-ExtraBold.ttf */,
				FB2724DC2E50E5200092408E /* NotoSansJP-ExtraLight.ttf */,
				FB2724DD2E50E5200092408E /* NotoSansJP-Light.ttf */,
				FB2724DE2E50E5200092408E /* NotoSansJP-Medium.ttf */,
				FB2724DF2E50E5200092408E /* NotoSansJP-Regular.ttf */,
				FB2724E02E50E5200092408E /* NotoSansJP-SemiBold.ttf */,
				FB2724E12E50E5200092408E /* NotoSansJP-Thin.ttf */,
			);
			path = Font;
			sourceTree = "<group>";
		};
		FB2724F32E50F8C90092408E /* Components */ = {
			isa = PBXGroup;
			children = (
				FB2724F62E50F9050092408E /* ProgressRing.swift */,
				FB2724F82E51179D0092408E /* KeyboardPrewarmView.swift */,
				FB27251C2E5201F00092408E /* TabViewHeader.swift */,
				FB1BED712E535A4D00041053 /* AppTextField.swift */,
				FB2BD64E2E574C6E00A790E6 /* AppSection.swift */,
				FB2BD6502E574CF400A790E6 /* AppSectionHeader.swift */,
				FB2BD6542E574FF300A790E6 /* GradientRowButton.swift */,
				FB7756722E5A1BEC00A70F66 /* NavigationBarDismiss.swift */,
			);
			path = Components;
			sourceTree = "<group>";
		};
		FB27251B2E5201590092408E /* Modifiers */ = {
			isa = PBXGroup;
			children = (
				FB1BED672E528AC900041053 /* TapScaleEffect.swift */,
				FB2725202E5213390092408E /* AppCaptionStyle.swift */,
			);
			path = Modifiers;
			sourceTree = "<group>";
		};
		FB2BD6992E58D7B600A790E6 /* Lottie */ = {
			isa = PBXGroup;
			children = (
				FB2BD6A32E58E10000A790E6 /* LottieCircleCheckGreen.json */,
				FB7756BF2E5CA71200A70F66 /* LottieCircleCheckWhite.json */,
			);
			path = Lottie;
			sourceTree = "<group>";
		};
		FB7755D82E59B5CD00A70F66 /* Camera */ = {
			isa = PBXGroup;
			children = (
				FB7755E52E59BC6100A70F66 /* CameraService.swift */,
				FB7755E72E59BCAE00A70F66 /* CameraPreview.swift */,
				FB7756972E5AF8F300A70F66 /* CameraPreviewView.swift */,
				FB77568F2E5AE0AD00A70F66 /* CameraConfig.swift */,
				FB7756B22E5C995600A70F66 /* CameraServicing.swift */,
			);
			path = Camera;
			sourceTree = "<group>";
		};
		FB7755F62E5A003500A70F66 /* Constants */ = {
			isa = PBXGroup;
			children = (
				FB77562C2E5A072100A70F66 /* ACLottie.swift */,
				FB7755ED2E59EA9E00A70F66 /* ACLayout.swift */,
				FB7755EF2E59ED3F00A70F66 /* ACFont.swift */,
				FB7755F12E59EED300A70F66 /* ACColor.swift */,
				FB7755F32E59F12100A70F66 /* ACIcon.swift */,
			);
			path = Constants;
			sourceTree = "<group>";
		};
		FB7755F82E5A029C00A70F66 /* Features */ = {
			isa = PBXGroup;
			children = (
				FB7756002E5A02EF00A70F66 /* Interview */,
				FB7756012E5A02EF00A70F66 /* Schedule */,
				FB7755FF2E5A02EF00A70F66 /* Management */,
				FB7756052E5A033B00A70F66 /* Settings */,
				FB7756042E5A033B00A70F66 /* Auth */,
			);
			path = Features;
			sourceTree = "<group>";
		};
		FB7755FB2E5A02BF00A70F66 /* Core */ = {
			isa = PBXGroup;
			children = (
				FB7756BC2E5C9F1D00A70F66 /* STT */,
				FB7756AF2E5C962700A70F66 /* Permission */,
				FB7756A52E5B1FEE00A70F66 /* EntryKit */,
				FB7756862E5ABD1D00A70F66 /* Utils */,
				FB2724A82E50CFB90092408E /* Extensions */,
				FB7755F62E5A003500A70F66 /* Constants */,
				FB2724F32E50F8C90092408E /* Components */,
				FB27251B2E5201590092408E /* Modifiers */,
				FB77562F2E5A076200A70F66 /* Lottie */,
				FB7755D82E59B5CD00A70F66 /* Camera */,
			);
			path = Core;
			sourceTree = "<group>";
		};
		FB7755FF2E5A02EF00A70F66 /* Management */ = {
			isa = PBXGroup;
			children = (
				FB77561D2E5A05EC00A70F66 /* View */,
				FB77561E2E5A05EC00A70F66 /* ViewModel */,
				FB77561F2E5A05EC00A70F66 /* Model */,
				FB7756202E5A05EC00A70F66 /* Service */,
			);
			path = Management;
			sourceTree = "<group>";
		};
		FB7756002E5A02EF00A70F66 /* Interview */ = {
			isa = PBXGroup;
			children = (
				FB7756102E5A058C00A70F66 /* View */,
				FB7756112E5A058C00A70F66 /* ViewModel */,
				FB7756122E5A058C00A70F66 /* Model */,
				FB7756162E5A05E300A70F66 /* Manager */,
			);
			path = Interview;
			sourceTree = "<group>";
		};
		FB7756012E5A02EF00A70F66 /* Schedule */ = {
			isa = PBXGroup;
			children = (
				FB7756182E5A05EB00A70F66 /* View */,
				FB7756192E5A05EB00A70F66 /* ViewModel */,
				FB77561A2E5A05EB00A70F66 /* Model */,
				FB77561B2E5A05EB00A70F66 /* Service */,
			);
			path = Schedule;
			sourceTree = "<group>";
		};
		FB7756042E5A033B00A70F66 /* Auth */ = {
			isa = PBXGroup;
			children = (
				FB7756272E5A05F100A70F66 /* View */,
				FB7756282E5A05F100A70F66 /* ViewModel */,
				FB7756292E5A05F100A70F66 /* Model */,
				FB77562A2E5A05F100A70F66 /* Service */,
			);
			path = Auth;
			sourceTree = "<group>";
		};
		FB7756052E5A033B00A70F66 /* Settings */ = {
			isa = PBXGroup;
			children = (
				FB7756222E5A05EF00A70F66 /* View */,
				FB7756232E5A05EF00A70F66 /* ViewModel */,
				FB7756242E5A05EF00A70F66 /* Model */,
				FB7756252E5A05EF00A70F66 /* Service */,
			);
			path = Settings;
			sourceTree = "<group>";
		};
		FB7756072E5A041E00A70F66 /* Root */ = {
			isa = PBXGroup;
			children = (
				FB2724B02E50CFB90092408E /* RootView.swift */,
				FB2724B12E50CFB90092408E /* SplashView.swift */,
				FB77566C2E5A0D0400A70F66 /* RootViewModel.swift */,
			);
			path = Root;
			sourceTree = "<group>";
		};
		FB7756092E5A050B00A70F66 /* Navigation */ = {
			isa = PBXGroup;
			children = (
				FB2BD68C2E58C3B700A790E6 /* Route.swift */,
				FB2725002E511B9F0092408E /* NavigationController.swift */,
			);
			path = Navigation;
			sourceTree = "<group>";
		};
		FB7756102E5A058C00A70F66 /* View */ = {
			isa = PBXGroup;
			children = (
				FB2BD6302E572C3600A790E6 /* InterviewTabView.swift */,
				FB1BED7A2E537AE000041053 /* InterviewInfoFormView.swift */,
				FB7755E12E59B65B00A70F66 /* InterviewView.swift */,
				FB1BED782E537AD000041053 /* HistoryListView.swift */,
				FB2BD64C2E573D5500A790E6 /* ResumeView.swift */,
				FB1BED762E537AB900041053 /* AnalyticsView.swift */,
				FB27252C2E52239F0092408E /* CompanyTypeListView.swift */,
				FB27252E2E5229380092408E /* CareerTypeListView.swift */,
				FB7756142E5A05C400A70F66 /* Components */,
			);
			path = View;
			sourceTree = "<group>";
		};
		FB7756112E5A058C00A70F66 /* ViewModel */ = {
			isa = PBXGroup;
			children = (
				FB2725062E5124110092408E /* InterviewTabViewModel.swift */,
				FB2BD6852E58903D00A790E6 /* InterviewInfoFormViewModel.swift */,
				FB7755E32E59B6BF00A70F66 /* InterviewViewModel.swift */,
			);
			path = ViewModel;
			sourceTree = "<group>";
		};
		FB7756122E5A058C00A70F66 /* Model */ = {
			isa = PBXGroup;
			children = (
				FB77565E2E5A0B4000A70F66 /* Result */,
				FB77563D2E5A0AE200A70F66 /* Info */,
				FB7756422E5A0AE500A70F66 /* Analytics */,
			);
			path = Model;
			sourceTree = "<group>";
		};
		FB7756142E5A05C400A70F66 /* Components */ = {
			isa = PBXGroup;
			children = (
				FB2BD6522E574F7E00A790E6 /* InterviewActionRow.swift */,
				FB2BD6562E57503F00A790E6 /* InterviewNoDataRow.swift */,
				FB2BD6602E57575300A790E6 /* InterviewMetricRing.swift */,
				FB7756782E5A35B700A70F66 /* RecruitTypeButton.swift */,
				FB77567A2E5A3A2C00A70F66 /* InterviewInfoTypeNavigationLink.swift */,
				FB77567C2E5A3D0E00A70F66 /* InterviewInfoFormHeaderCaption.swift */,
				FB7756872E5AC6F200A70F66 /* InterviewHistoryRow.swift */,
				FB7756A82E5B2CFA00A70F66 /* InterviewViewTopBarExitButton.swift */,
				FB7756C32E5CAD6B00A70F66 /* InterviewViewPreparingHeader.swift */,
			);
			path = Components;
			sourceTree = "<group>";
		};
		FB7756162E5A05E300A70F66 /* Manager */ = {
			isa = PBXGroup;
			children = (
				FB77567E2E5A42CB00A70F66 /* InterviewEngine.swift */,
			);
			path = Manager;
			sourceTree = "<group>";
		};
		FB7756172E5A05EB00A70F66 /* Components */ = {
			isa = PBXGroup;
			children = (
			);
			path = Components;
			sourceTree = "<group>";
		};
		FB7756182E5A05EB00A70F66 /* View */ = {
			isa = PBXGroup;
			children = (
				FB2724C32E50DAD40092408E /* ScheduleTabView.swift */,
				FB7756172E5A05EB00A70F66 /* Components */,
			);
			path = View;
			sourceTree = "<group>";
		};
		FB7756192E5A05EB00A70F66 /* ViewModel */ = {
			isa = PBXGroup;
			children = (
				FB7756892E5ADB8A00A70F66 /* ScheduleTabViewModel.swift */,
			);
			path = ViewModel;
			sourceTree = "<group>";
		};
		FB77561A2E5A05EB00A70F66 /* Model */ = {
			isa = PBXGroup;
			children = (
			);
			path = Model;
			sourceTree = "<group>";
		};
		FB77561B2E5A05EB00A70F66 /* Service */ = {
			isa = PBXGroup;
			children = (
			);
			path = Service;
			sourceTree = "<group>";
		};
		FB77561C2E5A05EC00A70F66 /* Components */ = {
			isa = PBXGroup;
			children = (
			);
			path = Components;
			sourceTree = "<group>";
		};
		FB77561D2E5A05EC00A70F66 /* View */ = {
			isa = PBXGroup;
			children = (
				FB1BED6D2E53416C00041053 /* ManagementTabView.swift */,
				FB77561C2E5A05EC00A70F66 /* Components */,
			);
			path = View;
			sourceTree = "<group>";
		};
		FB77561E2E5A05EC00A70F66 /* ViewModel */ = {
			isa = PBXGroup;
			children = (
				FB77568B2E5ADBC400A70F66 /* ManagementTabViewModel.swift */,
			);
			path = ViewModel;
			sourceTree = "<group>";
		};
		FB77561F2E5A05EC00A70F66 /* Model */ = {
			isa = PBXGroup;
			children = (
			);
			path = Model;
			sourceTree = "<group>";
		};
		FB7756202E5A05EC00A70F66 /* Service */ = {
			isa = PBXGroup;
			children = (
			);
			path = Service;
			sourceTree = "<group>";
		};
		FB7756212E5A05EF00A70F66 /* Components */ = {
			isa = PBXGroup;
			children = (
			);
			path = Components;
			sourceTree = "<group>";
		};
		FB7756222E5A05EF00A70F66 /* View */ = {
			isa = PBXGroup;
			children = (
				FB2724D52E50DC190092408E /* SettingsTabView.swift */,
				FB7756212E5A05EF00A70F66 /* Components */,
			);
			path = View;
			sourceTree = "<group>";
		};
		FB7756232E5A05EF00A70F66 /* ViewModel */ = {
			isa = PBXGroup;
			children = (
				FB77568D2E5ADBE800A70F66 /* SettingsTabViewModel.swift */,
			);
			path = ViewModel;
			sourceTree = "<group>";
		};
		FB7756242E5A05EF00A70F66 /* Model */ = {
			isa = PBXGroup;
			children = (
			);
			path = Model;
			sourceTree = "<group>";
		};
		FB7756252E5A05EF00A70F66 /* Service */ = {
			isa = PBXGroup;
			children = (
			);
			path = Service;
			sourceTree = "<group>";
		};
		FB7756262E5A05F100A70F66 /* Components */ = {
			isa = PBXGroup;
			children = (
			);
			path = Components;
			sourceTree = "<group>";
		};
		FB7756272E5A05F100A70F66 /* View */ = {
			isa = PBXGroup;
			children = (
				FB2BD6732E57710500A790E6 /* SigninView.swift */,
				FB7756312E5A07C300A70F66 /* SignupView.swift */,
				FB7756262E5A05F100A70F66 /* Components */,
			);
			path = View;
			sourceTree = "<group>";
		};
		FB7756282E5A05F100A70F66 /* ViewModel */ = {
			isa = PBXGroup;
			children = (
			);
			path = ViewModel;
			sourceTree = "<group>";
		};
		FB7756292E5A05F100A70F66 /* Model */ = {
			isa = PBXGroup;
			children = (
			);
			path = Model;
			sourceTree = "<group>";
		};
		FB77562A2E5A05F100A70F66 /* Service */ = {
			isa = PBXGroup;
			children = (
			);
			path = Service;
			sourceTree = "<group>";
		};
		FB77562F2E5A076200A70F66 /* Lottie */ = {
			isa = PBXGroup;
			children = (
				FB77562E2E5A076200A70F66 /* LottieView.swift */,
			);
			path = Lottie;
			sourceTree = "<group>";
		};
		FB7756342E5A081800A70F66 /* Main */ = {
			isa = PBXGroup;
			children = (
				FB2725032E511B9F0092408E /* AppTab.swift */,
				FB2724AF2E50CFB90092408E /* AppTabBarView.swift */,
				FB77566E2E5A13B100A70F66 /* AppTabBarViewModel.swift */,
			);
			path = Main;
			sourceTree = "<group>";
		};
		FB77563D2E5A0AE200A70F66 /* Info */ = {
			isa = PBXGroup;
			children = (
				FB7756392E5A0AE200A70F66 /* CareerType.swift */,
				FB77563A2E5A0AE200A70F66 /* CompanyType.swift */,
				FB77563B2E5A0AE200A70F66 /* InterviewInfo.swift */,
				FB77563C2E5A0AE200A70F66 /* RecruitType.swift */,
			);
			path = Info;
			sourceTree = "<group>";
		};
		FB7756422E5A0AE500A70F66 /* Analytics */ = {
			isa = PBXGroup;
			children = (
				FB2BD65B2E57571E00A790E6 /* AnalyticsPreviewMetric.swift */,
				FB2BD6622E575C7E00A790E6 /* InterviewPreviewAnalyzer.swift */,
			);
			path = Analytics;
			sourceTree = "<group>";
		};
		FB77565B2E5A0B4000A70F66 /* Metrics */ = {
			isa = PBXGroup;
			children = (
				FB7756542E5A0B4000A70F66 /* ExpressionMetric.swift */,
				FB7756552E5A0B4000A70F66 /* ExpressionSample.swift */,
				FB7756562E5A0B4000A70F66 /* GazeMetric.swift */,
				FB7756572E5A0B4000A70F66 /* HeadDirectionMetric.swift */,
				FB7756582E5A0B4000A70F66 /* OverallMetrics.swift */,
				FB7756592E5A0B4000A70F66 /* SlienceMetric.swift */,
				FB77565A2E5A0B4000A70F66 /* SpeechSpeedMetric.swift */,
			);
			path = Metrics;
			sourceTree = "<group>";
		};
		FB77565E2E5A0B4000A70F66 /* Result */ = {
			isa = PBXGroup;
			children = (
				FB77565C2E5A0B4000A70F66 /* InterviewResult.swift */,
				FB77565D2E5A0B4000A70F66 /* InterviewTurn.swift */,
				FB77565B2E5A0B4000A70F66 /* Metrics */,
			);
			path = Result;
			sourceTree = "<group>";
		};
		FB77566A2E5A0BFC00A70F66 /* TestDataGenerator */ = {
			isa = PBXGroup;
			children = (
				FB7756692E5A0BFC00A70F66 /* InterviewMockDataGenerator.swift */,
			);
			path = TestDataGenerator;
			sourceTree = "<group>";
		};
		FB7756862E5ABD1D00A70F66 /* Utils */ = {
			isa = PBXGroup;
			children = (
				FB2724FC2E511B610092408E /* FocusTarget.swift */,
			);
			path = Utils;
			sourceTree = "<group>";
		};
		FB7756A52E5B1FEE00A70F66 /* EntryKit */ = {
			isa = PBXGroup;
			children = (
				FB7756A32E5B1FEE00A70F66 /* EntryKitPresenter.swift */,
				FB7756A42E5B1FEE00A70F66 /* ShowFinishInterviewPopUp.swift */,
			);
			path = EntryKit;
			sourceTree = "<group>";
		};
		FB7756AF2E5C962700A70F66 /* Permission */ = {
			isa = PBXGroup;
			children = (
				FB7756AD2E5C962700A70F66 /* AppPermissionStatus.swift */,
				FB7756AE2E5C962700A70F66 /* PermissionService.swift */,
			);
			path = Permission;
			sourceTree = "<group>";
		};
		FB7756BC2E5C9F1D00A70F66 /* STT */ = {
			isa = PBXGroup;
			children = (
				FB7756BA2E5C9F1D00A70F66 /* STTService.swift */,
				FB7756BB2E5C9F1D00A70F66 /* STTServicing.swift */,
			);
			path = STT;
			sourceTree = "<group>";
		};
/* End PBXGroup section */

/* Begin PBXNativeTarget section */
		FB27244F2E50B3CF0092408E /* FirstStepToCareer */ = {
			isa = PBXNativeTarget;
			buildConfigurationList = FB27245B2E50B3D10092408E /* Build configuration list for PBXNativeTarget "FirstStepToCareer" */;
			buildPhases = (
				FB2725192E51F2580092408E /* ShellScript */,
				FB27244C2E50B3CF0092408E /* Sources */,
				FB27244D2E50B3CF0092408E /* Frameworks */,
				FB27244E2E50B3CF0092408E /* Resources */,
			);
			buildRules = (
			);
			dependencies = (
			);
			name = FirstStepToCareer;
			packageProductDependencies = (
				FB1BED742E53743000041053 /* Shimmer */,
				FB1BED832E54B21400041053 /* FirebaseAuth */,
				FB1BED872E54B21400041053 /* FirebaseFirestore */,
				FB2BD6652E576B1800A790E6 /* Lottie */,
				FB7756812E5A470700A70F66 /* AlertToast */,
				FB77569A2E5B05E100A70F66 /* SwiftEntryKit */,
			);
			productName = FirstStepToCareer;
			productReference = FB2724502E50B3CF0092408E /* FirstStepToCareer.app */;
			productType = "com.apple.product-type.application";
		};
/* End PBXNativeTarget section */

/* Begin PBXProject section */
		FB2724482E50B3CF0092408E /* Project object */ = {
			isa = PBXProject;
			attributes = {
				BuildIndependentTargetsInParallel = 1;
				LastSwiftUpdateCheck = 1640;
				LastUpgradeCheck = 1640;
				TargetAttributes = {
					FB27244F2E50B3CF0092408E = {
						CreatedOnToolsVersion = 16.4;
					};
				};
			};
			buildConfigurationList = FB27244B2E50B3CF0092408E /* Build configuration list for PBXProject "FirstStepToCareer" */;
			developmentRegion = ja;
			hasScannedForEncodings = 0;
			knownRegions = (
				Base,
				ja,
			);
			mainGroup = FB2724472E50B3CF0092408E;
			minimizedProjectReferenceProxies = 1;
			packageReferences = (
				FB1BED732E53743000041053 /* XCRemoteSwiftPackageReference "SwiftUI-Shimmer" */,
				FB1BED822E54B21400041053 /* XCRemoteSwiftPackageReference "firebase-ios-sdk" */,
				FB2BD6642E576B1800A790E6 /* XCRemoteSwiftPackageReference "lottie-ios" */,
				FB7756802E5A470700A70F66 /* XCRemoteSwiftPackageReference "AlertToast" */,
				FB7756992E5B05E100A70F66 /* XCRemoteSwiftPackageReference "SwiftEntryKit" */,
			);
			preferredProjectObjectVersion = 77;
			productRefGroup = FB2724512E50B3CF0092408E /* Products */;
			projectDirPath = "";
			projectRoot = "";
			targets = (
				FB27244F2E50B3CF0092408E /* FirstStepToCareer */,
			);
		};
/* End PBXProject section */

/* Begin PBXResourcesBuildPhase section */
		FB27244E2E50B3CF0092408E /* Resources */ = {
			isa = PBXResourcesBuildPhase;
			buildActionMask = 2147483647;
			files = (
				FB2724BC2E50CFB90092408E /* Assets.xcassets in Resources */,
				FB2724E22E50E5200092408E /* NotoSansJP-Regular.ttf in Resources */,
				FB2BD6A42E58E10000A790E6 /* LottieCircleCheckGreen.json in Resources */,
				FB2724E32E50E5200092408E /* NotoSansJP-Bold.ttf in Resources */,
				FB2724E42E50E5200092408E /* NotoSansJP-ExtraBold.ttf in Resources */,
				FB2724E52E50E5200092408E /* NotoSansJP-Black.ttf in Resources */,
				FB2724E62E50E5200092408E /* NotoSansJP-SemiBold.ttf in Resources */,
				FB2724E72E50E5200092408E /* NotoSansJP-Light.ttf in Resources */,
				FB2724E82E50E5200092408E /* NotoSansJP-Medium.ttf in Resources */,
				FB1BED812E54AD2100041053 /* GoogleService-Info.plist in Resources */,
				FB7756C02E5CA71200A70F66 /* LottieCircleCheckWhite.json in Resources */,
				FB2724E92E50E5200092408E /* NotoSansJP-Thin.ttf in Resources */,
				FB2724EA2E50E5200092408E /* NotoSansJP-ExtraLight.ttf in Resources */,
			);
			runOnlyForDeploymentPostprocessing = 0;
		};
/* End PBXResourcesBuildPhase section */

/* Begin PBXShellScriptBuildPhase section */
		FB2725192E51F2580092408E /* ShellScript */ = {
			isa = PBXShellScriptBuildPhase;
			alwaysOutOfDate = 1;
			buildActionMask = 2147483647;
			files = (
			);
			inputFileListPaths = (
			);
			inputPaths = (
			);
			outputFileListPaths = (
			);
			outputPaths = (
			);
			runOnlyForDeploymentPostprocessing = 0;
			shellPath = /bin/sh;
			shellScript = "# Type a script or drag a script file from your workspace to insert its path.\nif [ -x \"/opt/homebrew/bin/swiftlint\" ]; then\n  /opt/homebrew/bin/swiftlint\nelif [ -x \"/usr/local/bin/swiftlint\" ]; then\n  /usr/local/bin/swiftlint\nelse\n  echo \"warning: SwiftLint not installed or not found in expected locations\"\nfi\n\n";
		};
/* End PBXShellScriptBuildPhase section */

/* Begin PBXSourcesBuildPhase section */
		FB27244C2E50B3CF0092408E /* Sources */ = {
			isa = PBXSourcesBuildPhase;
			buildActionMask = 2147483647;
			files = (
				FB77566F2E5A13B100A70F66 /* AppTabBarViewModel.swift in Sources */,
				FB1BED682E528AD900041053 /* TapScaleEffect.swift in Sources */,
				FB2725232E52139A0092408E /* View+AppStyles.swift in Sources */,
				FB2725072E5124110092408E /* InterviewTabViewModel.swift in Sources */,
				FB77562D2E5A072800A70F66 /* ACLottie.swift in Sources */,
				FB7756982E5AF8F300A70F66 /* CameraPreviewView.swift in Sources */,
				FB77563E2E5A0AE200A70F66 /* CareerType.swift in Sources */,
				FB77563F2E5A0AE200A70F66 /* CompanyType.swift in Sources */,
				FB7756B02E5C962700A70F66 /* AppPermissionStatus.swift in Sources */,
				FB7756B12E5C962700A70F66 /* PermissionService.swift in Sources */,
				FB77567B2E5A3A2C00A70F66 /* InterviewInfoTypeNavigationLink.swift in Sources */,
				FB7756402E5A0AE200A70F66 /* InterviewInfo.swift in Sources */,
				FB7756412E5A0AE200A70F66 /* RecruitType.swift in Sources */,
				FB2BD65D2E57571E00A790E6 /* AnalyticsPreviewMetric.swift in Sources */,
				FB7755E62E59BC6100A70F66 /* CameraService.swift in Sources */,
				FB7756A92E5B2CFA00A70F66 /* InterviewViewTopBarExitButton.swift in Sources */,
				FB7755F02E59ED3F00A70F66 /* ACFont.swift in Sources */,
				FB7756C42E5CAD6B00A70F66 /* InterviewViewPreparingHeader.swift in Sources */,
				FB2724B42E50CFB90092408E /* FirstStepToCareerApp.swift in Sources */,
				FB77568E2E5ADBE800A70F66 /* SettingsTabViewModel.swift in Sources */,
				FB2BD6532E574F7E00A790E6 /* InterviewActionRow.swift in Sources */,
				FB1BED772E537AB900041053 /* AnalyticsView.swift in Sources */,
				FB1BED7B2E537AE000041053 /* InterviewInfoFormView.swift in Sources */,
				FB7756322E5A07C300A70F66 /* SignupView.swift in Sources */,
				FB2724B52E50CFB90092408E /* Color+Initializer.swift in Sources */,
				FB7755E82E59BCB700A70F66 /* CameraPreview.swift in Sources */,
				FB27252F2E5229380092408E /* CareerTypeListView.swift in Sources */,
				FB2BD6512E574CF400A790E6 /* AppSectionHeader.swift in Sources */,
				FB2BD64F2E574C6E00A790E6 /* AppSection.swift in Sources */,
				FB27251D2E5201F10092408E /* TabViewHeader.swift in Sources */,
				FB2BD6552E574FF300A790E6 /* GradientRowButton.swift in Sources */,
				FB7755E42E59B6BF00A70F66 /* InterviewViewModel.swift in Sources */,
				FB7756AB2E5B447D00A70F66 /* AppDelegate.swift in Sources */,
				FB77566D2E5A0D0400A70F66 /* RootViewModel.swift in Sources */,
				FB2BD6612E57575300A790E6 /* InterviewMetricRing.swift in Sources */,
				FB1BED792E537AD000041053 /* HistoryListView.swift in Sources */,
				FB7756BD2E5C9F1D00A70F66 /* STTService.swift in Sources */,
				FB7756BE2E5C9F1D00A70F66 /* STTServicing.swift in Sources */,
				FB2725212E5213450092408E /* AppCaptionStyle.swift in Sources */,
				FB7756772E5A2AD500A70F66 /* View+Frames.swift in Sources */,
				FB2BD64D2E573D5500A790E6 /* ResumeView.swift in Sources */,
				FB7755EE2E59EA9E00A70F66 /* ACLayout.swift in Sources */,
				FB2BD6742E57710500A790E6 /* SigninView.swift in Sources */,
				FB7756902E5AE0AD00A70F66 /* CameraConfig.swift in Sources */,
				FB7755E22E59B65B00A70F66 /* InterviewView.swift in Sources */,
				FB77568A2E5ADB8A00A70F66 /* ScheduleTabViewModel.swift in Sources */,
				FB27251F2E52103C0092408E /* String+CustomFunctions.swift in Sources */,
				FB2BD6632E575C7E00A790E6 /* InterviewPreviewAnalyzer.swift in Sources */,
				FB2725052E511B9F0092408E /* AppTab.swift in Sources */,
				FB1BED722E535A4D00041053 /* AppTextField.swift in Sources */,
				FB2BD6862E58903D00A790E6 /* InterviewInfoFormViewModel.swift in Sources */,
				FB7756A62E5B1FEE00A70F66 /* EntryKitPresenter.swift in Sources */,
				FB7756A72E5B1FEE00A70F66 /* ShowFinishInterviewPopUp.swift in Sources */,
				FB77565F2E5A0B4000A70F66 /* ExpressionMetric.swift in Sources */,
				FB7756602E5A0B4000A70F66 /* ExpressionSample.swift in Sources */,
				FB7756B32E5C995600A70F66 /* CameraServicing.swift in Sources */,
				FB7756612E5A0B4000A70F66 /* GazeMetric.swift in Sources */,
				FB7756622E5A0B4000A70F66 /* HeadDirectionMetric.swift in Sources */,
				FB77567F2E5A42CB00A70F66 /* InterviewEngine.swift in Sources */,
				FB7756632E5A0B4000A70F66 /* OverallMetrics.swift in Sources */,
				FB7756642E5A0B4000A70F66 /* SlienceMetric.swift in Sources */,
				FB7756652E5A0B4000A70F66 /* SpeechSpeedMetric.swift in Sources */,
				FB7756662E5A0B4000A70F66 /* InterviewResult.swift in Sources */,
				FB7756672E5A0B4000A70F66 /* InterviewTurn.swift in Sources */,
				FB2BD68E2E58C3B700A790E6 /* Route.swift in Sources */,
				FB7755F22E59EED300A70F66 /* ACColor.swift in Sources */,
				FB2724C42E50DAD40092408E /* ScheduleTabView.swift in Sources */,
				FB1BED6E2E53416C00041053 /* ManagementTabView.swift in Sources */,
				FB1BED6A2E528D9400041053 /* View+TapScaleEffect.swift in Sources */,
				FB77566B2E5A0BFC00A70F66 /* InterviewMockDataGenerator.swift in Sources */,
				FB2724F92E51179D0092408E /* KeyboardPrewarmView.swift in Sources */,
				FB2BD6322E572C3600A790E6 /* InterviewTabView.swift in Sources */,
				FB2724F72E50F9050092408E /* ProgressRing.swift in Sources */,
				FB2725022E511B9F0092408E /* NavigationController.swift in Sources */,
				FB7756882E5AC6F200A70F66 /* InterviewHistoryRow.swift in Sources */,
				FB2724FD2E511B660092408E /* FocusTarget.swift in Sources */,
				FB7756792E5A35B700A70F66 /* RecruitTypeButton.swift in Sources */,
				FB2724D62E50DC190092408E /* SettingsTabView.swift in Sources */,
				FB2724B92E50CFB90092408E /* AppTabBarView.swift in Sources */,
				FB27252D2E52239F0092408E /* CompanyTypeListView.swift in Sources */,
				FB7755F42E59F12800A70F66 /* ACIcon.swift in Sources */,
				FB77568C2E5ADBC400A70F66 /* ManagementTabViewModel.swift in Sources */,
				FB2724BA2E50CFB90092408E /* RootView.swift in Sources */,
				FB2724BB2E50CFB90092408E /* SplashView.swift in Sources */,
				FB7756302E5A076200A70F66 /* LottieView.swift in Sources */,
				FB7756732E5A1BEC00A70F66 /* NavigationBarDismiss.swift in Sources */,
				FB77567D2E5A3D0E00A70F66 /* InterviewInfoFormHeaderCaption.swift in Sources */,
				FB2BD6572E57503F00A790E6 /* InterviewNoDataRow.swift in Sources */,
			);
			runOnlyForDeploymentPostprocessing = 0;
		};
/* End PBXSourcesBuildPhase section */

/* Begin XCBuildConfiguration section */
		FB2724592E50B3D10092408E /* Debug */ = {
			isa = XCBuildConfiguration;
			buildSettings = {
				ALWAYS_SEARCH_USER_PATHS = NO;
				ASSETCATALOG_COMPILER_GENERATE_SWIFT_ASSET_SYMBOL_EXTENSIONS = YES;
				CLANG_ANALYZER_NONNULL = YES;
				CLANG_ANALYZER_NUMBER_OBJECT_CONVERSION = YES_AGGRESSIVE;
				CLANG_CXX_LANGUAGE_STANDARD = "gnu++20";
				CLANG_ENABLE_MODULES = YES;
				CLANG_ENABLE_OBJC_ARC = YES;
				CLANG_ENABLE_OBJC_WEAK = YES;
				CLANG_WARN_BLOCK_CAPTURE_AUTORELEASING = YES;
				CLANG_WARN_BOOL_CONVERSION = YES;
				CLANG_WARN_COMMA = YES;
				CLANG_WARN_CONSTANT_CONVERSION = YES;
				CLANG_WARN_DEPRECATED_OBJC_IMPLEMENTATIONS = YES;
				CLANG_WARN_DIRECT_OBJC_ISA_USAGE = YES_ERROR;
				CLANG_WARN_DOCUMENTATION_COMMENTS = YES;
				CLANG_WARN_EMPTY_BODY = YES;
				CLANG_WARN_ENUM_CONVERSION = YES;
				CLANG_WARN_INFINITE_RECURSION = YES;
				CLANG_WARN_INT_CONVERSION = YES;
				CLANG_WARN_NON_LITERAL_NULL_CONVERSION = YES;
				CLANG_WARN_OBJC_IMPLICIT_RETAIN_SELF = YES;
				CLANG_WARN_OBJC_LITERAL_CONVERSION = YES;
				CLANG_WARN_OBJC_ROOT_CLASS = YES_ERROR;
				CLANG_WARN_QUOTED_INCLUDE_IN_FRAMEWORK_HEADER = YES;
				CLANG_WARN_RANGE_LOOP_ANALYSIS = YES;
				CLANG_WARN_STRICT_PROTOTYPES = YES;
				CLANG_WARN_SUSPICIOUS_MOVE = YES;
				CLANG_WARN_UNGUARDED_AVAILABILITY = YES_AGGRESSIVE;
				CLANG_WARN_UNREACHABLE_CODE = YES;
				CLANG_WARN__DUPLICATE_METHOD_MATCH = YES;
				COPY_PHASE_STRIP = NO;
				DEBUG_INFORMATION_FORMAT = dwarf;
				DEVELOPMENT_TEAM = SHUGXU55KP;
				ENABLE_STRICT_OBJC_MSGSEND = YES;
				ENABLE_TESTABILITY = YES;
				ENABLE_USER_SCRIPT_SANDBOXING = YES;
				GCC_C_LANGUAGE_STANDARD = gnu17;
				GCC_DYNAMIC_NO_PIC = NO;
				GCC_NO_COMMON_BLOCKS = YES;
				GCC_OPTIMIZATION_LEVEL = 0;
				GCC_PREPROCESSOR_DEFINITIONS = (
					"DEBUG=1",
					"$(inherited)",
				);
				GCC_WARN_64_TO_32_BIT_CONVERSION = YES;
				GCC_WARN_ABOUT_RETURN_TYPE = YES_ERROR;
				GCC_WARN_UNDECLARED_SELECTOR = YES;
				GCC_WARN_UNINITIALIZED_AUTOS = YES_AGGRESSIVE;
				GCC_WARN_UNUSED_FUNCTION = YES;
				GCC_WARN_UNUSED_VARIABLE = YES;
				IPHONEOS_DEPLOYMENT_TARGET = 18.5;
				LOCALIZATION_PREFERS_STRING_CATALOGS = YES;
				MTL_ENABLE_DEBUG_INFO = INCLUDE_SOURCE;
				MTL_FAST_MATH = YES;
				ONLY_ACTIVE_ARCH = YES;
				SDKROOT = iphoneos;
				SWIFT_ACTIVE_COMPILATION_CONDITIONS = "DEBUG $(inherited)";
				SWIFT_OPTIMIZATION_LEVEL = "-Onone";
			};
			name = Debug;
		};
		FB27245A2E50B3D10092408E /* Release */ = {
			isa = XCBuildConfiguration;
			buildSettings = {
				ALWAYS_SEARCH_USER_PATHS = NO;
				ASSETCATALOG_COMPILER_GENERATE_SWIFT_ASSET_SYMBOL_EXTENSIONS = YES;
				CLANG_ANALYZER_NONNULL = YES;
				CLANG_ANALYZER_NUMBER_OBJECT_CONVERSION = YES_AGGRESSIVE;
				CLANG_CXX_LANGUAGE_STANDARD = "gnu++20";
				CLANG_ENABLE_MODULES = YES;
				CLANG_ENABLE_OBJC_ARC = YES;
				CLANG_ENABLE_OBJC_WEAK = YES;
				CLANG_WARN_BLOCK_CAPTURE_AUTORELEASING = YES;
				CLANG_WARN_BOOL_CONVERSION = YES;
				CLANG_WARN_COMMA = YES;
				CLANG_WARN_CONSTANT_CONVERSION = YES;
				CLANG_WARN_DEPRECATED_OBJC_IMPLEMENTATIONS = YES;
				CLANG_WARN_DIRECT_OBJC_ISA_USAGE = YES_ERROR;
				CLANG_WARN_DOCUMENTATION_COMMENTS = YES;
				CLANG_WARN_EMPTY_BODY = YES;
				CLANG_WARN_ENUM_CONVERSION = YES;
				CLANG_WARN_INFINITE_RECURSION = YES;
				CLANG_WARN_INT_CONVERSION = YES;
				CLANG_WARN_NON_LITERAL_NULL_CONVERSION = YES;
				CLANG_WARN_OBJC_IMPLICIT_RETAIN_SELF = YES;
				CLANG_WARN_OBJC_LITERAL_CONVERSION = YES;
				CLANG_WARN_OBJC_ROOT_CLASS = YES_ERROR;
				CLANG_WARN_QUOTED_INCLUDE_IN_FRAMEWORK_HEADER = YES;
				CLANG_WARN_RANGE_LOOP_ANALYSIS = YES;
				CLANG_WARN_STRICT_PROTOTYPES = YES;
				CLANG_WARN_SUSPICIOUS_MOVE = YES;
				CLANG_WARN_UNGUARDED_AVAILABILITY = YES_AGGRESSIVE;
				CLANG_WARN_UNREACHABLE_CODE = YES;
				CLANG_WARN__DUPLICATE_METHOD_MATCH = YES;
				COPY_PHASE_STRIP = NO;
				DEBUG_INFORMATION_FORMAT = "dwarf-with-dsym";
				DEVELOPMENT_TEAM = SHUGXU55KP;
				ENABLE_NS_ASSERTIONS = NO;
				ENABLE_STRICT_OBJC_MSGSEND = YES;
				ENABLE_USER_SCRIPT_SANDBOXING = YES;
				GCC_C_LANGUAGE_STANDARD = gnu17;
				GCC_NO_COMMON_BLOCKS = YES;
				GCC_WARN_64_TO_32_BIT_CONVERSION = YES;
				GCC_WARN_ABOUT_RETURN_TYPE = YES_ERROR;
				GCC_WARN_UNDECLARED_SELECTOR = YES;
				GCC_WARN_UNINITIALIZED_AUTOS = YES_AGGRESSIVE;
				GCC_WARN_UNUSED_FUNCTION = YES;
				GCC_WARN_UNUSED_VARIABLE = YES;
				IPHONEOS_DEPLOYMENT_TARGET = 18.5;
				LOCALIZATION_PREFERS_STRING_CATALOGS = YES;
				MTL_ENABLE_DEBUG_INFO = NO;
				MTL_FAST_MATH = YES;
				SDKROOT = iphoneos;
				SWIFT_COMPILATION_MODE = wholemodule;
				VALIDATE_PRODUCT = YES;
			};
			name = Release;
		};
		FB27245C2E50B3D10092408E /* Debug */ = {
			isa = XCBuildConfiguration;
			buildSettings = {
				ASSETCATALOG_COMPILER_APPICON_NAME = AppIcon;
				ASSETCATALOG_COMPILER_GLOBAL_ACCENT_COLOR_NAME = AccentColor;
				CODE_SIGN_STYLE = Automatic;
				CURRENT_PROJECT_VERSION = 1;
				DEVELOPMENT_TEAM = SHUGXU55KP;
				ENABLE_PREVIEWS = YES;
				ENABLE_USER_SCRIPT_SANDBOXING = NO;
				GENERATE_INFOPLIST_FILE = YES;
				INFOPLIST_FILE = FirstStepToCareer/Info.plist;
				INFOPLIST_KEY_CFBundleDisplayName = "就活一歩";
				INFOPLIST_KEY_LSApplicationCategoryType = "public.app-category.business";
				INFOPLIST_KEY_NSCameraUsageDescription = "模擬面接中に表情や視線、顔の向きを分析するためにカメラへのアクセスが必要です。\n";
				INFOPLIST_KEY_NSMicrophoneUsageDescription = "模擬面接の音声を分析するためにマイクへのアクセスが必要です。録音した音声は話す速さや沈黙の割合を評価する目的で使用されます。\n";
				INFOPLIST_KEY_NSSpeechRecognitionUsageDescription = "模擬面接の音声をテキストに変換するために音声認識を使用します。";
				INFOPLIST_KEY_UIApplicationSceneManifest_Generation = YES;
				INFOPLIST_KEY_UIApplicationSupportsIndirectInputEvents = YES;
				INFOPLIST_KEY_UILaunchScreen_Generation = YES;
				INFOPLIST_KEY_UISupportedInterfaceOrientations = UIInterfaceOrientationPortrait;
				INFOPLIST_KEY_UISupportedInterfaceOrientations_iPad = "UIInterfaceOrientationLandscapeLeft UIInterfaceOrientationLandscapeRight UIInterfaceOrientationPortrait UIInterfaceOrientationPortraitUpsideDown";
				IPHONEOS_DEPLOYMENT_TARGET = 17.0;
				LD_RUNPATH_SEARCH_PATHS = (
					"$(inherited)",
					"@executable_path/Frameworks",
				);
				MARKETING_VERSION = 1.0;
				PRODUCT_BUNDLE_IDENTIFIER = io.github.znak99.FirstStepToCareer;
				PRODUCT_NAME = "$(TARGET_NAME)";
				SUPPORTED_PLATFORMS = "iphoneos iphonesimulator";
				SUPPORTS_MACCATALYST = NO;
				SUPPORTS_MAC_DESIGNED_FOR_IPHONE_IPAD = NO;
				SUPPORTS_XR_DESIGNED_FOR_IPHONE_IPAD = NO;
				SWIFT_EMIT_LOC_STRINGS = YES;
				SWIFT_VERSION = 5.0;
				TARGETED_DEVICE_FAMILY = "1,2";
			};
			name = Debug;
		};
		FB27245D2E50B3D10092408E /* Release */ = {
			isa = XCBuildConfiguration;
			buildSettings = {
				ASSETCATALOG_COMPILER_APPICON_NAME = AppIcon;
				ASSETCATALOG_COMPILER_GLOBAL_ACCENT_COLOR_NAME = AccentColor;
				CODE_SIGN_STYLE = Automatic;
				CURRENT_PROJECT_VERSION = 1;
				DEVELOPMENT_TEAM = SHUGXU55KP;
				ENABLE_PREVIEWS = YES;
				ENABLE_USER_SCRIPT_SANDBOXING = NO;
				GENERATE_INFOPLIST_FILE = YES;
				INFOPLIST_FILE = FirstStepToCareer/Info.plist;
				INFOPLIST_KEY_CFBundleDisplayName = "就活一歩";
				INFOPLIST_KEY_LSApplicationCategoryType = "public.app-category.business";
				INFOPLIST_KEY_NSCameraUsageDescription = "模擬面接中に表情や視線、顔の向きを分析するためにカメラへのアクセスが必要です。\n";
				INFOPLIST_KEY_NSMicrophoneUsageDescription = "模擬面接の音声を分析するためにマイクへのアクセスが必要です。録音した音声は話す速さや沈黙の割合を評価する目的で使用されます。\n";
				INFOPLIST_KEY_NSSpeechRecognitionUsageDescription = "模擬面接の音声をテキストに変換するために音声認識を使用します。";
				INFOPLIST_KEY_UIApplicationSceneManifest_Generation = YES;
				INFOPLIST_KEY_UIApplicationSupportsIndirectInputEvents = YES;
				INFOPLIST_KEY_UILaunchScreen_Generation = YES;
				INFOPLIST_KEY_UISupportedInterfaceOrientations = UIInterfaceOrientationPortrait;
				INFOPLIST_KEY_UISupportedInterfaceOrientations_iPad = "UIInterfaceOrientationLandscapeLeft UIInterfaceOrientationLandscapeRight UIInterfaceOrientationPortrait UIInterfaceOrientationPortraitUpsideDown";
				IPHONEOS_DEPLOYMENT_TARGET = 17.0;
				LD_RUNPATH_SEARCH_PATHS = (
					"$(inherited)",
					"@executable_path/Frameworks",
				);
				MARKETING_VERSION = 1.0;
				PRODUCT_BUNDLE_IDENTIFIER = io.github.znak99.FirstStepToCareer;
				PRODUCT_NAME = "$(TARGET_NAME)";
				SUPPORTED_PLATFORMS = "iphoneos iphonesimulator";
				SUPPORTS_MACCATALYST = NO;
				SUPPORTS_MAC_DESIGNED_FOR_IPHONE_IPAD = NO;
				SUPPORTS_XR_DESIGNED_FOR_IPHONE_IPAD = NO;
				SWIFT_EMIT_LOC_STRINGS = YES;
				SWIFT_VERSION = 5.0;
				TARGETED_DEVICE_FAMILY = "1,2";
			};
			name = Release;
		};
/* End XCBuildConfiguration section */

/* Begin XCConfigurationList section */
		FB27244B2E50B3CF0092408E /* Build configuration list for PBXProject "FirstStepToCareer" */ = {
			isa = XCConfigurationList;
			buildConfigurations = (
				FB2724592E50B3D10092408E /* Debug */,
				FB27245A2E50B3D10092408E /* Release */,
			);
			defaultConfigurationIsVisible = 0;
			defaultConfigurationName = Release;
		};
		FB27245B2E50B3D10092408E /* Build configuration list for PBXNativeTarget "FirstStepToCareer" */ = {
			isa = XCConfigurationList;
			buildConfigurations = (
				FB27245C2E50B3D10092408E /* Debug */,
				FB27245D2E50B3D10092408E /* Release */,
			);
			defaultConfigurationIsVisible = 0;
			defaultConfigurationName = Release;
		};
/* End XCConfigurationList section */

/* Begin XCRemoteSwiftPackageReference section */
		FB1BED732E53743000041053 /* XCRemoteSwiftPackageReference "SwiftUI-Shimmer" */ = {
			isa = XCRemoteSwiftPackageReference;
			repositoryURL = "https://github.com/markiv/SwiftUI-Shimmer";
			requirement = {
				kind = upToNextMajorVersion;
				minimumVersion = 1.5.1;
			};
		};
		FB1BED822E54B21400041053 /* XCRemoteSwiftPackageReference "firebase-ios-sdk" */ = {
			isa = XCRemoteSwiftPackageReference;
			repositoryURL = "https://github.com/firebase/firebase-ios-sdk";
			requirement = {
				kind = upToNextMajorVersion;
				minimumVersion = 12.1.0;
			};
		};
		FB2BD6642E576B1800A790E6 /* XCRemoteSwiftPackageReference "lottie-ios" */ = {
			isa = XCRemoteSwiftPackageReference;
			repositoryURL = "https://github.com/airbnb/lottie-ios";
			requirement = {
				kind = upToNextMajorVersion;
				minimumVersion = 4.5.2;
			};
		};
		FB7756802E5A470700A70F66 /* XCRemoteSwiftPackageReference "AlertToast" */ = {
			isa = XCRemoteSwiftPackageReference;
			repositoryURL = "https://github.com/elai950/AlertToast.git";
			requirement = {
				kind = upToNextMajorVersion;
				minimumVersion = 1.3.9;
			};
		};
		FB7756992E5B05E100A70F66 /* XCRemoteSwiftPackageReference "SwiftEntryKit" */ = {
			isa = XCRemoteSwiftPackageReference;
			repositoryURL = "https://github.com/huri000/SwiftEntryKit.git";
			requirement = {
				kind = upToNextMajorVersion;
				minimumVersion = 2.0.0;
			};
		};
/* End XCRemoteSwiftPackageReference section */

/* Begin XCSwiftPackageProductDependency section */
		FB1BED742E53743000041053 /* Shimmer */ = {
			isa = XCSwiftPackageProductDependency;
			package = FB1BED732E53743000041053 /* XCRemoteSwiftPackageReference "SwiftUI-Shimmer" */;
			productName = Shimmer;
		};
		FB1BED832E54B21400041053 /* FirebaseAuth */ = {
			isa = XCSwiftPackageProductDependency;
			package = FB1BED822E54B21400041053 /* XCRemoteSwiftPackageReference "firebase-ios-sdk" */;
			productName = FirebaseAuth;
		};
		FB1BED872E54B21400041053 /* FirebaseFirestore */ = {
			isa = XCSwiftPackageProductDependency;
			package = FB1BED822E54B21400041053 /* XCRemoteSwiftPackageReference "firebase-ios-sdk" */;
			productName = FirebaseFirestore;
		};
		FB2BD6652E576B1800A790E6 /* Lottie */ = {
			isa = XCSwiftPackageProductDependency;
			package = FB2BD6642E576B1800A790E6 /* XCRemoteSwiftPackageReference "lottie-ios" */;
			productName = Lottie;
		};
		FB7756812E5A470700A70F66 /* AlertToast */ = {
			isa = XCSwiftPackageProductDependency;
			package = FB7756802E5A470700A70F66 /* XCRemoteSwiftPackageReference "AlertToast" */;
			productName = AlertToast;
		};
		FB77569A2E5B05E100A70F66 /* SwiftEntryKit */ = {
			isa = XCSwiftPackageProductDependency;
			package = FB7756992E5B05E100A70F66 /* XCRemoteSwiftPackageReference "SwiftEntryKit" */;
			productName = SwiftEntryKit;
		};
/* End XCSwiftPackageProductDependency section */
	};
	rootObject = FB2724482E50B3CF0092408E /* Project object */;
}
