// !$*UTF8*$!
{
	archiveVersion = 1;
	classes = {
	};
	objectVersion = 77;
	objects = {

/* Begin PBXBuildFile section */
		FB1BED682E528AD900041053 /* TapScaleEffect.swift in Sources */ = {isa = PBXBuildFile; fileRef = FB1BED672E528AC900041053 /* TapScaleEffect.swift */; };
		FB1BED6A2E528D9400041053 /* View+TapScaleEffect.swift in Sources */ = {isa = PBXBuildFile; fileRef = FB1BED692E528D8A00041053 /* View+TapScaleEffect.swift */; };
		FB1BED6E2E53416C00041053 /* ManagementTabView.swift in Sources */ = {isa = PBXBuildFile; fileRef = FB1BED6D2E53416C00041053 /* ManagementTabView.swift */; };
		FB1BED722E535A4D00041053 /* CustomTextField.swift in Sources */ = {isa = PBXBuildFile; fileRef = FB1BED712E535A4D00041053 /* CustomTextField.swift */; };
		FB1BED752E53743000041053 /* Shimmer in Frameworks */ = {isa = PBXBuildFile; productRef = FB1BED742E53743000041053 /* Shimmer */; };
		FB1BED772E537AB900041053 /* InterviewAnalyticsView.swift in Sources */ = {isa = PBXBuildFile; fileRef = FB1BED762E537AB900041053 /* InterviewAnalyticsView.swift */; };
		FB1BED792E537AD000041053 /* InterviewHistoryListView.swift in Sources */ = {isa = PBXBuildFile; fileRef = FB1BED782E537AD000041053 /* InterviewHistoryListView.swift */; };
		FB1BED7B2E537AE000041053 /* InterviewPrepareView.swift in Sources */ = {isa = PBXBuildFile; fileRef = FB1BED7A2E537AE000041053 /* InterviewPrepareView.swift */; };
		FB1BED812E54AD2100041053 /* GoogleService-Info.plist in Resources */ = {isa = PBXBuildFile; fileRef = FB1BED802E54AD2100041053 /* GoogleService-Info.plist */; };
		FB1BED842E54B21400041053 /* FirebaseAuth in Frameworks */ = {isa = PBXBuildFile; productRef = FB1BED832E54B21400041053 /* FirebaseAuth */; };
		FB1BED862E54B21400041053 /* FirebaseAuthCombine-Community in Frameworks */ = {isa = PBXBuildFile; productRef = FB1BED852E54B21400041053 /* FirebaseAuthCombine-Community */; };
		FB1BED882E54B21400041053 /* FirebaseFirestore in Frameworks */ = {isa = PBXBuildFile; productRef = FB1BED872E54B21400041053 /* FirebaseFirestore */; };
		FB1BED8A2E54B21400041053 /* FirebaseFirestoreCombine-Community in Frameworks */ = {isa = PBXBuildFile; productRef = FB1BED892E54B21400041053 /* FirebaseFirestoreCombine-Community */; };
		FB1BEDA32E54B4B800041053 /* CareerType.swift in Sources */ = {isa = PBXBuildFile; fileRef = FB1BED9E2E54B4B800041053 /* CareerType.swift */; };
		FB1BEDA42E54B4B800041053 /* CompanyType.swift in Sources */ = {isa = PBXBuildFile; fileRef = FB1BED9F2E54B4B800041053 /* CompanyType.swift */; };
		FB1BEDA52E54B4B800041053 /* InterviewInfo.swift in Sources */ = {isa = PBXBuildFile; fileRef = FB1BEDA02E54B4B800041053 /* InterviewInfo.swift */; };
		FB1BEDA62E54B4B800041053 /* RecruitType.swift in Sources */ = {isa = PBXBuildFile; fileRef = FB1BEDA12E54B4B800041053 /* RecruitType.swift */; };
		FB1BEDAA2E54B4DD00041053 /* InterviewResult.swift in Sources */ = {isa = PBXBuildFile; fileRef = FB1BEDA82E54B4DD00041053 /* InterviewResult.swift */; };
		FB1BEDAC2E54B50700041053 /* InterviewTurn.swift in Sources */ = {isa = PBXBuildFile; fileRef = FB1BEDAB2E54B4F500041053 /* InterviewTurn.swift */; };
		FB1BEDAE2E54B55400041053 /* SpeechSpeedMetric.swift in Sources */ = {isa = PBXBuildFile; fileRef = FB1BEDAD2E54B54B00041053 /* SpeechSpeedMetric.swift */; };
		FB1BEDB02E54B5E000041053 /* SlienceMetric.swift in Sources */ = {isa = PBXBuildFile; fileRef = FB1BEDAF2E54B5D600041053 /* SlienceMetric.swift */; };
		FB1BEDBA2E54B66D00041053 /* HeadDirectionMetric.swift in Sources */ = {isa = PBXBuildFile; fileRef = FB1BEDB82E54B66D00041053 /* HeadDirectionMetric.swift */; };
		FB1BEDBE2E54B68B00041053 /* GazeMetric.swift in Sources */ = {isa = PBXBuildFile; fileRef = FB1BEDBD2E54B68300041053 /* GazeMetric.swift */; };
		FB1BEDC02E54B6C600041053 /* ExpressionMetric.swift in Sources */ = {isa = PBXBuildFile; fileRef = FB1BEDBF2E54B6C100041053 /* ExpressionMetric.swift */; };
		FB1BEDC22E54B6ED00041053 /* ExpressionSample.swift in Sources */ = {isa = PBXBuildFile; fileRef = FB1BEDC12E54B6E100041053 /* ExpressionSample.swift */; };
		FB1BEDC62E54B75700041053 /* OverallMetrics.swift in Sources */ = {isa = PBXBuildFile; fileRef = FB1BEDC52E54B75500041053 /* OverallMetrics.swift */; };
		FB1BEDCA2E54B8F000041053 /* InterviewMockDataGenerator.swift in Sources */ = {isa = PBXBuildFile; fileRef = FB1BEDC92E54B8F000041053 /* InterviewMockDataGenerator.swift */; };
		FB2724B42E50CFB90092408E /* FirstStepToCareerApp.swift in Sources */ = {isa = PBXBuildFile; fileRef = FB2724A52E50CFB90092408E /* FirstStepToCareerApp.swift */; };
		FB2724B52E50CFB90092408E /* Color+AppColors.swift in Sources */ = {isa = PBXBuildFile; fileRef = FB2724A72E50CFB90092408E /* Color+AppColors.swift */; };
		FB2724B92E50CFB90092408E /* CustomTabBarView.swift in Sources */ = {isa = PBXBuildFile; fileRef = FB2724AF2E50CFB90092408E /* CustomTabBarView.swift */; };
		FB2724BA2E50CFB90092408E /* RootView.swift in Sources */ = {isa = PBXBuildFile; fileRef = FB2724B02E50CFB90092408E /* RootView.swift */; };
		FB2724BB2E50CFB90092408E /* SplashView.swift in Sources */ = {isa = PBXBuildFile; fileRef = FB2724B12E50CFB90092408E /* SplashView.swift */; };
		FB2724BC2E50CFB90092408E /* Assets.xcassets in Resources */ = {isa = PBXBuildFile; fileRef = FB2724AD2E50CFB90092408E /* Assets.xcassets */; };
		FB2724C42E50DAD40092408E /* ScheduleTabView.swift in Sources */ = {isa = PBXBuildFile; fileRef = FB2724C32E50DAD40092408E /* ScheduleTabView.swift */; };
		FB2724D62E50DC190092408E /* SettingsTabView.swift in Sources */ = {isa = PBXBuildFile; fileRef = FB2724D52E50DC190092408E /* SettingsTabView.swift */; };
		FB2724E22E50E5200092408E /* NotoSansJP-Regular.ttf in Resources */ = {isa = PBXBuildFile; fileRef = FB2724DF2E50E5200092408E /* NotoSansJP-Regular.ttf */; };
		FB2724E32E50E5200092408E /* NotoSansJP-Bold.ttf in Resources */ = {isa = PBXBuildFile; fileRef = FB2724DA2E50E5200092408E /* NotoSansJP-Bold.ttf */; };
		FB2724E42E50E5200092408E /* NotoSansJP-ExtraBold.ttf in Resources */ = {isa = PBXBuildFile; fileRef = FB2724DB2E50E5200092408E /* NotoSansJP-ExtraBold.ttf */; };
		FB2724E52E50E5200092408E /* NotoSansJP-Black.ttf in Resources */ = {isa = PBXBuildFile; fileRef = FB2724D92E50E5200092408E /* NotoSansJP-Black.ttf */; };
		FB2724E62E50E5200092408E /* NotoSansJP-SemiBold.ttf in Resources */ = {isa = PBXBuildFile; fileRef = FB2724E02E50E5200092408E /* NotoSansJP-SemiBold.ttf */; };
		FB2724E72E50E5200092408E /* NotoSansJP-Light.ttf in Resources */ = {isa = PBXBuildFile; fileRef = FB2724DD2E50E5200092408E /* NotoSansJP-Light.ttf */; };
		FB2724E82E50E5200092408E /* NotoSansJP-Medium.ttf in Resources */ = {isa = PBXBuildFile; fileRef = FB2724DE2E50E5200092408E /* NotoSansJP-Medium.ttf */; };
		FB2724E92E50E5200092408E /* NotoSansJP-Thin.ttf in Resources */ = {isa = PBXBuildFile; fileRef = FB2724E12E50E5200092408E /* NotoSansJP-Thin.ttf */; };
		FB2724EA2E50E5200092408E /* NotoSansJP-ExtraLight.ttf in Resources */ = {isa = PBXBuildFile; fileRef = FB2724DC2E50E5200092408E /* NotoSansJP-ExtraLight.ttf */; };
		FB2724ED2E50E5DA0092408E /* Font+AppFonts.swift in Sources */ = {isa = PBXBuildFile; fileRef = FB2724EC2E50E5DA0092408E /* Font+AppFonts.swift */; };
		FB2724EF2E50EE960092408E /* AppConstant.swift in Sources */ = {isa = PBXBuildFile; fileRef = FB2724EE2E50EE960092408E /* AppConstant.swift */; };
		FB2724F12E50F6720092408E /* SampleView.swift in Sources */ = {isa = PBXBuildFile; fileRef = FB2724F02E50F6720092408E /* SampleView.swift */; };
		FB2724F72E50F9050092408E /* ProgressRing.swift in Sources */ = {isa = PBXBuildFile; fileRef = FB2724F62E50F9050092408E /* ProgressRing.swift */; };
		FB2724F92E51179D0092408E /* KeyboardPrewarmView.swift in Sources */ = {isa = PBXBuildFile; fileRef = FB2724F82E51179D0092408E /* KeyboardPrewarmView.swift */; };
		FB2724FD2E511B660092408E /* FocusTarget.swift in Sources */ = {isa = PBXBuildFile; fileRef = FB2724FC2E511B610092408E /* FocusTarget.swift */; };
		FB2725022E511B9F0092408E /* NavigationController.swift in Sources */ = {isa = PBXBuildFile; fileRef = FB2725002E511B9F0092408E /* NavigationController.swift */; };
		FB2725052E511B9F0092408E /* AppTab.swift in Sources */ = {isa = PBXBuildFile; fileRef = FB2725032E511B9F0092408E /* AppTab.swift */; };
		FB2725072E5124110092408E /* InterviewTabViewModel.swift in Sources */ = {isa = PBXBuildFile; fileRef = FB2725062E5124110092408E /* InterviewTabViewModel.swift */; };
		FB27251D2E5201F10092408E /* TabViewHeader.swift in Sources */ = {isa = PBXBuildFile; fileRef = FB27251C2E5201F00092408E /* TabViewHeader.swift */; };
		FB27251F2E52103C0092408E /* String+CustomFunctions.swift in Sources */ = {isa = PBXBuildFile; fileRef = FB27251E2E5210250092408E /* String+CustomFunctions.swift */; };
		FB2725212E5213450092408E /* AppCaptionStyle.swift in Sources */ = {isa = PBXBuildFile; fileRef = FB2725202E5213390092408E /* AppCaptionStyle.swift */; };
		FB2725232E52139A0092408E /* View+AppStyles.swift in Sources */ = {isa = PBXBuildFile; fileRef = FB2725222E52138E0092408E /* View+AppStyles.swift */; };
		FB27252D2E52239F0092408E /* InterviewInfoCompanyTypeListView.swift in Sources */ = {isa = PBXBuildFile; fileRef = FB27252C2E52239F0092408E /* InterviewInfoCompanyTypeListView.swift */; };
		FB27252F2E5229380092408E /* InterviewInfoCareerTypeListView.swift in Sources */ = {isa = PBXBuildFile; fileRef = FB27252E2E5229380092408E /* InterviewInfoCareerTypeListView.swift */; };
		FB2BD61C2E56108E00A790E6 /* InterviewTabIcon.swift in Sources */ = {isa = PBXBuildFile; fileRef = FB2BD61B2E56108300A790E6 /* InterviewTabIcon.swift */; };
		FB2BD61E2E56135400A790E6 /* SFSymbolsIcon.swift in Sources */ = {isa = PBXBuildFile; fileRef = FB2BD61D2E56135400A790E6 /* SFSymbolsIcon.swift */; };
		FB2BD6262E56248C00A790E6 /* ScheduleTabIcon.swift in Sources */ = {isa = PBXBuildFile; fileRef = FB2BD6252E56248C00A790E6 /* ScheduleTabIcon.swift */; };
		FB2BD6282E5624A200A790E6 /* ManagementTabIcon.swift in Sources */ = {isa = PBXBuildFile; fileRef = FB2BD6272E5624A200A790E6 /* ManagementTabIcon.swift */; };
		FB2BD62A2E562B1E00A790E6 /* GlobalIcon.swift in Sources */ = {isa = PBXBuildFile; fileRef = FB2BD6292E562B1700A790E6 /* GlobalIcon.swift */; };
		FB2BD6322E572C3600A790E6 /* InterviewTabView.swift in Sources */ = {isa = PBXBuildFile; fileRef = FB2BD6302E572C3600A790E6 /* InterviewTabView.swift */; };
		FB2BD64D2E573D5500A790E6 /* InterviewResumeView.swift in Sources */ = {isa = PBXBuildFile; fileRef = FB2BD64C2E573D5500A790E6 /* InterviewResumeView.swift */; };
		FB2BD64F2E574C6E00A790E6 /* AppSection.swift in Sources */ = {isa = PBXBuildFile; fileRef = FB2BD64E2E574C6E00A790E6 /* AppSection.swift */; };
		FB2BD6512E574CF400A790E6 /* AppSectionHeader.swift in Sources */ = {isa = PBXBuildFile; fileRef = FB2BD6502E574CF400A790E6 /* AppSectionHeader.swift */; };
		FB2BD6532E574F7E00A790E6 /* InterviewActionRow.swift in Sources */ = {isa = PBXBuildFile; fileRef = FB2BD6522E574F7E00A790E6 /* InterviewActionRow.swift */; };
		FB2BD6552E574FF300A790E6 /* GradientNavigationButton.swift in Sources */ = {isa = PBXBuildFile; fileRef = FB2BD6542E574FF300A790E6 /* GradientNavigationButton.swift */; };
		FB2BD6572E57503F00A790E6 /* InterviewNoDataRow.swift in Sources */ = {isa = PBXBuildFile; fileRef = FB2BD6562E57503F00A790E6 /* InterviewNoDataRow.swift */; };
		FB2BD65D2E57571E00A790E6 /* AnalyticsPreviewMetric.swift in Sources */ = {isa = PBXBuildFile; fileRef = FB2BD65B2E57571E00A790E6 /* AnalyticsPreviewMetric.swift */; };
		FB2BD6612E57575300A790E6 /* InterviewMetricRing.swift in Sources */ = {isa = PBXBuildFile; fileRef = FB2BD6602E57575300A790E6 /* InterviewMetricRing.swift */; };
		FB2BD6632E575C7E00A790E6 /* InterviewPreviewAnalyzer.swift in Sources */ = {isa = PBXBuildFile; fileRef = FB2BD6622E575C7E00A790E6 /* InterviewPreviewAnalyzer.swift */; };
		FB2BD6662E576B1800A790E6 /* Lottie in Frameworks */ = {isa = PBXBuildFile; productRef = FB2BD6652E576B1800A790E6 /* Lottie */; };
		FB2BD6742E57710500A790E6 /* SigninView.swift in Sources */ = {isa = PBXBuildFile; fileRef = FB2BD6732E57710500A790E6 /* SigninView.swift */; };
		FB2BD67C2E5775E600A790E6 /* InterviewTabViewState.swift in Sources */ = {isa = PBXBuildFile; fileRef = FB2BD67B2E5775E600A790E6 /* InterviewTabViewState.swift */; };
		FB2BD6842E588DB900A790E6 /* InterviewManager.swift in Sources */ = {isa = PBXBuildFile; fileRef = FB2BD6832E588DB900A790E6 /* InterviewManager.swift */; };
		FB2BD6862E58903D00A790E6 /* InterviewPrepareViewModel.swift in Sources */ = {isa = PBXBuildFile; fileRef = FB2BD6852E58903D00A790E6 /* InterviewPrepareViewModel.swift */; };
		FB2BD6882E58A49600A790E6 /* InterviewPrepareRecruitTypeButton.swift in Sources */ = {isa = PBXBuildFile; fileRef = FB2BD6872E58A49600A790E6 /* InterviewPrepareRecruitTypeButton.swift */; };
		FB2BD68A2E58B37600A790E6 /* InterviewPrepareIcon.swift in Sources */ = {isa = PBXBuildFile; fileRef = FB2BD6892E58B36400A790E6 /* InterviewPrepareIcon.swift */; };
		FB2BD68E2E58C3B700A790E6 /* Route.swift in Sources */ = {isa = PBXBuildFile; fileRef = FB2BD68C2E58C3B700A790E6 /* Route.swift */; };
		FB2BD6A02E58DA8000A790E6 /* LottieView.swift in Sources */ = {isa = PBXBuildFile; fileRef = FB2BD69E2E58DA8000A790E6 /* LottieView.swift */; };
		FB2BD6A22E58DABA00A790E6 /* LottieAnimation.swift in Sources */ = {isa = PBXBuildFile; fileRef = FB2BD6A12E58DAA100A790E6 /* LottieAnimation.swift */; };
		FB2BD6A42E58E10000A790E6 /* RottieCircleCheck.json in Resources */ = {isa = PBXBuildFile; fileRef = FB2BD6A32E58E10000A790E6 /* RottieCircleCheck.json */; };
/* End PBXBuildFile section */

/* Begin PBXFileReference section */
		FB1BED672E528AC900041053 /* TapScaleEffect.swift */ = {isa = PBXFileReference; lastKnownFileType = sourcecode.swift; path = TapScaleEffect.swift; sourceTree = "<group>"; };
		FB1BED692E528D8A00041053 /* View+TapScaleEffect.swift */ = {isa = PBXFileReference; lastKnownFileType = sourcecode.swift; path = "View+TapScaleEffect.swift"; sourceTree = "<group>"; };
		FB1BED6D2E53416C00041053 /* ManagementTabView.swift */ = {isa = PBXFileReference; lastKnownFileType = sourcecode.swift; path = ManagementTabView.swift; sourceTree = "<group>"; };
		FB1BED712E535A4D00041053 /* CustomTextField.swift */ = {isa = PBXFileReference; lastKnownFileType = sourcecode.swift; path = CustomTextField.swift; sourceTree = "<group>"; };
		FB1BED762E537AB900041053 /* InterviewAnalyticsView.swift */ = {isa = PBXFileReference; lastKnownFileType = sourcecode.swift; path = InterviewAnalyticsView.swift; sourceTree = "<group>"; };
		FB1BED782E537AD000041053 /* InterviewHistoryListView.swift */ = {isa = PBXFileReference; lastKnownFileType = sourcecode.swift; path = InterviewHistoryListView.swift; sourceTree = "<group>"; };
		FB1BED7A2E537AE000041053 /* InterviewPrepareView.swift */ = {isa = PBXFileReference; lastKnownFileType = sourcecode.swift; path = InterviewPrepareView.swift; sourceTree = "<group>"; };
		FB1BED802E54AD2100041053 /* GoogleService-Info.plist */ = {isa = PBXFileReference; lastKnownFileType = text.plist.xml; path = "GoogleService-Info.plist"; sourceTree = "<group>"; };
		FB1BED9E2E54B4B800041053 /* CareerType.swift */ = {isa = PBXFileReference; lastKnownFileType = sourcecode.swift; path = CareerType.swift; sourceTree = "<group>"; };
		FB1BED9F2E54B4B800041053 /* CompanyType.swift */ = {isa = PBXFileReference; lastKnownFileType = sourcecode.swift; path = CompanyType.swift; sourceTree = "<group>"; };
		FB1BEDA02E54B4B800041053 /* InterviewInfo.swift */ = {isa = PBXFileReference; lastKnownFileType = sourcecode.swift; path = InterviewInfo.swift; sourceTree = "<group>"; };
		FB1BEDA12E54B4B800041053 /* RecruitType.swift */ = {isa = PBXFileReference; lastKnownFileType = sourcecode.swift; path = RecruitType.swift; sourceTree = "<group>"; };
		FB1BEDA82E54B4DD00041053 /* InterviewResult.swift */ = {isa = PBXFileReference; lastKnownFileType = sourcecode.swift; path = InterviewResult.swift; sourceTree = "<group>"; };
		FB1BEDAB2E54B4F500041053 /* InterviewTurn.swift */ = {isa = PBXFileReference; lastKnownFileType = sourcecode.swift; path = InterviewTurn.swift; sourceTree = "<group>"; };
		FB1BEDAD2E54B54B00041053 /* SpeechSpeedMetric.swift */ = {isa = PBXFileReference; lastKnownFileType = sourcecode.swift; path = SpeechSpeedMetric.swift; sourceTree = "<group>"; };
		FB1BEDAF2E54B5D600041053 /* SlienceMetric.swift */ = {isa = PBXFileReference; lastKnownFileType = sourcecode.swift; path = SlienceMetric.swift; sourceTree = "<group>"; };
		FB1BEDB82E54B66D00041053 /* HeadDirectionMetric.swift */ = {isa = PBXFileReference; lastKnownFileType = sourcecode.swift; path = HeadDirectionMetric.swift; sourceTree = "<group>"; };
		FB1BEDBD2E54B68300041053 /* GazeMetric.swift */ = {isa = PBXFileReference; lastKnownFileType = sourcecode.swift; path = GazeMetric.swift; sourceTree = "<group>"; };
		FB1BEDBF2E54B6C100041053 /* ExpressionMetric.swift */ = {isa = PBXFileReference; lastKnownFileType = sourcecode.swift; path = ExpressionMetric.swift; sourceTree = "<group>"; };
		FB1BEDC12E54B6E100041053 /* ExpressionSample.swift */ = {isa = PBXFileReference; lastKnownFileType = sourcecode.swift; path = ExpressionSample.swift; sourceTree = "<group>"; };
		FB1BEDC52E54B75500041053 /* OverallMetrics.swift */ = {isa = PBXFileReference; lastKnownFileType = sourcecode.swift; path = OverallMetrics.swift; sourceTree = "<group>"; };
		FB1BEDC92E54B8F000041053 /* InterviewMockDataGenerator.swift */ = {isa = PBXFileReference; lastKnownFileType = sourcecode.swift; path = InterviewMockDataGenerator.swift; sourceTree = "<group>"; };
		FB2724502E50B3CF0092408E /* FirstStepToCareer.app */ = {isa = PBXFileReference; explicitFileType = wrapper.application; includeInIndex = 0; path = FirstStepToCareer.app; sourceTree = BUILT_PRODUCTS_DIR; };
		FB2724A52E50CFB90092408E /* FirstStepToCareerApp.swift */ = {isa = PBXFileReference; lastKnownFileType = sourcecode.swift; path = FirstStepToCareerApp.swift; sourceTree = "<group>"; };
		FB2724A72E50CFB90092408E /* Color+AppColors.swift */ = {isa = PBXFileReference; lastKnownFileType = sourcecode.swift; path = "Color+AppColors.swift"; sourceTree = "<group>"; };
		FB2724AD2E50CFB90092408E /* Assets.xcassets */ = {isa = PBXFileReference; lastKnownFileType = folder.assetcatalog; path = Assets.xcassets; sourceTree = "<group>"; };
		FB2724AF2E50CFB90092408E /* CustomTabBarView.swift */ = {isa = PBXFileReference; lastKnownFileType = sourcecode.swift; path = CustomTabBarView.swift; sourceTree = "<group>"; };
		FB2724B02E50CFB90092408E /* RootView.swift */ = {isa = PBXFileReference; lastKnownFileType = sourcecode.swift; path = RootView.swift; sourceTree = "<group>"; };
		FB2724B12E50CFB90092408E /* SplashView.swift */ = {isa = PBXFileReference; lastKnownFileType = sourcecode.swift; path = SplashView.swift; sourceTree = "<group>"; };
		FB2724C32E50DAD40092408E /* ScheduleTabView.swift */ = {isa = PBXFileReference; lastKnownFileType = sourcecode.swift; path = ScheduleTabView.swift; sourceTree = "<group>"; };
		FB2724D52E50DC190092408E /* SettingsTabView.swift */ = {isa = PBXFileReference; lastKnownFileType = sourcecode.swift; path = SettingsTabView.swift; sourceTree = "<group>"; };
		FB2724D92E50E5200092408E /* NotoSansJP-Black.ttf */ = {isa = PBXFileReference; lastKnownFileType = file; path = "NotoSansJP-Black.ttf"; sourceTree = "<group>"; };
		FB2724DA2E50E5200092408E /* NotoSansJP-Bold.ttf */ = {isa = PBXFileReference; lastKnownFileType = file; path = "NotoSansJP-Bold.ttf"; sourceTree = "<group>"; };
		FB2724DB2E50E5200092408E /* NotoSansJP-ExtraBold.ttf */ = {isa = PBXFileReference; lastKnownFileType = file; path = "NotoSansJP-ExtraBold.ttf"; sourceTree = "<group>"; };
		FB2724DC2E50E5200092408E /* NotoSansJP-ExtraLight.ttf */ = {isa = PBXFileReference; lastKnownFileType = file; path = "NotoSansJP-ExtraLight.ttf"; sourceTree = "<group>"; };
		FB2724DD2E50E5200092408E /* NotoSansJP-Light.ttf */ = {isa = PBXFileReference; lastKnownFileType = file; path = "NotoSansJP-Light.ttf"; sourceTree = "<group>"; };
		FB2724DE2E50E5200092408E /* NotoSansJP-Medium.ttf */ = {isa = PBXFileReference; lastKnownFileType = file; path = "NotoSansJP-Medium.ttf"; sourceTree = "<group>"; };
		FB2724DF2E50E5200092408E /* NotoSansJP-Regular.ttf */ = {isa = PBXFileReference; lastKnownFileType = file; path = "NotoSansJP-Regular.ttf"; sourceTree = "<group>"; };
		FB2724E02E50E5200092408E /* NotoSansJP-SemiBold.ttf */ = {isa = PBXFileReference; lastKnownFileType = file; path = "NotoSansJP-SemiBold.ttf"; sourceTree = "<group>"; };
		FB2724E12E50E5200092408E /* NotoSansJP-Thin.ttf */ = {isa = PBXFileReference; lastKnownFileType = file; path = "NotoSansJP-Thin.ttf"; sourceTree = "<group>"; };
		FB2724EB2E50E5330092408E /* Info.plist */ = {isa = PBXFileReference; lastKnownFileType = text.plist.xml; path = Info.plist; sourceTree = "<group>"; };
		FB2724EC2E50E5DA0092408E /* Font+AppFonts.swift */ = {isa = PBXFileReference; lastKnownFileType = sourcecode.swift; path = "Font+AppFonts.swift"; sourceTree = "<group>"; };
		FB2724EE2E50EE960092408E /* AppConstant.swift */ = {isa = PBXFileReference; lastKnownFileType = sourcecode.swift; path = AppConstant.swift; sourceTree = "<group>"; };
		FB2724F02E50F6720092408E /* SampleView.swift */ = {isa = PBXFileReference; lastKnownFileType = sourcecode.swift; path = SampleView.swift; sourceTree = "<group>"; };
		FB2724F62E50F9050092408E /* ProgressRing.swift */ = {isa = PBXFileReference; lastKnownFileType = sourcecode.swift; path = ProgressRing.swift; sourceTree = "<group>"; };
		FB2724F82E51179D0092408E /* KeyboardPrewarmView.swift */ = {isa = PBXFileReference; lastKnownFileType = sourcecode.swift; path = KeyboardPrewarmView.swift; sourceTree = "<group>"; };
		FB2724FC2E511B610092408E /* FocusTarget.swift */ = {isa = PBXFileReference; lastKnownFileType = sourcecode.swift; path = FocusTarget.swift; sourceTree = "<group>"; };
		FB2725002E511B9F0092408E /* NavigationController.swift */ = {isa = PBXFileReference; lastKnownFileType = sourcecode.swift; path = NavigationController.swift; sourceTree = "<group>"; };
		FB2725032E511B9F0092408E /* AppTab.swift */ = {isa = PBXFileReference; lastKnownFileType = sourcecode.swift; path = AppTab.swift; sourceTree = "<group>"; };
		FB2725062E5124110092408E /* InterviewTabViewModel.swift */ = {isa = PBXFileReference; lastKnownFileType = sourcecode.swift; path = InterviewTabViewModel.swift; sourceTree = "<group>"; };
		FB27251C2E5201F00092408E /* TabViewHeader.swift */ = {isa = PBXFileReference; lastKnownFileType = sourcecode.swift; path = TabViewHeader.swift; sourceTree = "<group>"; };
		FB27251E2E5210250092408E /* String+CustomFunctions.swift */ = {isa = PBXFileReference; lastKnownFileType = sourcecode.swift; path = "String+CustomFunctions.swift"; sourceTree = "<group>"; };
		FB2725202E5213390092408E /* AppCaptionStyle.swift */ = {isa = PBXFileReference; lastKnownFileType = sourcecode.swift; path = AppCaptionStyle.swift; sourceTree = "<group>"; };
		FB2725222E52138E0092408E /* View+AppStyles.swift */ = {isa = PBXFileReference; lastKnownFileType = sourcecode.swift; path = "View+AppStyles.swift"; sourceTree = "<group>"; };
		FB27252C2E52239F0092408E /* InterviewInfoCompanyTypeListView.swift */ = {isa = PBXFileReference; lastKnownFileType = sourcecode.swift; path = InterviewInfoCompanyTypeListView.swift; sourceTree = "<group>"; };
		FB27252E2E5229380092408E /* InterviewInfoCareerTypeListView.swift */ = {isa = PBXFileReference; lastKnownFileType = sourcecode.swift; path = InterviewInfoCareerTypeListView.swift; sourceTree = "<group>"; };
		FB2BD61B2E56108300A790E6 /* InterviewTabIcon.swift */ = {isa = PBXFileReference; lastKnownFileType = sourcecode.swift; path = InterviewTabIcon.swift; sourceTree = "<group>"; };
		FB2BD61D2E56135400A790E6 /* SFSymbolsIcon.swift */ = {isa = PBXFileReference; lastKnownFileType = sourcecode.swift; path = SFSymbolsIcon.swift; sourceTree = "<group>"; };
		FB2BD6252E56248C00A790E6 /* ScheduleTabIcon.swift */ = {isa = PBXFileReference; lastKnownFileType = sourcecode.swift; path = ScheduleTabIcon.swift; sourceTree = "<group>"; };
		FB2BD6272E5624A200A790E6 /* ManagementTabIcon.swift */ = {isa = PBXFileReference; lastKnownFileType = sourcecode.swift; path = ManagementTabIcon.swift; sourceTree = "<group>"; };
		FB2BD6292E562B1700A790E6 /* GlobalIcon.swift */ = {isa = PBXFileReference; lastKnownFileType = sourcecode.swift; path = GlobalIcon.swift; sourceTree = "<group>"; };
		FB2BD6302E572C3600A790E6 /* InterviewTabView.swift */ = {isa = PBXFileReference; lastKnownFileType = sourcecode.swift; path = InterviewTabView.swift; sourceTree = "<group>"; };
		FB2BD64C2E573D5500A790E6 /* InterviewResumeView.swift */ = {isa = PBXFileReference; lastKnownFileType = sourcecode.swift; path = InterviewResumeView.swift; sourceTree = "<group>"; };
		FB2BD64E2E574C6E00A790E6 /* AppSection.swift */ = {isa = PBXFileReference; lastKnownFileType = sourcecode.swift; path = AppSection.swift; sourceTree = "<group>"; };
		FB2BD6502E574CF400A790E6 /* AppSectionHeader.swift */ = {isa = PBXFileReference; lastKnownFileType = sourcecode.swift; path = AppSectionHeader.swift; sourceTree = "<group>"; };
		FB2BD6522E574F7E00A790E6 /* InterviewActionRow.swift */ = {isa = PBXFileReference; lastKnownFileType = sourcecode.swift; path = InterviewActionRow.swift; sourceTree = "<group>"; };
		FB2BD6542E574FF300A790E6 /* GradientNavigationButton.swift */ = {isa = PBXFileReference; lastKnownFileType = sourcecode.swift; path = GradientNavigationButton.swift; sourceTree = "<group>"; };
		FB2BD6562E57503F00A790E6 /* InterviewNoDataRow.swift */ = {isa = PBXFileReference; lastKnownFileType = sourcecode.swift; path = InterviewNoDataRow.swift; sourceTree = "<group>"; };
		FB2BD65B2E57571E00A790E6 /* AnalyticsPreviewMetric.swift */ = {isa = PBXFileReference; lastKnownFileType = sourcecode.swift; path = AnalyticsPreviewMetric.swift; sourceTree = "<group>"; };
		FB2BD6602E57575300A790E6 /* InterviewMetricRing.swift */ = {isa = PBXFileReference; lastKnownFileType = sourcecode.swift; path = InterviewMetricRing.swift; sourceTree = "<group>"; };
		FB2BD6622E575C7E00A790E6 /* InterviewPreviewAnalyzer.swift */ = {isa = PBXFileReference; lastKnownFileType = sourcecode.swift; path = InterviewPreviewAnalyzer.swift; sourceTree = "<group>"; };
		FB2BD6732E57710500A790E6 /* SigninView.swift */ = {isa = PBXFileReference; lastKnownFileType = sourcecode.swift; path = SigninView.swift; sourceTree = "<group>"; };
		FB2BD67B2E5775E600A790E6 /* InterviewTabViewState.swift */ = {isa = PBXFileReference; lastKnownFileType = sourcecode.swift; path = InterviewTabViewState.swift; sourceTree = "<group>"; };
		FB2BD6832E588DB900A790E6 /* InterviewManager.swift */ = {isa = PBXFileReference; lastKnownFileType = sourcecode.swift; path = InterviewManager.swift; sourceTree = "<group>"; };
		FB2BD6852E58903D00A790E6 /* InterviewPrepareViewModel.swift */ = {isa = PBXFileReference; lastKnownFileType = sourcecode.swift; path = InterviewPrepareViewModel.swift; sourceTree = "<group>"; };
		FB2BD6872E58A49600A790E6 /* InterviewPrepareRecruitTypeButton.swift */ = {isa = PBXFileReference; lastKnownFileType = sourcecode.swift; path = InterviewPrepareRecruitTypeButton.swift; sourceTree = "<group>"; };
		FB2BD6892E58B36400A790E6 /* InterviewPrepareIcon.swift */ = {isa = PBXFileReference; lastKnownFileType = sourcecode.swift; path = InterviewPrepareIcon.swift; sourceTree = "<group>"; };
		FB2BD68C2E58C3B700A790E6 /* Route.swift */ = {isa = PBXFileReference; lastKnownFileType = sourcecode.swift; path = Route.swift; sourceTree = "<group>"; };
		FB2BD69E2E58DA8000A790E6 /* LottieView.swift */ = {isa = PBXFileReference; lastKnownFileType = sourcecode.swift; path = LottieView.swift; sourceTree = "<group>"; };
		FB2BD6A12E58DAA100A790E6 /* LottieAnimation.swift */ = {isa = PBXFileReference; lastKnownFileType = sourcecode.swift; path = LottieAnimation.swift; sourceTree = "<group>"; };
		FB2BD6A32E58E10000A790E6 /* RottieCircleCheck.json */ = {isa = PBXFileReference; lastKnownFileType = text.json; path = RottieCircleCheck.json; sourceTree = "<group>"; };
/* End PBXFileReference section */

/* Begin PBXFrameworksBuildPhase section */
		FB27244D2E50B3CF0092408E /* Frameworks */ = {
			isa = PBXFrameworksBuildPhase;
			buildActionMask = 2147483647;
			files = (
				FB1BED752E53743000041053 /* Shimmer in Frameworks */,
				FB1BED882E54B21400041053 /* FirebaseFirestore in Frameworks */,
				FB1BED862E54B21400041053 /* FirebaseAuthCombine-Community in Frameworks */,
				FB1BED8A2E54B21400041053 /* FirebaseFirestoreCombine-Community in Frameworks */,
				FB1BED842E54B21400041053 /* FirebaseAuth in Frameworks */,
				FB2BD6662E576B1800A790E6 /* Lottie in Frameworks */,
			);
			runOnlyForDeploymentPostprocessing = 0;
		};
/* End PBXFrameworksBuildPhase section */

/* Begin PBXGroup section */
		FB1BED6C2E5340F000041053 /* Manage */ = {
			isa = PBXGroup;
			children = (
				FB1BED6D2E53416C00041053 /* ManagementTabView.swift */,
			);
			path = Manage;
			sourceTree = "<group>";
		};
		FB1BEDA22E54B4B800041053 /* Preparation */ = {
			isa = PBXGroup;
			children = (
				FB1BEDA02E54B4B800041053 /* InterviewInfo.swift */,
				FB1BEDA12E54B4B800041053 /* RecruitType.swift */,
				FB1BED9F2E54B4B800041053 /* CompanyType.swift */,
				FB1BED9E2E54B4B800041053 /* CareerType.swift */,
			);
			path = Preparation;
			sourceTree = "<group>";
		};
		FB1BEDA92E54B4DD00041053 /* InterviewResult */ = {
			isa = PBXGroup;
			children = (
				FB1BEDA82E54B4DD00041053 /* InterviewResult.swift */,
				FB1BEDAB2E54B4F500041053 /* InterviewTurn.swift */,
				FB1BEDB92E54B66D00041053 /* Metric */,
			);
			path = InterviewResult;
			sourceTree = "<group>";
		};
		FB1BEDB92E54B66D00041053 /* Metric */ = {
			isa = PBXGroup;
			children = (
				FB1BEDAD2E54B54B00041053 /* SpeechSpeedMetric.swift */,
				FB1BEDAF2E54B5D600041053 /* SlienceMetric.swift */,
				FB1BEDB82E54B66D00041053 /* HeadDirectionMetric.swift */,
				FB1BEDBD2E54B68300041053 /* GazeMetric.swift */,
				FB1BEDBF2E54B6C100041053 /* ExpressionMetric.swift */,
				FB1BEDC12E54B6E100041053 /* ExpressionSample.swift */,
				FB1BEDC52E54B75500041053 /* OverallMetrics.swift */,
			);
			path = Metric;
			sourceTree = "<group>";
		};
		FB1BEDC82E54B8C500041053 /* DummyDataGenerator */ = {
			isa = PBXGroup;
			children = (
				FB1BEDC92E54B8F000041053 /* InterviewMockDataGenerator.swift */,
			);
			path = DummyDataGenerator;
			sourceTree = "<group>";
		};
		FB2724472E50B3CF0092408E = {
			isa = PBXGroup;
			children = (
				FB2724B32E50CFB90092408E /* FirstStepToCareer */,
				FB2724512E50B3CF0092408E /* Products */,
			);
			sourceTree = "<group>";
		};
		FB2724512E50B3CF0092408E /* Products */ = {
			isa = PBXGroup;
			children = (
				FB2724502E50B3CF0092408E /* FirstStepToCareer.app */,
			);
			name = Products;
			sourceTree = "<group>";
		};
		FB2724A62E50CFB90092408E /* App */ = {
			isa = PBXGroup;
			children = (
				FB2724A52E50CFB90092408E /* FirstStepToCareerApp.swift */,
				FB2724EE2E50EE960092408E /* AppConstant.swift */,
				FB2BD61A2E56107500A790E6 /* Icons */,
			);
			path = App;
			sourceTree = "<group>";
		};
		FB2724A82E50CFB90092408E /* Extension */ = {
			isa = PBXGroup;
			children = (
				FB1BED692E528D8A00041053 /* View+TapScaleEffect.swift */,
				FB2725222E52138E0092408E /* View+AppStyles.swift */,
				FB27251E2E5210250092408E /* String+CustomFunctions.swift */,
				FB2724A72E50CFB90092408E /* Color+AppColors.swift */,
				FB2724EC2E50E5DA0092408E /* Font+AppFonts.swift */,
			);
			path = Extension;
			sourceTree = "<group>";
		};
		FB2724AC2E50CFB90092408E /* Model */ = {
			isa = PBXGroup;
			children = (
				FB2724FB2E511B5C0092408E /* Global */,
				FB2725092E51255E0092408E /* Interview */,
				FB1BEDC82E54B8C500041053 /* DummyDataGenerator */,
			);
			path = Model;
			sourceTree = "<group>";
		};
		FB2724AE2E50CFB90092408E /* Resource */ = {
			isa = PBXGroup;
			children = (
				FB2BD6992E58D7B600A790E6 /* Rottie */,
				FB2724D82E50E51E0092408E /* Font */,
				FB2724AD2E50CFB90092408E /* Assets.xcassets */,
			);
			path = Resource;
			sourceTree = "<group>";
		};
		FB2724B22E50CFB90092408E /* View */ = {
			isa = PBXGroup;
			children = (
				FB2724CE2E50DB970092408E /* Root */,
				FB2724D12E50DB970092408E /* TabBar */,
				FB2724CD2E50DB970092408E /* Interview */,
				FB2724CF2E50DB970092408E /* Schedule */,
				FB1BED6C2E5340F000041053 /* Manage */,
				FB2724D02E50DB970092408E /* Settings */,
				FB2BD6722E5770CE00A790E6 /* Auth */,
				FB2724F32E50F8C90092408E /* Component */,
			);
			path = View;
			sourceTree = "<group>";
		};
		FB2724B32E50CFB90092408E /* FirstStepToCareer */ = {
			isa = PBXGroup;
			children = (
				FB2724EB2E50E5330092408E /* Info.plist */,
				FB2724A62E50CFB90092408E /* App */,
				FB2724AC2E50CFB90092408E /* Model */,
				FB2724B22E50CFB90092408E /* View */,
				FB2724BE2E50CFCD0092408E /* ViewModel */,
				FB27251B2E5201590092408E /* ViewModifier */,
				FB2BD6822E588DA400A790E6 /* Manager */,
				FB2BD68D2E58C3B700A790E6 /* Router */,
				FB2BD69F2E58DA8000A790E6 /* Lottie */,
				FB2724A82E50CFB90092408E /* Extension */,
				FB2724AE2E50CFB90092408E /* Resource */,
				FB2724F02E50F6720092408E /* SampleView.swift */,
				FB1BED802E54AD2100041053 /* GoogleService-Info.plist */,
			);
			path = FirstStepToCareer;
			sourceTree = "<group>";
		};
		FB2724BE2E50CFCD0092408E /* ViewModel */ = {
			isa = PBXGroup;
			children = (
				FB2725062E5124110092408E /* InterviewTabViewModel.swift */,
				FB2BD6852E58903D00A790E6 /* InterviewPrepareViewModel.swift */,
			);
			path = ViewModel;
			sourceTree = "<group>";
		};
		FB2724CD2E50DB970092408E /* Interview */ = {
			isa = PBXGroup;
			children = (
				FB2BD62F2E572C2900A790E6 /* Tab */,
				FB2BD64B2E572D6500A790E6 /* Resume */,
				FB2BD6452E572D6500A790E6 /* Analytics */,
				FB2BD6482E572D6500A790E6 /* History */,
				FB2BD6422E572D6500A790E6 /* Preparation */,
			);
			path = Interview;
			sourceTree = "<group>";
		};
		FB2724CE2E50DB970092408E /* Root */ = {
			isa = PBXGroup;
			children = (
				FB2724B02E50CFB90092408E /* RootView.swift */,
				FB2724B12E50CFB90092408E /* SplashView.swift */,
			);
			path = Root;
			sourceTree = "<group>";
		};
		FB2724CF2E50DB970092408E /* Schedule */ = {
			isa = PBXGroup;
			children = (
				FB2724C32E50DAD40092408E /* ScheduleTabView.swift */,
			);
			path = Schedule;
			sourceTree = "<group>";
		};
		FB2724D02E50DB970092408E /* Settings */ = {
			isa = PBXGroup;
			children = (
				FB2724D52E50DC190092408E /* SettingsTabView.swift */,
			);
			path = Settings;
			sourceTree = "<group>";
		};
		FB2724D12E50DB970092408E /* TabBar */ = {
			isa = PBXGroup;
			children = (
				FB2724AF2E50CFB90092408E /* CustomTabBarView.swift */,
			);
			path = TabBar;
			sourceTree = "<group>";
		};
		FB2724D82E50E51E0092408E /* Font */ = {
			isa = PBXGroup;
			children = (
				FB2724D92E50E5200092408E /* NotoSansJP-Black.ttf */,
				FB2724DA2E50E5200092408E /* NotoSansJP-Bold.ttf */,
				FB2724DB2E50E5200092408E /* NotoSansJP-ExtraBold.ttf */,
				FB2724DC2E50E5200092408E /* NotoSansJP-ExtraLight.ttf */,
				FB2724DD2E50E5200092408E /* NotoSansJP-Light.ttf */,
				FB2724DE2E50E5200092408E /* NotoSansJP-Medium.ttf */,
				FB2724DF2E50E5200092408E /* NotoSansJP-Regular.ttf */,
				FB2724E02E50E5200092408E /* NotoSansJP-SemiBold.ttf */,
				FB2724E12E50E5200092408E /* NotoSansJP-Thin.ttf */,
			);
			path = Font;
			sourceTree = "<group>";
		};
		FB2724F32E50F8C90092408E /* Component */ = {
			isa = PBXGroup;
			children = (
				FB2724F62E50F9050092408E /* ProgressRing.swift */,
				FB2724F82E51179D0092408E /* KeyboardPrewarmView.swift */,
				FB27251C2E5201F00092408E /* TabViewHeader.swift */,
				FB1BED712E535A4D00041053 /* CustomTextField.swift */,
				FB2BD64E2E574C6E00A790E6 /* AppSection.swift */,
				FB2BD6502E574CF400A790E6 /* AppSectionHeader.swift */,
				FB2BD6542E574FF300A790E6 /* GradientNavigationButton.swift */,
			);
			path = Component;
			sourceTree = "<group>";
		};
		FB2724FB2E511B5C0092408E /* Global */ = {
			isa = PBXGroup;
			children = (
				FB2724FC2E511B610092408E /* FocusTarget.swift */,
				FB2725032E511B9F0092408E /* AppTab.swift */,
				FB2725002E511B9F0092408E /* NavigationController.swift */,
			);
			path = Global;
			sourceTree = "<group>";
		};
		FB2725092E51255E0092408E /* Interview */ = {
			isa = PBXGroup;
			children = (
				FB2BD67E2E5775F600A790E6 /* State */,
				FB2BD65C2E57571E00A790E6 /* Analytics */,
				FB1BEDA22E54B4B800041053 /* Preparation */,
				FB1BEDA92E54B4DD00041053 /* InterviewResult */,
			);
			path = Interview;
			sourceTree = "<group>";
		};
		FB27251B2E5201590092408E /* ViewModifier */ = {
			isa = PBXGroup;
			children = (
				FB1BED672E528AC900041053 /* TapScaleEffect.swift */,
				FB2725202E5213390092408E /* AppCaptionStyle.swift */,
			);
			path = ViewModifier;
			sourceTree = "<group>";
		};
		FB2BD61A2E56107500A790E6 /* Icons */ = {
			isa = PBXGroup;
			children = (
				FB2BD6292E562B1700A790E6 /* GlobalIcon.swift */,
				FB2BD61D2E56135400A790E6 /* SFSymbolsIcon.swift */,
				FB2BD61B2E56108300A790E6 /* InterviewTabIcon.swift */,
				FB2BD6892E58B36400A790E6 /* InterviewPrepareIcon.swift */,
				FB2BD6252E56248C00A790E6 /* ScheduleTabIcon.swift */,
				FB2BD6272E5624A200A790E6 /* ManagementTabIcon.swift */,
			);
			path = Icons;
			sourceTree = "<group>";
		};
		FB2BD62F2E572C2900A790E6 /* Tab */ = {
			isa = PBXGroup;
			children = (
				FB2BD6312E572C3600A790E6 /* Core */,
				FB2BD6332E572C3600A790E6 /* Sub */,
			);
			path = Tab;
			sourceTree = "<group>";
		};
		FB2BD6312E572C3600A790E6 /* Core */ = {
			isa = PBXGroup;
			children = (
				FB2BD6302E572C3600A790E6 /* InterviewTabView.swift */,
			);
			path = Core;
			sourceTree = "<group>";
		};
		FB2BD6332E572C3600A790E6 /* Sub */ = {
			isa = PBXGroup;
			children = (
				FB2BD6522E574F7E00A790E6 /* InterviewActionRow.swift */,
				FB2BD6562E57503F00A790E6 /* InterviewNoDataRow.swift */,
				FB2BD6602E57575300A790E6 /* InterviewMetricRing.swift */,
			);
			path = Sub;
			sourceTree = "<group>";
		};
		FB2BD6402E572D6500A790E6 /* Core */ = {
			isa = PBXGroup;
			children = (
				FB27252C2E52239F0092408E /* InterviewInfoCompanyTypeListView.swift */,
				FB27252E2E5229380092408E /* InterviewInfoCareerTypeListView.swift */,
				FB1BED7A2E537AE000041053 /* InterviewPrepareView.swift */,
			);
			path = Core;
			sourceTree = "<group>";
		};
		FB2BD6412E572D6500A790E6 /* Sub */ = {
			isa = PBXGroup;
			children = (
				FB2BD6872E58A49600A790E6 /* InterviewPrepareRecruitTypeButton.swift */,
			);
			path = Sub;
			sourceTree = "<group>";
		};
		FB2BD6422E572D6500A790E6 /* Preparation */ = {
			isa = PBXGroup;
			children = (
				FB2BD6402E572D6500A790E6 /* Core */,
				FB2BD6412E572D6500A790E6 /* Sub */,
			);
			path = Preparation;
			sourceTree = "<group>";
		};
		FB2BD6432E572D6500A790E6 /* Core */ = {
			isa = PBXGroup;
			children = (
				FB1BED762E537AB900041053 /* InterviewAnalyticsView.swift */,
			);
			path = Core;
			sourceTree = "<group>";
		};
		FB2BD6442E572D6500A790E6 /* Sub */ = {
			isa = PBXGroup;
			children = (
			);
			path = Sub;
			sourceTree = "<group>";
		};
		FB2BD6452E572D6500A790E6 /* Analytics */ = {
			isa = PBXGroup;
			children = (
				FB2BD6432E572D6500A790E6 /* Core */,
				FB2BD6442E572D6500A790E6 /* Sub */,
			);
			path = Analytics;
			sourceTree = "<group>";
		};
		FB2BD6462E572D6500A790E6 /* Core */ = {
			isa = PBXGroup;
			children = (
				FB1BED782E537AD000041053 /* InterviewHistoryListView.swift */,
			);
			path = Core;
			sourceTree = "<group>";
		};
		FB2BD6472E572D6500A790E6 /* Sub */ = {
			isa = PBXGroup;
			children = (
			);
			path = Sub;
			sourceTree = "<group>";
		};
		FB2BD6482E572D6500A790E6 /* History */ = {
			isa = PBXGroup;
			children = (
				FB2BD6462E572D6500A790E6 /* Core */,
				FB2BD6472E572D6500A790E6 /* Sub */,
			);
			path = History;
			sourceTree = "<group>";
		};
		FB2BD6492E572D6500A790E6 /* Core */ = {
			isa = PBXGroup;
			children = (
				FB2BD64C2E573D5500A790E6 /* InterviewResumeView.swift */,
			);
			path = Core;
			sourceTree = "<group>";
		};
		FB2BD64A2E572D6500A790E6 /* Sub */ = {
			isa = PBXGroup;
			children = (
			);
			path = Sub;
			sourceTree = "<group>";
		};
		FB2BD64B2E572D6500A790E6 /* Resume */ = {
			isa = PBXGroup;
			children = (
				FB2BD6492E572D6500A790E6 /* Core */,
				FB2BD64A2E572D6500A790E6 /* Sub */,
			);
			path = Resume;
			sourceTree = "<group>";
		};
		FB2BD65C2E57571E00A790E6 /* Analytics */ = {
			isa = PBXGroup;
			children = (
				FB2BD65B2E57571E00A790E6 /* AnalyticsPreviewMetric.swift */,
				FB2BD6622E575C7E00A790E6 /* InterviewPreviewAnalyzer.swift */,
			);
			path = Analytics;
			sourceTree = "<group>";
		};
		FB2BD6722E5770CE00A790E6 /* Auth */ = {
			isa = PBXGroup;
			children = (
				FB2BD67A2E57713900A790E6 /* Signin */,
			);
			path = Auth;
			sourceTree = "<group>";
		};
		FB2BD6782E57713900A790E6 /* Core */ = {
			isa = PBXGroup;
			children = (
				FB2BD6732E57710500A790E6 /* SigninView.swift */,
			);
			path = Core;
			sourceTree = "<group>";
		};
		FB2BD6792E57713900A790E6 /* Sub */ = {
			isa = PBXGroup;
			children = (
			);
			path = Sub;
			sourceTree = "<group>";
		};
		FB2BD67A2E57713900A790E6 /* Signin */ = {
			isa = PBXGroup;
			children = (
				FB2BD6782E57713900A790E6 /* Core */,
				FB2BD6792E57713900A790E6 /* Sub */,
			);
			path = Signin;
			sourceTree = "<group>";
		};
		FB2BD67E2E5775F600A790E6 /* State */ = {
			isa = PBXGroup;
			children = (
				FB2BD67B2E5775E600A790E6 /* InterviewTabViewState.swift */,
			);
			path = State;
			sourceTree = "<group>";
		};
		FB2BD6822E588DA400A790E6 /* Manager */ = {
			isa = PBXGroup;
			children = (
				FB2BD6832E588DB900A790E6 /* InterviewManager.swift */,
			);
			path = Manager;
			sourceTree = "<group>";
		};
		FB2BD68D2E58C3B700A790E6 /* Router */ = {
			isa = PBXGroup;
			children = (
				FB2BD68C2E58C3B700A790E6 /* Route.swift */,
			);
			path = Router;
			sourceTree = "<group>";
		};
		FB2BD6992E58D7B600A790E6 /* Rottie */ = {
			isa = PBXGroup;
			children = (
				FB2BD6A32E58E10000A790E6 /* RottieCircleCheck.json */,
			);
			path = Rottie;
			sourceTree = "<group>";
		};
		FB2BD69F2E58DA8000A790E6 /* Lottie */ = {
			isa = PBXGroup;
			children = (
				FB2BD6A12E58DAA100A790E6 /* LottieAnimation.swift */,
				FB2BD69E2E58DA8000A790E6 /* LottieView.swift */,
			);
			path = Lottie;
			sourceTree = "<group>";
		};
/* End PBXGroup section */

/* Begin PBXNativeTarget section */
		FB27244F2E50B3CF0092408E /* FirstStepToCareer */ = {
			isa = PBXNativeTarget;
			buildConfigurationList = FB27245B2E50B3D10092408E /* Build configuration list for PBXNativeTarget "FirstStepToCareer" */;
			buildPhases = (
				FB2725192E51F2580092408E /* ShellScript */,
				FB27244C2E50B3CF0092408E /* Sources */,
				FB27244D2E50B3CF0092408E /* Frameworks */,
				FB27244E2E50B3CF0092408E /* Resources */,
			);
			buildRules = (
			);
			dependencies = (
			);
			name = FirstStepToCareer;
			packageProductDependencies = (
				FB1BED742E53743000041053 /* Shimmer */,
				FB1BED832E54B21400041053 /* FirebaseAuth */,
				FB1BED852E54B21400041053 /* FirebaseAuthCombine-Community */,
				FB1BED872E54B21400041053 /* FirebaseFirestore */,
				FB1BED892E54B21400041053 /* FirebaseFirestoreCombine-Community */,
				FB2BD6652E576B1800A790E6 /* Lottie */,
			);
			productName = FirstStepToCareer;
			productReference = FB2724502E50B3CF0092408E /* FirstStepToCareer.app */;
			productType = "com.apple.product-type.application";
		};
/* End PBXNativeTarget section */

/* Begin PBXProject section */
		FB2724482E50B3CF0092408E /* Project object */ = {
			isa = PBXProject;
			attributes = {
				BuildIndependentTargetsInParallel = 1;
				LastSwiftUpdateCheck = 1640;
				LastUpgradeCheck = 1640;
				TargetAttributes = {
					FB27244F2E50B3CF0092408E = {
						CreatedOnToolsVersion = 16.4;
					};
				};
			};
			buildConfigurationList = FB27244B2E50B3CF0092408E /* Build configuration list for PBXProject "FirstStepToCareer" */;
			developmentRegion = ja;
			hasScannedForEncodings = 0;
			knownRegions = (
				Base,
				ja,
			);
			mainGroup = FB2724472E50B3CF0092408E;
			minimizedProjectReferenceProxies = 1;
			packageReferences = (
				FB1BED732E53743000041053 /* XCRemoteSwiftPackageReference "SwiftUI-Shimmer" */,
				FB1BED822E54B21400041053 /* XCRemoteSwiftPackageReference "firebase-ios-sdk" */,
				FB2BD6642E576B1800A790E6 /* XCRemoteSwiftPackageReference "lottie-ios" */,
			);
			preferredProjectObjectVersion = 77;
			productRefGroup = FB2724512E50B3CF0092408E /* Products */;
			projectDirPath = "";
			projectRoot = "";
			targets = (
				FB27244F2E50B3CF0092408E /* FirstStepToCareer */,
			);
		};
/* End PBXProject section */

/* Begin PBXResourcesBuildPhase section */
		FB27244E2E50B3CF0092408E /* Resources */ = {
			isa = PBXResourcesBuildPhase;
			buildActionMask = 2147483647;
			files = (
				FB2724BC2E50CFB90092408E /* Assets.xcassets in Resources */,
				FB2724E22E50E5200092408E /* NotoSansJP-Regular.ttf in Resources */,
				FB2BD6A42E58E10000A790E6 /* RottieCircleCheck.json in Resources */,
				FB2724E32E50E5200092408E /* NotoSansJP-Bold.ttf in Resources */,
				FB2724E42E50E5200092408E /* NotoSansJP-ExtraBold.ttf in Resources */,
				FB2724E52E50E5200092408E /* NotoSansJP-Black.ttf in Resources */,
				FB2724E62E50E5200092408E /* NotoSansJP-SemiBold.ttf in Resources */,
				FB2724E72E50E5200092408E /* NotoSansJP-Light.ttf in Resources */,
				FB2724E82E50E5200092408E /* NotoSansJP-Medium.ttf in Resources */,
				FB1BED812E54AD2100041053 /* GoogleService-Info.plist in Resources */,
				FB2724E92E50E5200092408E /* NotoSansJP-Thin.ttf in Resources */,
				FB2724EA2E50E5200092408E /* NotoSansJP-ExtraLight.ttf in Resources */,
			);
			runOnlyForDeploymentPostprocessing = 0;
		};
/* End PBXResourcesBuildPhase section */

/* Begin PBXShellScriptBuildPhase section */
		FB2725192E51F2580092408E /* ShellScript */ = {
			isa = PBXShellScriptBuildPhase;
			alwaysOutOfDate = 1;
			buildActionMask = 2147483647;
			files = (
			);
			inputFileListPaths = (
			);
			inputPaths = (
			);
			outputFileListPaths = (
			);
			outputPaths = (
			);
			runOnlyForDeploymentPostprocessing = 0;
			shellPath = /bin/sh;
			shellScript = "# Type a script or drag a script file from your workspace to insert its path.\nif [ -x \"/opt/homebrew/bin/swiftlint\" ]; then\n  /opt/homebrew/bin/swiftlint\nelif [ -x \"/usr/local/bin/swiftlint\" ]; then\n  /usr/local/bin/swiftlint\nelse\n  echo \"warning: SwiftLint not installed or not found in expected locations\"\nfi\n\n";
		};
/* End PBXShellScriptBuildPhase section */

/* Begin PBXSourcesBuildPhase section */
		FB27244C2E50B3CF0092408E /* Sources */ = {
			isa = PBXSourcesBuildPhase;
			buildActionMask = 2147483647;
			files = (
				FB1BED682E528AD900041053 /* TapScaleEffect.swift in Sources */,
				FB2725232E52139A0092408E /* View+AppStyles.swift in Sources */,
				FB1BEDBE2E54B68B00041053 /* GazeMetric.swift in Sources */,
				FB2725072E5124110092408E /* InterviewTabViewModel.swift in Sources */,
				FB2BD65D2E57571E00A790E6 /* AnalyticsPreviewMetric.swift in Sources */,
				FB2724B42E50CFB90092408E /* FirstStepToCareerApp.swift in Sources */,
				FB2BD6532E574F7E00A790E6 /* InterviewActionRow.swift in Sources */,
				FB1BED772E537AB900041053 /* InterviewAnalyticsView.swift in Sources */,
				FB1BEDBA2E54B66D00041053 /* HeadDirectionMetric.swift in Sources */,
				FB1BED7B2E537AE000041053 /* InterviewPrepareView.swift in Sources */,
				FB2BD6882E58A49600A790E6 /* InterviewPrepareRecruitTypeButton.swift in Sources */,
				FB1BEDC62E54B75700041053 /* OverallMetrics.swift in Sources */,
				FB2724B52E50CFB90092408E /* Color+AppColors.swift in Sources */,
				FB2BD6282E5624A200A790E6 /* ManagementTabIcon.swift in Sources */,
				FB27252F2E5229380092408E /* InterviewInfoCareerTypeListView.swift in Sources */,
				FB2BD6512E574CF400A790E6 /* AppSectionHeader.swift in Sources */,
				FB1BEDCA2E54B8F000041053 /* InterviewMockDataGenerator.swift in Sources */,
				FB2BD62A2E562B1E00A790E6 /* GlobalIcon.swift in Sources */,
				FB1BEDA32E54B4B800041053 /* CareerType.swift in Sources */,
				FB1BEDC22E54B6ED00041053 /* ExpressionSample.swift in Sources */,
				FB1BEDA42E54B4B800041053 /* CompanyType.swift in Sources */,
				FB2BD64F2E574C6E00A790E6 /* AppSection.swift in Sources */,
				FB1BEDA52E54B4B800041053 /* InterviewInfo.swift in Sources */,
				FB1BEDA62E54B4B800041053 /* RecruitType.swift in Sources */,
				FB27251D2E5201F10092408E /* TabViewHeader.swift in Sources */,
				FB2BD6552E574FF300A790E6 /* GradientNavigationButton.swift in Sources */,
				FB2BD6262E56248C00A790E6 /* ScheduleTabIcon.swift in Sources */,
				FB2BD61C2E56108E00A790E6 /* InterviewTabIcon.swift in Sources */,
				FB2BD6612E57575300A790E6 /* InterviewMetricRing.swift in Sources */,
				FB1BED792E537AD000041053 /* InterviewHistoryListView.swift in Sources */,
				FB2725212E5213450092408E /* AppCaptionStyle.swift in Sources */,
				FB2BD64D2E573D5500A790E6 /* InterviewResumeView.swift in Sources */,
				FB1BEDB02E54B5E000041053 /* SlienceMetric.swift in Sources */,
				FB2BD6742E57710500A790E6 /* SigninView.swift in Sources */,
				FB27251F2E52103C0092408E /* String+CustomFunctions.swift in Sources */,
				FB2BD6632E575C7E00A790E6 /* InterviewPreviewAnalyzer.swift in Sources */,
				FB1BEDC02E54B6C600041053 /* ExpressionMetric.swift in Sources */,
				FB2725052E511B9F0092408E /* AppTab.swift in Sources */,
				FB1BEDAC2E54B50700041053 /* InterviewTurn.swift in Sources */,
				FB2BD6A22E58DABA00A790E6 /* LottieAnimation.swift in Sources */,
				FB1BED722E535A4D00041053 /* CustomTextField.swift in Sources */,
				FB2BD6862E58903D00A790E6 /* InterviewPrepareViewModel.swift in Sources */,
				FB2724ED2E50E5DA0092408E /* Font+AppFonts.swift in Sources */,
				FB2724EF2E50EE960092408E /* AppConstant.swift in Sources */,
				FB2BD68E2E58C3B700A790E6 /* Route.swift in Sources */,
				FB1BEDAE2E54B55400041053 /* SpeechSpeedMetric.swift in Sources */,
				FB1BEDAA2E54B4DD00041053 /* InterviewResult.swift in Sources */,
				FB2BD61E2E56135400A790E6 /* SFSymbolsIcon.swift in Sources */,
				FB2724C42E50DAD40092408E /* ScheduleTabView.swift in Sources */,
				FB2BD6842E588DB900A790E6 /* InterviewManager.swift in Sources */,
				FB1BED6E2E53416C00041053 /* ManagementTabView.swift in Sources */,
				FB1BED6A2E528D9400041053 /* View+TapScaleEffect.swift in Sources */,
				FB2724F92E51179D0092408E /* KeyboardPrewarmView.swift in Sources */,
				FB2724F12E50F6720092408E /* SampleView.swift in Sources */,
				FB2BD6A02E58DA8000A790E6 /* LottieView.swift in Sources */,
				FB2BD6322E572C3600A790E6 /* InterviewTabView.swift in Sources */,
				FB2724F72E50F9050092408E /* ProgressRing.swift in Sources */,
				FB2725022E511B9F0092408E /* NavigationController.swift in Sources */,
				FB2724FD2E511B660092408E /* FocusTarget.swift in Sources */,
				FB2724D62E50DC190092408E /* SettingsTabView.swift in Sources */,
				FB2724B92E50CFB90092408E /* CustomTabBarView.swift in Sources */,
				FB27252D2E52239F0092408E /* InterviewInfoCompanyTypeListView.swift in Sources */,
				FB2724BA2E50CFB90092408E /* RootView.swift in Sources */,
				FB2724BB2E50CFB90092408E /* SplashView.swift in Sources */,
				FB2BD6572E57503F00A790E6 /* InterviewNoDataRow.swift in Sources */,
				FB2BD68A2E58B37600A790E6 /* InterviewPrepareIcon.swift in Sources */,
				FB2BD67C2E5775E600A790E6 /* InterviewTabViewState.swift in Sources */,
			);
			runOnlyForDeploymentPostprocessing = 0;
		};
/* End PBXSourcesBuildPhase section */

/* Begin XCBuildConfiguration section */
		FB2724592E50B3D10092408E /* Debug */ = {
			isa = XCBuildConfiguration;
			buildSettings = {
				ALWAYS_SEARCH_USER_PATHS = NO;
				ASSETCATALOG_COMPILER_GENERATE_SWIFT_ASSET_SYMBOL_EXTENSIONS = YES;
				CLANG_ANALYZER_NONNULL = YES;
				CLANG_ANALYZER_NUMBER_OBJECT_CONVERSION = YES_AGGRESSIVE;
				CLANG_CXX_LANGUAGE_STANDARD = "gnu++20";
				CLANG_ENABLE_MODULES = YES;
				CLANG_ENABLE_OBJC_ARC = YES;
				CLANG_ENABLE_OBJC_WEAK = YES;
				CLANG_WARN_BLOCK_CAPTURE_AUTORELEASING = YES;
				CLANG_WARN_BOOL_CONVERSION = YES;
				CLANG_WARN_COMMA = YES;
				CLANG_WARN_CONSTANT_CONVERSION = YES;
				CLANG_WARN_DEPRECATED_OBJC_IMPLEMENTATIONS = YES;
				CLANG_WARN_DIRECT_OBJC_ISA_USAGE = YES_ERROR;
				CLANG_WARN_DOCUMENTATION_COMMENTS = YES;
				CLANG_WARN_EMPTY_BODY = YES;
				CLANG_WARN_ENUM_CONVERSION = YES;
				CLANG_WARN_INFINITE_RECURSION = YES;
				CLANG_WARN_INT_CONVERSION = YES;
				CLANG_WARN_NON_LITERAL_NULL_CONVERSION = YES;
				CLANG_WARN_OBJC_IMPLICIT_RETAIN_SELF = YES;
				CLANG_WARN_OBJC_LITERAL_CONVERSION = YES;
				CLANG_WARN_OBJC_ROOT_CLASS = YES_ERROR;
				CLANG_WARN_QUOTED_INCLUDE_IN_FRAMEWORK_HEADER = YES;
				CLANG_WARN_RANGE_LOOP_ANALYSIS = YES;
				CLANG_WARN_STRICT_PROTOTYPES = YES;
				CLANG_WARN_SUSPICIOUS_MOVE = YES;
				CLANG_WARN_UNGUARDED_AVAILABILITY = YES_AGGRESSIVE;
				CLANG_WARN_UNREACHABLE_CODE = YES;
				CLANG_WARN__DUPLICATE_METHOD_MATCH = YES;
				COPY_PHASE_STRIP = NO;
				DEBUG_INFORMATION_FORMAT = dwarf;
				DEVELOPMENT_TEAM = SHUGXU55KP;
				ENABLE_STRICT_OBJC_MSGSEND = YES;
				ENABLE_TESTABILITY = YES;
				ENABLE_USER_SCRIPT_SANDBOXING = YES;
				GCC_C_LANGUAGE_STANDARD = gnu17;
				GCC_DYNAMIC_NO_PIC = NO;
				GCC_NO_COMMON_BLOCKS = YES;
				GCC_OPTIMIZATION_LEVEL = 0;
				GCC_PREPROCESSOR_DEFINITIONS = (
					"DEBUG=1",
					"$(inherited)",
				);
				GCC_WARN_64_TO_32_BIT_CONVERSION = YES;
				GCC_WARN_ABOUT_RETURN_TYPE = YES_ERROR;
				GCC_WARN_UNDECLARED_SELECTOR = YES;
				GCC_WARN_UNINITIALIZED_AUTOS = YES_AGGRESSIVE;
				GCC_WARN_UNUSED_FUNCTION = YES;
				GCC_WARN_UNUSED_VARIABLE = YES;
				IPHONEOS_DEPLOYMENT_TARGET = 18.5;
				LOCALIZATION_PREFERS_STRING_CATALOGS = YES;
				MTL_ENABLE_DEBUG_INFO = INCLUDE_SOURCE;
				MTL_FAST_MATH = YES;
				ONLY_ACTIVE_ARCH = YES;
				SDKROOT = iphoneos;
				SWIFT_ACTIVE_COMPILATION_CONDITIONS = "DEBUG $(inherited)";
				SWIFT_OPTIMIZATION_LEVEL = "-Onone";
			};
			name = Debug;
		};
		FB27245A2E50B3D10092408E /* Release */ = {
			isa = XCBuildConfiguration;
			buildSettings = {
				ALWAYS_SEARCH_USER_PATHS = NO;
				ASSETCATALOG_COMPILER_GENERATE_SWIFT_ASSET_SYMBOL_EXTENSIONS = YES;
				CLANG_ANALYZER_NONNULL = YES;
				CLANG_ANALYZER_NUMBER_OBJECT_CONVERSION = YES_AGGRESSIVE;
				CLANG_CXX_LANGUAGE_STANDARD = "gnu++20";
				CLANG_ENABLE_MODULES = YES;
				CLANG_ENABLE_OBJC_ARC = YES;
				CLANG_ENABLE_OBJC_WEAK = YES;
				CLANG_WARN_BLOCK_CAPTURE_AUTORELEASING = YES;
				CLANG_WARN_BOOL_CONVERSION = YES;
				CLANG_WARN_COMMA = YES;
				CLANG_WARN_CONSTANT_CONVERSION = YES;
				CLANG_WARN_DEPRECATED_OBJC_IMPLEMENTATIONS = YES;
				CLANG_WARN_DIRECT_OBJC_ISA_USAGE = YES_ERROR;
				CLANG_WARN_DOCUMENTATION_COMMENTS = YES;
				CLANG_WARN_EMPTY_BODY = YES;
				CLANG_WARN_ENUM_CONVERSION = YES;
				CLANG_WARN_INFINITE_RECURSION = YES;
				CLANG_WARN_INT_CONVERSION = YES;
				CLANG_WARN_NON_LITERAL_NULL_CONVERSION = YES;
				CLANG_WARN_OBJC_IMPLICIT_RETAIN_SELF = YES;
				CLANG_WARN_OBJC_LITERAL_CONVERSION = YES;
				CLANG_WARN_OBJC_ROOT_CLASS = YES_ERROR;
				CLANG_WARN_QUOTED_INCLUDE_IN_FRAMEWORK_HEADER = YES;
				CLANG_WARN_RANGE_LOOP_ANALYSIS = YES;
				CLANG_WARN_STRICT_PROTOTYPES = YES;
				CLANG_WARN_SUSPICIOUS_MOVE = YES;
				CLANG_WARN_UNGUARDED_AVAILABILITY = YES_AGGRESSIVE;
				CLANG_WARN_UNREACHABLE_CODE = YES;
				CLANG_WARN__DUPLICATE_METHOD_MATCH = YES;
				COPY_PHASE_STRIP = NO;
				DEBUG_INFORMATION_FORMAT = "dwarf-with-dsym";
				DEVELOPMENT_TEAM = SHUGXU55KP;
				ENABLE_NS_ASSERTIONS = NO;
				ENABLE_STRICT_OBJC_MSGSEND = YES;
				ENABLE_USER_SCRIPT_SANDBOXING = YES;
				GCC_C_LANGUAGE_STANDARD = gnu17;
				GCC_NO_COMMON_BLOCKS = YES;
				GCC_WARN_64_TO_32_BIT_CONVERSION = YES;
				GCC_WARN_ABOUT_RETURN_TYPE = YES_ERROR;
				GCC_WARN_UNDECLARED_SELECTOR = YES;
				GCC_WARN_UNINITIALIZED_AUTOS = YES_AGGRESSIVE;
				GCC_WARN_UNUSED_FUNCTION = YES;
				GCC_WARN_UNUSED_VARIABLE = YES;
				IPHONEOS_DEPLOYMENT_TARGET = 18.5;
				LOCALIZATION_PREFERS_STRING_CATALOGS = YES;
				MTL_ENABLE_DEBUG_INFO = NO;
				MTL_FAST_MATH = YES;
				SDKROOT = iphoneos;
				SWIFT_COMPILATION_MODE = wholemodule;
				VALIDATE_PRODUCT = YES;
			};
			name = Release;
		};
		FB27245C2E50B3D10092408E /* Debug */ = {
			isa = XCBuildConfiguration;
			buildSettings = {
				ASSETCATALOG_COMPILER_APPICON_NAME = AppIcon;
				ASSETCATALOG_COMPILER_GLOBAL_ACCENT_COLOR_NAME = AccentColor;
				CODE_SIGN_STYLE = Automatic;
				CURRENT_PROJECT_VERSION = 1;
				DEVELOPMENT_TEAM = SHUGXU55KP;
				ENABLE_PREVIEWS = YES;
				ENABLE_USER_SCRIPT_SANDBOXING = NO;
				GENERATE_INFOPLIST_FILE = YES;
				INFOPLIST_FILE = FirstStepToCareer/Info.plist;
				INFOPLIST_KEY_CFBundleDisplayName = "就活一歩";
				INFOPLIST_KEY_LSApplicationCategoryType = "public.app-category.business";
				INFOPLIST_KEY_NSCameraUsageDescription = "模擬面接中に表情や視線、顔の向きを分析するためにカメラへのアクセスが必要です。\n";
				INFOPLIST_KEY_NSMicrophoneUsageDescription = "模擬面接の音声を分析するためにマイクへのアクセスが必要です。録音した音声は話す速さや沈黙の割合を評価する目的で使用されます。\n";
				INFOPLIST_KEY_UIApplicationSceneManifest_Generation = YES;
				INFOPLIST_KEY_UIApplicationSupportsIndirectInputEvents = YES;
				INFOPLIST_KEY_UILaunchScreen_Generation = YES;
				INFOPLIST_KEY_UISupportedInterfaceOrientations = UIInterfaceOrientationPortrait;
				INFOPLIST_KEY_UISupportedInterfaceOrientations_iPad = "UIInterfaceOrientationLandscapeLeft UIInterfaceOrientationLandscapeRight UIInterfaceOrientationPortrait UIInterfaceOrientationPortraitUpsideDown";
				IPHONEOS_DEPLOYMENT_TARGET = 17.0;
				LD_RUNPATH_SEARCH_PATHS = (
					"$(inherited)",
					"@executable_path/Frameworks",
				);
				MARKETING_VERSION = 1.0;
				PRODUCT_BUNDLE_IDENTIFIER = io.github.znak99.FirstStepToCareer;
				PRODUCT_NAME = "$(TARGET_NAME)";
				SUPPORTED_PLATFORMS = "iphoneos iphonesimulator";
				SUPPORTS_MACCATALYST = NO;
				SUPPORTS_MAC_DESIGNED_FOR_IPHONE_IPAD = NO;
				SUPPORTS_XR_DESIGNED_FOR_IPHONE_IPAD = NO;
				SWIFT_EMIT_LOC_STRINGS = YES;
				SWIFT_VERSION = 5.0;
				TARGETED_DEVICE_FAMILY = "1,2";
			};
			name = Debug;
		};
		FB27245D2E50B3D10092408E /* Release */ = {
			isa = XCBuildConfiguration;
			buildSettings = {
				ASSETCATALOG_COMPILER_APPICON_NAME = AppIcon;
				ASSETCATALOG_COMPILER_GLOBAL_ACCENT_COLOR_NAME = AccentColor;
				CODE_SIGN_STYLE = Automatic;
				CURRENT_PROJECT_VERSION = 1;
				DEVELOPMENT_TEAM = SHUGXU55KP;
				ENABLE_PREVIEWS = YES;
				ENABLE_USER_SCRIPT_SANDBOXING = NO;
				GENERATE_INFOPLIST_FILE = YES;
				INFOPLIST_FILE = FirstStepToCareer/Info.plist;
				INFOPLIST_KEY_CFBundleDisplayName = "就活一歩";
				INFOPLIST_KEY_LSApplicationCategoryType = "public.app-category.business";
				INFOPLIST_KEY_NSCameraUsageDescription = "模擬面接中に表情や視線、顔の向きを分析するためにカメラへのアクセスが必要です。\n";
				INFOPLIST_KEY_NSMicrophoneUsageDescription = "模擬面接の音声を分析するためにマイクへのアクセスが必要です。録音した音声は話す速さや沈黙の割合を評価する目的で使用されます。\n";
				INFOPLIST_KEY_UIApplicationSceneManifest_Generation = YES;
				INFOPLIST_KEY_UIApplicationSupportsIndirectInputEvents = YES;
				INFOPLIST_KEY_UILaunchScreen_Generation = YES;
				INFOPLIST_KEY_UISupportedInterfaceOrientations = UIInterfaceOrientationPortrait;
				INFOPLIST_KEY_UISupportedInterfaceOrientations_iPad = "UIInterfaceOrientationLandscapeLeft UIInterfaceOrientationLandscapeRight UIInterfaceOrientationPortrait UIInterfaceOrientationPortraitUpsideDown";
				IPHONEOS_DEPLOYMENT_TARGET = 17.0;
				LD_RUNPATH_SEARCH_PATHS = (
					"$(inherited)",
					"@executable_path/Frameworks",
				);
				MARKETING_VERSION = 1.0;
				PRODUCT_BUNDLE_IDENTIFIER = io.github.znak99.FirstStepToCareer;
				PRODUCT_NAME = "$(TARGET_NAME)";
				SUPPORTED_PLATFORMS = "iphoneos iphonesimulator";
				SUPPORTS_MACCATALYST = NO;
				SUPPORTS_MAC_DESIGNED_FOR_IPHONE_IPAD = NO;
				SUPPORTS_XR_DESIGNED_FOR_IPHONE_IPAD = NO;
				SWIFT_EMIT_LOC_STRINGS = YES;
				SWIFT_VERSION = 5.0;
				TARGETED_DEVICE_FAMILY = "1,2";
			};
			name = Release;
		};
/* End XCBuildConfiguration section */

/* Begin XCConfigurationList section */
		FB27244B2E50B3CF0092408E /* Build configuration list for PBXProject "FirstStepToCareer" */ = {
			isa = XCConfigurationList;
			buildConfigurations = (
				FB2724592E50B3D10092408E /* Debug */,
				FB27245A2E50B3D10092408E /* Release */,
			);
			defaultConfigurationIsVisible = 0;
			defaultConfigurationName = Release;
		};
		FB27245B2E50B3D10092408E /* Build configuration list for PBXNativeTarget "FirstStepToCareer" */ = {
			isa = XCConfigurationList;
			buildConfigurations = (
				FB27245C2E50B3D10092408E /* Debug */,
				FB27245D2E50B3D10092408E /* Release */,
			);
			defaultConfigurationIsVisible = 0;
			defaultConfigurationName = Release;
		};
/* End XCConfigurationList section */

/* Begin XCRemoteSwiftPackageReference section */
		FB1BED732E53743000041053 /* XCRemoteSwiftPackageReference "SwiftUI-Shimmer" */ = {
			isa = XCRemoteSwiftPackageReference;
			repositoryURL = "https://github.com/markiv/SwiftUI-Shimmer";
			requirement = {
				kind = upToNextMajorVersion;
				minimumVersion = 1.5.1;
			};
		};
		FB1BED822E54B21400041053 /* XCRemoteSwiftPackageReference "firebase-ios-sdk" */ = {
			isa = XCRemoteSwiftPackageReference;
			repositoryURL = "https://github.com/firebase/firebase-ios-sdk";
			requirement = {
				kind = upToNextMajorVersion;
				minimumVersion = 12.1.0;
			};
		};
		FB2BD6642E576B1800A790E6 /* XCRemoteSwiftPackageReference "lottie-ios" */ = {
			isa = XCRemoteSwiftPackageReference;
			repositoryURL = "https://github.com/airbnb/lottie-ios";
			requirement = {
				kind = upToNextMajorVersion;
				minimumVersion = 4.5.2;
			};
		};
/* End XCRemoteSwiftPackageReference section */

/* Begin XCSwiftPackageProductDependency section */
		FB1BED742E53743000041053 /* Shimmer */ = {
			isa = XCSwiftPackageProductDependency;
			package = FB1BED732E53743000041053 /* XCRemoteSwiftPackageReference "SwiftUI-Shimmer" */;
			productName = Shimmer;
		};
		FB1BED832E54B21400041053 /* FirebaseAuth */ = {
			isa = XCSwiftPackageProductDependency;
			package = FB1BED822E54B21400041053 /* XCRemoteSwiftPackageReference "firebase-ios-sdk" */;
			productName = FirebaseAuth;
		};
		FB1BED852E54B21400041053 /* FirebaseAuthCombine-Community */ = {
			isa = XCSwiftPackageProductDependency;
			package = FB1BED822E54B21400041053 /* XCRemoteSwiftPackageReference "firebase-ios-sdk" */;
			productName = "FirebaseAuthCombine-Community";
		};
		FB1BED872E54B21400041053 /* FirebaseFirestore */ = {
			isa = XCSwiftPackageProductDependency;
			package = FB1BED822E54B21400041053 /* XCRemoteSwiftPackageReference "firebase-ios-sdk" */;
			productName = FirebaseFirestore;
		};
		FB1BED892E54B21400041053 /* FirebaseFirestoreCombine-Community */ = {
			isa = XCSwiftPackageProductDependency;
			package = FB1BED822E54B21400041053 /* XCRemoteSwiftPackageReference "firebase-ios-sdk" */;
			productName = "FirebaseFirestoreCombine-Community";
		};
		FB2BD6652E576B1800A790E6 /* Lottie */ = {
			isa = XCSwiftPackageProductDependency;
			package = FB2BD6642E576B1800A790E6 /* XCRemoteSwiftPackageReference "lottie-ios" */;
			productName = Lottie;
		};
/* End XCSwiftPackageProductDependency section */
	};
	rootObject = FB2724482E50B3CF0092408E /* Project object */;
}
