// !$*UTF8*$!
{
	archiveVersion = 1;
	classes = {
	};
	objectVersion = 77;
	objects = {

/* Begin PBXBuildFile section */
		FB2724B42E50CFB90092408E /* FirstStepToCareerApp.swift in Sources */ = {isa = PBXBuildFile; fileRef = FB2724A52E50CFB90092408E /* FirstStepToCareerApp.swift */; };
		FB2724B52E50CFB90092408E /* Color+AppColors.swift in Sources */ = {isa = PBXBuildFile; fileRef = FB2724A72E50CFB90092408E /* Color+AppColors.swift */; };
		FB2724B62E50CFB90092408E /* AppPage.swift in Sources */ = {isa = PBXBuildFile; fileRef = FB2724A92E50CFB90092408E /* AppPage.swift */; };
		FB2724B72E50CFB90092408E /* AppTab.swift in Sources */ = {isa = PBXBuildFile; fileRef = FB2724AA2E50CFB90092408E /* AppTab.swift */; };
		FB2724B82E50CFB90092408E /* NavigationController.swift in Sources */ = {isa = PBXBuildFile; fileRef = FB2724AB2E50CFB90092408E /* NavigationController.swift */; };
		FB2724B92E50CFB90092408E /* CustomTabBarView.swift in Sources */ = {isa = PBXBuildFile; fileRef = FB2724AF2E50CFB90092408E /* CustomTabBarView.swift */; };
		FB2724BA2E50CFB90092408E /* RootView.swift in Sources */ = {isa = PBXBuildFile; fileRef = FB2724B02E50CFB90092408E /* RootView.swift */; };
		FB2724BB2E50CFB90092408E /* SplashView.swift in Sources */ = {isa = PBXBuildFile; fileRef = FB2724B12E50CFB90092408E /* SplashView.swift */; };
		FB2724BC2E50CFB90092408E /* Assets.xcassets in Resources */ = {isa = PBXBuildFile; fileRef = FB2724AD2E50CFB90092408E /* Assets.xcassets */; };
		FB2724C02E50DAAB0092408E /* InterviewTabView.swift in Sources */ = {isa = PBXBuildFile; fileRef = FB2724BF2E50DAAB0092408E /* InterviewTabView.swift */; };
		FB2724C22E50DAC20092408E /* CompanyListTabView.swift in Sources */ = {isa = PBXBuildFile; fileRef = FB2724C12E50DAC20092408E /* CompanyListTabView.swift */; };
		FB2724C42E50DAD40092408E /* ScheduleTabView.swift in Sources */ = {isa = PBXBuildFile; fileRef = FB2724C32E50DAD40092408E /* ScheduleTabView.swift */; };
		FB2724D42E50DC0D0092408E /* AnalysisTabView.swift in Sources */ = {isa = PBXBuildFile; fileRef = FB2724D32E50DC0D0092408E /* AnalysisTabView.swift */; };
		FB2724D62E50DC190092408E /* SettingsTabView.swift in Sources */ = {isa = PBXBuildFile; fileRef = FB2724D52E50DC190092408E /* SettingsTabView.swift */; };
		FB2724E22E50E5200092408E /* NotoSansJP-Regular.ttf in Resources */ = {isa = PBXBuildFile; fileRef = FB2724DF2E50E5200092408E /* NotoSansJP-Regular.ttf */; };
		FB2724E32E50E5200092408E /* NotoSansJP-Bold.ttf in Resources */ = {isa = PBXBuildFile; fileRef = FB2724DA2E50E5200092408E /* NotoSansJP-Bold.ttf */; };
		FB2724E42E50E5200092408E /* NotoSansJP-ExtraBold.ttf in Resources */ = {isa = PBXBuildFile; fileRef = FB2724DB2E50E5200092408E /* NotoSansJP-ExtraBold.ttf */; };
		FB2724E52E50E5200092408E /* NotoSansJP-Black.ttf in Resources */ = {isa = PBXBuildFile; fileRef = FB2724D92E50E5200092408E /* NotoSansJP-Black.ttf */; };
		FB2724E62E50E5200092408E /* NotoSansJP-SemiBold.ttf in Resources */ = {isa = PBXBuildFile; fileRef = FB2724E02E50E5200092408E /* NotoSansJP-SemiBold.ttf */; };
		FB2724E72E50E5200092408E /* NotoSansJP-Light.ttf in Resources */ = {isa = PBXBuildFile; fileRef = FB2724DD2E50E5200092408E /* NotoSansJP-Light.ttf */; };
		FB2724E82E50E5200092408E /* NotoSansJP-Medium.ttf in Resources */ = {isa = PBXBuildFile; fileRef = FB2724DE2E50E5200092408E /* NotoSansJP-Medium.ttf */; };
		FB2724E92E50E5200092408E /* NotoSansJP-Thin.ttf in Resources */ = {isa = PBXBuildFile; fileRef = FB2724E12E50E5200092408E /* NotoSansJP-Thin.ttf */; };
		FB2724EA2E50E5200092408E /* NotoSansJP-ExtraLight.ttf in Resources */ = {isa = PBXBuildFile; fileRef = FB2724DC2E50E5200092408E /* NotoSansJP-ExtraLight.ttf */; };
		FB2724ED2E50E5DA0092408E /* Font+AppFonts.swift in Sources */ = {isa = PBXBuildFile; fileRef = FB2724EC2E50E5DA0092408E /* Font+AppFonts.swift */; };
		FB2724EF2E50EE960092408E /* AppConstants.swift in Sources */ = {isa = PBXBuildFile; fileRef = FB2724EE2E50EE960092408E /* AppConstants.swift */; };
		FB2724F12E50F6720092408E /* SampleView.swift in Sources */ = {isa = PBXBuildFile; fileRef = FB2724F02E50F6720092408E /* SampleView.swift */; };
		FB2724F72E50F9050092408E /* CircleLineShape.swift in Sources */ = {isa = PBXBuildFile; fileRef = FB2724F62E50F9050092408E /* CircleLineShape.swift */; };
/* End PBXBuildFile section */

/* Begin PBXFileReference section */
		FB2724502E50B3CF0092408E /* FirstStepToCareer.app */ = {isa = PBXFileReference; explicitFileType = wrapper.application; includeInIndex = 0; path = FirstStepToCareer.app; sourceTree = BUILT_PRODUCTS_DIR; };
		FB2724A52E50CFB90092408E /* FirstStepToCareerApp.swift */ = {isa = PBXFileReference; lastKnownFileType = sourcecode.swift; path = FirstStepToCareerApp.swift; sourceTree = "<group>"; };
		FB2724A72E50CFB90092408E /* Color+AppColors.swift */ = {isa = PBXFileReference; lastKnownFileType = sourcecode.swift; path = "Color+AppColors.swift"; sourceTree = "<group>"; };
		FB2724A92E50CFB90092408E /* AppPage.swift */ = {isa = PBXFileReference; lastKnownFileType = sourcecode.swift; path = AppPage.swift; sourceTree = "<group>"; };
		FB2724AA2E50CFB90092408E /* AppTab.swift */ = {isa = PBXFileReference; lastKnownFileType = sourcecode.swift; path = AppTab.swift; sourceTree = "<group>"; };
		FB2724AB2E50CFB90092408E /* NavigationController.swift */ = {isa = PBXFileReference; lastKnownFileType = sourcecode.swift; path = NavigationController.swift; sourceTree = "<group>"; };
		FB2724AD2E50CFB90092408E /* Assets.xcassets */ = {isa = PBXFileReference; lastKnownFileType = folder.assetcatalog; path = Assets.xcassets; sourceTree = "<group>"; };
		FB2724AF2E50CFB90092408E /* CustomTabBarView.swift */ = {isa = PBXFileReference; lastKnownFileType = sourcecode.swift; path = CustomTabBarView.swift; sourceTree = "<group>"; };
		FB2724B02E50CFB90092408E /* RootView.swift */ = {isa = PBXFileReference; lastKnownFileType = sourcecode.swift; path = RootView.swift; sourceTree = "<group>"; };
		FB2724B12E50CFB90092408E /* SplashView.swift */ = {isa = PBXFileReference; lastKnownFileType = sourcecode.swift; path = SplashView.swift; sourceTree = "<group>"; };
		FB2724BF2E50DAAB0092408E /* InterviewTabView.swift */ = {isa = PBXFileReference; lastKnownFileType = sourcecode.swift; path = InterviewTabView.swift; sourceTree = "<group>"; };
		FB2724C12E50DAC20092408E /* CompanyListTabView.swift */ = {isa = PBXFileReference; lastKnownFileType = sourcecode.swift; path = CompanyListTabView.swift; sourceTree = "<group>"; };
		FB2724C32E50DAD40092408E /* ScheduleTabView.swift */ = {isa = PBXFileReference; lastKnownFileType = sourcecode.swift; path = ScheduleTabView.swift; sourceTree = "<group>"; };
		FB2724D32E50DC0D0092408E /* AnalysisTabView.swift */ = {isa = PBXFileReference; lastKnownFileType = sourcecode.swift; path = AnalysisTabView.swift; sourceTree = "<group>"; };
		FB2724D52E50DC190092408E /* SettingsTabView.swift */ = {isa = PBXFileReference; lastKnownFileType = sourcecode.swift; path = SettingsTabView.swift; sourceTree = "<group>"; };
		FB2724D92E50E5200092408E /* NotoSansJP-Black.ttf */ = {isa = PBXFileReference; lastKnownFileType = file; path = "NotoSansJP-Black.ttf"; sourceTree = "<group>"; };
		FB2724DA2E50E5200092408E /* NotoSansJP-Bold.ttf */ = {isa = PBXFileReference; lastKnownFileType = file; path = "NotoSansJP-Bold.ttf"; sourceTree = "<group>"; };
		FB2724DB2E50E5200092408E /* NotoSansJP-ExtraBold.ttf */ = {isa = PBXFileReference; lastKnownFileType = file; path = "NotoSansJP-ExtraBold.ttf"; sourceTree = "<group>"; };
		FB2724DC2E50E5200092408E /* NotoSansJP-ExtraLight.ttf */ = {isa = PBXFileReference; lastKnownFileType = file; path = "NotoSansJP-ExtraLight.ttf"; sourceTree = "<group>"; };
		FB2724DD2E50E5200092408E /* NotoSansJP-Light.ttf */ = {isa = PBXFileReference; lastKnownFileType = file; path = "NotoSansJP-Light.ttf"; sourceTree = "<group>"; };
		FB2724DE2E50E5200092408E /* NotoSansJP-Medium.ttf */ = {isa = PBXFileReference; lastKnownFileType = file; path = "NotoSansJP-Medium.ttf"; sourceTree = "<group>"; };
		FB2724DF2E50E5200092408E /* NotoSansJP-Regular.ttf */ = {isa = PBXFileReference; lastKnownFileType = file; path = "NotoSansJP-Regular.ttf"; sourceTree = "<group>"; };
		FB2724E02E50E5200092408E /* NotoSansJP-SemiBold.ttf */ = {isa = PBXFileReference; lastKnownFileType = file; path = "NotoSansJP-SemiBold.ttf"; sourceTree = "<group>"; };
		FB2724E12E50E5200092408E /* NotoSansJP-Thin.ttf */ = {isa = PBXFileReference; lastKnownFileType = file; path = "NotoSansJP-Thin.ttf"; sourceTree = "<group>"; };
		FB2724EB2E50E5330092408E /* Info.plist */ = {isa = PBXFileReference; lastKnownFileType = text.plist; path = Info.plist; sourceTree = "<group>"; };
		FB2724EC2E50E5DA0092408E /* Font+AppFonts.swift */ = {isa = PBXFileReference; lastKnownFileType = sourcecode.swift; path = "Font+AppFonts.swift"; sourceTree = "<group>"; };
		FB2724EE2E50EE960092408E /* AppConstants.swift */ = {isa = PBXFileReference; lastKnownFileType = sourcecode.swift; path = AppConstants.swift; sourceTree = "<group>"; };
		FB2724F02E50F6720092408E /* SampleView.swift */ = {isa = PBXFileReference; lastKnownFileType = sourcecode.swift; path = SampleView.swift; sourceTree = "<group>"; };
		FB2724F62E50F9050092408E /* CircleLineShape.swift */ = {isa = PBXFileReference; lastKnownFileType = sourcecode.swift; path = CircleLineShape.swift; sourceTree = "<group>"; };
/* End PBXFileReference section */

/* Begin PBXFrameworksBuildPhase section */
		FB27244D2E50B3CF0092408E /* Frameworks */ = {
			isa = PBXFrameworksBuildPhase;
			buildActionMask = 2147483647;
			files = (
			);
			runOnlyForDeploymentPostprocessing = 0;
		};
/* End PBXFrameworksBuildPhase section */

/* Begin PBXGroup section */
		FB2724472E50B3CF0092408E = {
			isa = PBXGroup;
			children = (
				FB2724B32E50CFB90092408E /* FirstStepToCareer */,
				FB2724512E50B3CF0092408E /* Products */,
			);
			sourceTree = "<group>";
		};
		FB2724512E50B3CF0092408E /* Products */ = {
			isa = PBXGroup;
			children = (
				FB2724502E50B3CF0092408E /* FirstStepToCareer.app */,
			);
			name = Products;
			sourceTree = "<group>";
		};
		FB2724A62E50CFB90092408E /* App */ = {
			isa = PBXGroup;
			children = (
				FB2724A52E50CFB90092408E /* FirstStepToCareerApp.swift */,
				FB2724EE2E50EE960092408E /* AppConstants.swift */,
			);
			path = App;
			sourceTree = "<group>";
		};
		FB2724A82E50CFB90092408E /* Extension */ = {
			isa = PBXGroup;
			children = (
				FB2724A72E50CFB90092408E /* Color+AppColors.swift */,
				FB2724EC2E50E5DA0092408E /* Font+AppFonts.swift */,
			);
			path = Extension;
			sourceTree = "<group>";
		};
		FB2724AC2E50CFB90092408E /* Model */ = {
			isa = PBXGroup;
			children = (
				FB2724A92E50CFB90092408E /* AppPage.swift */,
				FB2724AA2E50CFB90092408E /* AppTab.swift */,
				FB2724AB2E50CFB90092408E /* NavigationController.swift */,
			);
			path = Model;
			sourceTree = "<group>";
		};
		FB2724AE2E50CFB90092408E /* Resource */ = {
			isa = PBXGroup;
			children = (
				FB2724D82E50E51E0092408E /* Fonts */,
				FB2724AD2E50CFB90092408E /* Assets.xcassets */,
			);
			path = Resource;
			sourceTree = "<group>";
		};
		FB2724B22E50CFB90092408E /* View */ = {
			isa = PBXGroup;
			children = (
				FB2724CE2E50DB970092408E /* Root */,
				FB2724D12E50DB970092408E /* TabBar */,
				FB2724CD2E50DB970092408E /* Interview */,
				FB2724D22E50DB970092408E /* CompanyList */,
				FB2724CF2E50DB970092408E /* Schedule */,
				FB2724CC2E50DB970092408E /* Analysis */,
				FB2724D02E50DB970092408E /* Settings */,
				FB2724F32E50F8C90092408E /* Component */,
			);
			path = View;
			sourceTree = "<group>";
		};
		FB2724B32E50CFB90092408E /* FirstStepToCareer */ = {
			isa = PBXGroup;
			children = (
				FB2724EB2E50E5330092408E /* Info.plist */,
				FB2724A62E50CFB90092408E /* App */,
				FB2724AC2E50CFB90092408E /* Model */,
				FB2724B22E50CFB90092408E /* View */,
				FB2724BE2E50CFCD0092408E /* ViewModel */,
				FB2724A82E50CFB90092408E /* Extension */,
				FB2724AE2E50CFB90092408E /* Resource */,
				FB2724F02E50F6720092408E /* SampleView.swift */,
			);
			path = FirstStepToCareer;
			sourceTree = "<group>";
		};
		FB2724BE2E50CFCD0092408E /* ViewModel */ = {
			isa = PBXGroup;
			children = (
			);
			path = ViewModel;
			sourceTree = "<group>";
		};
		FB2724CC2E50DB970092408E /* Analysis */ = {
			isa = PBXGroup;
			children = (
				FB2724D32E50DC0D0092408E /* AnalysisTabView.swift */,
			);
			path = Analysis;
			sourceTree = "<group>";
		};
		FB2724CD2E50DB970092408E /* Interview */ = {
			isa = PBXGroup;
			children = (
				FB2724BF2E50DAAB0092408E /* InterviewTabView.swift */,
			);
			path = Interview;
			sourceTree = "<group>";
		};
		FB2724CE2E50DB970092408E /* Root */ = {
			isa = PBXGroup;
			children = (
				FB2724B02E50CFB90092408E /* RootView.swift */,
				FB2724B12E50CFB90092408E /* SplashView.swift */,
			);
			path = Root;
			sourceTree = "<group>";
		};
		FB2724CF2E50DB970092408E /* Schedule */ = {
			isa = PBXGroup;
			children = (
				FB2724C32E50DAD40092408E /* ScheduleTabView.swift */,
			);
			path = Schedule;
			sourceTree = "<group>";
		};
		FB2724D02E50DB970092408E /* Settings */ = {
			isa = PBXGroup;
			children = (
				FB2724D52E50DC190092408E /* SettingsTabView.swift */,
			);
			path = Settings;
			sourceTree = "<group>";
		};
		FB2724D12E50DB970092408E /* TabBar */ = {
			isa = PBXGroup;
			children = (
				FB2724AF2E50CFB90092408E /* CustomTabBarView.swift */,
			);
			path = TabBar;
			sourceTree = "<group>";
		};
		FB2724D22E50DB970092408E /* CompanyList */ = {
			isa = PBXGroup;
			children = (
				FB2724C12E50DAC20092408E /* CompanyListTabView.swift */,
			);
			path = CompanyList;
			sourceTree = "<group>";
		};
		FB2724D82E50E51E0092408E /* Fonts */ = {
			isa = PBXGroup;
			children = (
				FB2724D92E50E5200092408E /* NotoSansJP-Black.ttf */,
				FB2724DA2E50E5200092408E /* NotoSansJP-Bold.ttf */,
				FB2724DB2E50E5200092408E /* NotoSansJP-ExtraBold.ttf */,
				FB2724DC2E50E5200092408E /* NotoSansJP-ExtraLight.ttf */,
				FB2724DD2E50E5200092408E /* NotoSansJP-Light.ttf */,
				FB2724DE2E50E5200092408E /* NotoSansJP-Medium.ttf */,
				FB2724DF2E50E5200092408E /* NotoSansJP-Regular.ttf */,
				FB2724E02E50E5200092408E /* NotoSansJP-SemiBold.ttf */,
				FB2724E12E50E5200092408E /* NotoSansJP-Thin.ttf */,
			);
			path = Fonts;
			sourceTree = "<group>";
		};
		FB2724F32E50F8C90092408E /* Component */ = {
			isa = PBXGroup;
			children = (
				FB2724F62E50F9050092408E /* CircleLineShape.swift */,
			);
			path = Component;
			sourceTree = "<group>";
		};
/* End PBXGroup section */

/* Begin PBXNativeTarget section */
		FB27244F2E50B3CF0092408E /* FirstStepToCareer */ = {
			isa = PBXNativeTarget;
			buildConfigurationList = FB27245B2E50B3D10092408E /* Build configuration list for PBXNativeTarget "FirstStepToCareer" */;
			buildPhases = (
				FB27244C2E50B3CF0092408E /* Sources */,
				FB27244D2E50B3CF0092408E /* Frameworks */,
				FB27244E2E50B3CF0092408E /* Resources */,
			);
			buildRules = (
			);
			dependencies = (
			);
			name = FirstStepToCareer;
			packageProductDependencies = (
			);
			productName = FirstStepToCareer;
			productReference = FB2724502E50B3CF0092408E /* FirstStepToCareer.app */;
			productType = "com.apple.product-type.application";
		};
/* End PBXNativeTarget section */

/* Begin PBXProject section */
		FB2724482E50B3CF0092408E /* Project object */ = {
			isa = PBXProject;
			attributes = {
				BuildIndependentTargetsInParallel = 1;
				LastSwiftUpdateCheck = 1640;
				LastUpgradeCheck = 1640;
				TargetAttributes = {
					FB27244F2E50B3CF0092408E = {
						CreatedOnToolsVersion = 16.4;
					};
				};
			};
			buildConfigurationList = FB27244B2E50B3CF0092408E /* Build configuration list for PBXProject "FirstStepToCareer" */;
			developmentRegion = en;
			hasScannedForEncodings = 0;
			knownRegions = (
				en,
				Base,
			);
			mainGroup = FB2724472E50B3CF0092408E;
			minimizedProjectReferenceProxies = 1;
			preferredProjectObjectVersion = 77;
			productRefGroup = FB2724512E50B3CF0092408E /* Products */;
			projectDirPath = "";
			projectRoot = "";
			targets = (
				FB27244F2E50B3CF0092408E /* FirstStepToCareer */,
			);
		};
/* End PBXProject section */

/* Begin PBXResourcesBuildPhase section */
		FB27244E2E50B3CF0092408E /* Resources */ = {
			isa = PBXResourcesBuildPhase;
			buildActionMask = 2147483647;
			files = (
				FB2724BC2E50CFB90092408E /* Assets.xcassets in Resources */,
				FB2724E22E50E5200092408E /* NotoSansJP-Regular.ttf in Resources */,
				FB2724E32E50E5200092408E /* NotoSansJP-Bold.ttf in Resources */,
				FB2724E42E50E5200092408E /* NotoSansJP-ExtraBold.ttf in Resources */,
				FB2724E52E50E5200092408E /* NotoSansJP-Black.ttf in Resources */,
				FB2724E62E50E5200092408E /* NotoSansJP-SemiBold.ttf in Resources */,
				FB2724E72E50E5200092408E /* NotoSansJP-Light.ttf in Resources */,
				FB2724E82E50E5200092408E /* NotoSansJP-Medium.ttf in Resources */,
				FB2724E92E50E5200092408E /* NotoSansJP-Thin.ttf in Resources */,
				FB2724EA2E50E5200092408E /* NotoSansJP-ExtraLight.ttf in Resources */,
			);
			runOnlyForDeploymentPostprocessing = 0;
		};
/* End PBXResourcesBuildPhase section */

/* Begin PBXSourcesBuildPhase section */
		FB27244C2E50B3CF0092408E /* Sources */ = {
			isa = PBXSourcesBuildPhase;
			buildActionMask = 2147483647;
			files = (
				FB2724B42E50CFB90092408E /* FirstStepToCareerApp.swift in Sources */,
				FB2724B52E50CFB90092408E /* Color+AppColors.swift in Sources */,
				FB2724D42E50DC0D0092408E /* AnalysisTabView.swift in Sources */,
				FB2724ED2E50E5DA0092408E /* Font+AppFonts.swift in Sources */,
				FB2724EF2E50EE960092408E /* AppConstants.swift in Sources */,
				FB2724C42E50DAD40092408E /* ScheduleTabView.swift in Sources */,
				FB2724C22E50DAC20092408E /* CompanyListTabView.swift in Sources */,
				FB2724B62E50CFB90092408E /* AppPage.swift in Sources */,
				FB2724F12E50F6720092408E /* SampleView.swift in Sources */,
				FB2724C02E50DAAB0092408E /* InterviewTabView.swift in Sources */,
				FB2724F72E50F9050092408E /* CircleLineShape.swift in Sources */,
				FB2724B72E50CFB90092408E /* AppTab.swift in Sources */,
				FB2724B82E50CFB90092408E /* NavigationController.swift in Sources */,
				FB2724D62E50DC190092408E /* SettingsTabView.swift in Sources */,
				FB2724B92E50CFB90092408E /* CustomTabBarView.swift in Sources */,
				FB2724BA2E50CFB90092408E /* RootView.swift in Sources */,
				FB2724BB2E50CFB90092408E /* SplashView.swift in Sources */,
			);
			runOnlyForDeploymentPostprocessing = 0;
		};
/* End PBXSourcesBuildPhase section */

/* Begin XCBuildConfiguration section */
		FB2724592E50B3D10092408E /* Debug */ = {
			isa = XCBuildConfiguration;
			buildSettings = {
				ALWAYS_SEARCH_USER_PATHS = NO;
				ASSETCATALOG_COMPILER_GENERATE_SWIFT_ASSET_SYMBOL_EXTENSIONS = YES;
				CLANG_ANALYZER_NONNULL = YES;
				CLANG_ANALYZER_NUMBER_OBJECT_CONVERSION = YES_AGGRESSIVE;
				CLANG_CXX_LANGUAGE_STANDARD = "gnu++20";
				CLANG_ENABLE_MODULES = YES;
				CLANG_ENABLE_OBJC_ARC = YES;
				CLANG_ENABLE_OBJC_WEAK = YES;
				CLANG_WARN_BLOCK_CAPTURE_AUTORELEASING = YES;
				CLANG_WARN_BOOL_CONVERSION = YES;
				CLANG_WARN_COMMA = YES;
				CLANG_WARN_CONSTANT_CONVERSION = YES;
				CLANG_WARN_DEPRECATED_OBJC_IMPLEMENTATIONS = YES;
				CLANG_WARN_DIRECT_OBJC_ISA_USAGE = YES_ERROR;
				CLANG_WARN_DOCUMENTATION_COMMENTS = YES;
				CLANG_WARN_EMPTY_BODY = YES;
				CLANG_WARN_ENUM_CONVERSION = YES;
				CLANG_WARN_INFINITE_RECURSION = YES;
				CLANG_WARN_INT_CONVERSION = YES;
				CLANG_WARN_NON_LITERAL_NULL_CONVERSION = YES;
				CLANG_WARN_OBJC_IMPLICIT_RETAIN_SELF = YES;
				CLANG_WARN_OBJC_LITERAL_CONVERSION = YES;
				CLANG_WARN_OBJC_ROOT_CLASS = YES_ERROR;
				CLANG_WARN_QUOTED_INCLUDE_IN_FRAMEWORK_HEADER = YES;
				CLANG_WARN_RANGE_LOOP_ANALYSIS = YES;
				CLANG_WARN_STRICT_PROTOTYPES = YES;
				CLANG_WARN_SUSPICIOUS_MOVE = YES;
				CLANG_WARN_UNGUARDED_AVAILABILITY = YES_AGGRESSIVE;
				CLANG_WARN_UNREACHABLE_CODE = YES;
				CLANG_WARN__DUPLICATE_METHOD_MATCH = YES;
				COPY_PHASE_STRIP = NO;
				DEBUG_INFORMATION_FORMAT = dwarf;
				DEVELOPMENT_TEAM = SHUGXU55KP;
				ENABLE_STRICT_OBJC_MSGSEND = YES;
				ENABLE_TESTABILITY = YES;
				ENABLE_USER_SCRIPT_SANDBOXING = YES;
				GCC_C_LANGUAGE_STANDARD = gnu17;
				GCC_DYNAMIC_NO_PIC = NO;
				GCC_NO_COMMON_BLOCKS = YES;
				GCC_OPTIMIZATION_LEVEL = 0;
				GCC_PREPROCESSOR_DEFINITIONS = (
					"DEBUG=1",
					"$(inherited)",
				);
				GCC_WARN_64_TO_32_BIT_CONVERSION = YES;
				GCC_WARN_ABOUT_RETURN_TYPE = YES_ERROR;
				GCC_WARN_UNDECLARED_SELECTOR = YES;
				GCC_WARN_UNINITIALIZED_AUTOS = YES_AGGRESSIVE;
				GCC_WARN_UNUSED_FUNCTION = YES;
				GCC_WARN_UNUSED_VARIABLE = YES;
				IPHONEOS_DEPLOYMENT_TARGET = 18.5;
				LOCALIZATION_PREFERS_STRING_CATALOGS = YES;
				MTL_ENABLE_DEBUG_INFO = INCLUDE_SOURCE;
				MTL_FAST_MATH = YES;
				ONLY_ACTIVE_ARCH = YES;
				SDKROOT = iphoneos;
				SWIFT_ACTIVE_COMPILATION_CONDITIONS = "DEBUG $(inherited)";
				SWIFT_OPTIMIZATION_LEVEL = "-Onone";
			};
			name = Debug;
		};
		FB27245A2E50B3D10092408E /* Release */ = {
			isa = XCBuildConfiguration;
			buildSettings = {
				ALWAYS_SEARCH_USER_PATHS = NO;
				ASSETCATALOG_COMPILER_GENERATE_SWIFT_ASSET_SYMBOL_EXTENSIONS = YES;
				CLANG_ANALYZER_NONNULL = YES;
				CLANG_ANALYZER_NUMBER_OBJECT_CONVERSION = YES_AGGRESSIVE;
				CLANG_CXX_LANGUAGE_STANDARD = "gnu++20";
				CLANG_ENABLE_MODULES = YES;
				CLANG_ENABLE_OBJC_ARC = YES;
				CLANG_ENABLE_OBJC_WEAK = YES;
				CLANG_WARN_BLOCK_CAPTURE_AUTORELEASING = YES;
				CLANG_WARN_BOOL_CONVERSION = YES;
				CLANG_WARN_COMMA = YES;
				CLANG_WARN_CONSTANT_CONVERSION = YES;
				CLANG_WARN_DEPRECATED_OBJC_IMPLEMENTATIONS = YES;
				CLANG_WARN_DIRECT_OBJC_ISA_USAGE = YES_ERROR;
				CLANG_WARN_DOCUMENTATION_COMMENTS = YES;
				CLANG_WARN_EMPTY_BODY = YES;
				CLANG_WARN_ENUM_CONVERSION = YES;
				CLANG_WARN_INFINITE_RECURSION = YES;
				CLANG_WARN_INT_CONVERSION = YES;
				CLANG_WARN_NON_LITERAL_NULL_CONVERSION = YES;
				CLANG_WARN_OBJC_IMPLICIT_RETAIN_SELF = YES;
				CLANG_WARN_OBJC_LITERAL_CONVERSION = YES;
				CLANG_WARN_OBJC_ROOT_CLASS = YES_ERROR;
				CLANG_WARN_QUOTED_INCLUDE_IN_FRAMEWORK_HEADER = YES;
				CLANG_WARN_RANGE_LOOP_ANALYSIS = YES;
				CLANG_WARN_STRICT_PROTOTYPES = YES;
				CLANG_WARN_SUSPICIOUS_MOVE = YES;
				CLANG_WARN_UNGUARDED_AVAILABILITY = YES_AGGRESSIVE;
				CLANG_WARN_UNREACHABLE_CODE = YES;
				CLANG_WARN__DUPLICATE_METHOD_MATCH = YES;
				COPY_PHASE_STRIP = NO;
				DEBUG_INFORMATION_FORMAT = "dwarf-with-dsym";
				DEVELOPMENT_TEAM = SHUGXU55KP;
				ENABLE_NS_ASSERTIONS = NO;
				ENABLE_STRICT_OBJC_MSGSEND = YES;
				ENABLE_USER_SCRIPT_SANDBOXING = YES;
				GCC_C_LANGUAGE_STANDARD = gnu17;
				GCC_NO_COMMON_BLOCKS = YES;
				GCC_WARN_64_TO_32_BIT_CONVERSION = YES;
				GCC_WARN_ABOUT_RETURN_TYPE = YES_ERROR;
				GCC_WARN_UNDECLARED_SELECTOR = YES;
				GCC_WARN_UNINITIALIZED_AUTOS = YES_AGGRESSIVE;
				GCC_WARN_UNUSED_FUNCTION = YES;
				GCC_WARN_UNUSED_VARIABLE = YES;
				IPHONEOS_DEPLOYMENT_TARGET = 18.5;
				LOCALIZATION_PREFERS_STRING_CATALOGS = YES;
				MTL_ENABLE_DEBUG_INFO = NO;
				MTL_FAST_MATH = YES;
				SDKROOT = iphoneos;
				SWIFT_COMPILATION_MODE = wholemodule;
				VALIDATE_PRODUCT = YES;
			};
			name = Release;
		};
		FB27245C2E50B3D10092408E /* Debug */ = {
			isa = XCBuildConfiguration;
			buildSettings = {
				ASSETCATALOG_COMPILER_APPICON_NAME = AppIcon;
				ASSETCATALOG_COMPILER_GLOBAL_ACCENT_COLOR_NAME = AccentColor;
				CODE_SIGN_STYLE = Automatic;
				CURRENT_PROJECT_VERSION = 1;
				DEVELOPMENT_TEAM = SHUGXU55KP;
				ENABLE_PREVIEWS = YES;
				GENERATE_INFOPLIST_FILE = YES;
				INFOPLIST_FILE = FirstStepToCareer/Info.plist;
				INFOPLIST_KEY_UIApplicationSceneManifest_Generation = YES;
				INFOPLIST_KEY_UIApplicationSupportsIndirectInputEvents = YES;
				INFOPLIST_KEY_UILaunchScreen_Generation = YES;
				INFOPLIST_KEY_UISupportedInterfaceOrientations_iPad = "UIInterfaceOrientationPortrait UIInterfaceOrientationPortraitUpsideDown UIInterfaceOrientationLandscapeLeft UIInterfaceOrientationLandscapeRight";
				INFOPLIST_KEY_UISupportedInterfaceOrientations_iPhone = "UIInterfaceOrientationPortrait UIInterfaceOrientationLandscapeLeft UIInterfaceOrientationLandscapeRight";
				LD_RUNPATH_SEARCH_PATHS = (
					"$(inherited)",
					"@executable_path/Frameworks",
				);
				MARKETING_VERSION = 1.0;
				PRODUCT_BUNDLE_IDENTIFIER = io.github.znak99.FirstStepToCareer;
				PRODUCT_NAME = "$(TARGET_NAME)";
				SWIFT_EMIT_LOC_STRINGS = YES;
				SWIFT_VERSION = 5.0;
				TARGETED_DEVICE_FAMILY = "1,2";
			};
			name = Debug;
		};
		FB27245D2E50B3D10092408E /* Release */ = {
			isa = XCBuildConfiguration;
			buildSettings = {
				ASSETCATALOG_COMPILER_APPICON_NAME = AppIcon;
				ASSETCATALOG_COMPILER_GLOBAL_ACCENT_COLOR_NAME = AccentColor;
				CODE_SIGN_STYLE = Automatic;
				CURRENT_PROJECT_VERSION = 1;
				DEVELOPMENT_TEAM = SHUGXU55KP;
				ENABLE_PREVIEWS = YES;
				GENERATE_INFOPLIST_FILE = YES;
				INFOPLIST_FILE = FirstStepToCareer/Info.plist;
				INFOPLIST_KEY_UIApplicationSceneManifest_Generation = YES;
				INFOPLIST_KEY_UIApplicationSupportsIndirectInputEvents = YES;
				INFOPLIST_KEY_UILaunchScreen_Generation = YES;
				INFOPLIST_KEY_UISupportedInterfaceOrientations_iPad = "UIInterfaceOrientationPortrait UIInterfaceOrientationPortraitUpsideDown UIInterfaceOrientationLandscapeLeft UIInterfaceOrientationLandscapeRight";
				INFOPLIST_KEY_UISupportedInterfaceOrientations_iPhone = "UIInterfaceOrientationPortrait UIInterfaceOrientationLandscapeLeft UIInterfaceOrientationLandscapeRight";
				LD_RUNPATH_SEARCH_PATHS = (
					"$(inherited)",
					"@executable_path/Frameworks",
				);
				MARKETING_VERSION = 1.0;
				PRODUCT_BUNDLE_IDENTIFIER = io.github.znak99.FirstStepToCareer;
				PRODUCT_NAME = "$(TARGET_NAME)";
				SWIFT_EMIT_LOC_STRINGS = YES;
				SWIFT_VERSION = 5.0;
				TARGETED_DEVICE_FAMILY = "1,2";
			};
			name = Release;
		};
/* End XCBuildConfiguration section */

/* Begin XCConfigurationList section */
		FB27244B2E50B3CF0092408E /* Build configuration list for PBXProject "FirstStepToCareer" */ = {
			isa = XCConfigurationList;
			buildConfigurations = (
				FB2724592E50B3D10092408E /* Debug */,
				FB27245A2E50B3D10092408E /* Release */,
			);
			defaultConfigurationIsVisible = 0;
			defaultConfigurationName = Release;
		};
		FB27245B2E50B3D10092408E /* Build configuration list for PBXNativeTarget "FirstStepToCareer" */ = {
			isa = XCConfigurationList;
			buildConfigurations = (
				FB27245C2E50B3D10092408E /* Debug */,
				FB27245D2E50B3D10092408E /* Release */,
			);
			defaultConfigurationIsVisible = 0;
			defaultConfigurationName = Release;
		};
/* End XCConfigurationList section */
	};
	rootObject = FB2724482E50B3CF0092408E /* Project object */;
}
